// !$*UTF8*$!
{
	archiveVersion = 1;
	classes = {
	};
	objectVersion = 56;
	objects = {

/* Begin PBXBuildFile section */
		343DD87929E7A1220078876B /* AdminFullscreenView.swift in Sources */ = {isa = PBXBuildFile; fileRef = 343DD87829E7A1220078876B /* AdminFullscreenView.swift */; };
		343DD87C29E8377C0078876B /* ImagePicker.swift in Sources */ = {isa = PBXBuildFile; fileRef = 343DD87B29E8377C0078876B /* ImagePicker.swift */; };
		3465597D29C72A40005A3C17 /* Metin2HanesiAdminPanelApp.swift in Sources */ = {isa = PBXBuildFile; fileRef = 3465597C29C72A40005A3C17 /* Metin2HanesiAdminPanelApp.swift */; };
		3465597F29C72A40005A3C17 /* AdminView.swift in Sources */ = {isa = PBXBuildFile; fileRef = 3465597E29C72A40005A3C17 /* AdminView.swift */; };
		3465598129C72A42005A3C17 /* Assets.xcassets in Resources */ = {isa = PBXBuildFile; fileRef = 3465598029C72A42005A3C17 /* Assets.xcassets */; };
		3465598429C72A42005A3C17 /* Preview Assets.xcassets in Resources */ = {isa = PBXBuildFile; fileRef = 3465598329C72A42005A3C17 /* Preview Assets.xcassets */; };
		3465599129C72B98005A3C17 /* Colorments.swift in Sources */ = {isa = PBXBuildFile; fileRef = 3465599029C72B98005A3C17 /* Colorments.swift */; };
		3465599529C72D1E005A3C17 /* FirebaseFirestore in Frameworks */ = {isa = PBXBuildFile; productRef = 3465599429C72D1E005A3C17 /* FirebaseFirestore */; };
		3465599729C72D1E005A3C17 /* FirebaseFirestoreSwift in Frameworks */ = {isa = PBXBuildFile; productRef = 3465599629C72D1E005A3C17 /* FirebaseFirestoreSwift */; };
		3465599929C72D1E005A3C17 /* FirebaseStorage in Frameworks */ = {isa = PBXBuildFile; productRef = 3465599829C72D1E005A3C17 /* FirebaseStorage */; };
		3465599C29C72DAE005A3C17 /* ImageUploader.swift in Sources */ = {isa = PBXBuildFile; fileRef = 3465599B29C72DAE005A3C17 /* ImageUploader.swift */; };
		3465599E29C72DD7005A3C17 /* Constant.swift in Sources */ = {isa = PBXBuildFile; fileRef = 3465599D29C72DD7005A3C17 /* Constant.swift */; };
		346559A029C72EBD005A3C17 /* DataSetter.swift in Sources */ = {isa = PBXBuildFile; fileRef = 3465599F29C72EBD005A3C17 /* DataSetter.swift */; };
		346559A429C7505C005A3C17 /* GoogleService-Info.plist in Resources */ = {isa = PBXBuildFile; fileRef = 346559A329C7505C005A3C17 /* GoogleService-Info.plist */; };
		346559A629C751D1005A3C17 /* AdminViewModel.swift in Sources */ = {isa = PBXBuildFile; fileRef = 346559A529C751D1005A3C17 /* AdminViewModel.swift */; };
		346559A829C751F5005A3C17 /* AddDataServerModel.swift in Sources */ = {isa = PBXBuildFile; fileRef = 346559A729C751F5005A3C17 /* AddDataServerModel.swift */; };
		346559AE29C7535E005A3C17 /* NewViewButton.swift in Sources */ = {isa = PBXBuildFile; fileRef = 346559AD29C7535E005A3C17 /* NewViewButton.swift */; };
		349889FF29CACABB0087F9D7 /* AdminViewHeader.swift in Sources */ = {isa = PBXBuildFile; fileRef = 349889FE29CACABB0087F9D7 /* AdminViewHeader.swift */; };
		34988A0229CB12B10087F9D7 /* AddDataTextfield.swift in Sources */ = {isa = PBXBuildFile; fileRef = 34988A0129CB12B10087F9D7 /* AddDataTextfield.swift */; };
/* End PBXBuildFile section */

/* Begin PBXFileReference section */
		343DD87829E7A1220078876B /* AdminFullscreenView.swift */ = {isa = PBXFileReference; lastKnownFileType = sourcecode.swift; path = AdminFullscreenView.swift; sourceTree = "<group>"; };
		343DD87B29E8377C0078876B /* ImagePicker.swift */ = {isa = PBXFileReference; lastKnownFileType = sourcecode.swift; path = ImagePicker.swift; sourceTree = "<group>"; };
		3465597929C72A40005A3C17 /* Metin2HanesiAdminPanel.app */ = {isa = PBXFileReference; explicitFileType = wrapper.application; includeInIndex = 0; path = Metin2HanesiAdminPanel.app; sourceTree = BUILT_PRODUCTS_DIR; };
		3465597C29C72A40005A3C17 /* Metin2HanesiAdminPanelApp.swift */ = {isa = PBXFileReference; lastKnownFileType = sourcecode.swift; path = Metin2HanesiAdminPanelApp.swift; sourceTree = "<group>"; };
		3465597E29C72A40005A3C17 /* AdminView.swift */ = {isa = PBXFileReference; lastKnownFileType = sourcecode.swift; path = AdminView.swift; sourceTree = "<group>"; };
		3465598029C72A42005A3C17 /* Assets.xcassets */ = {isa = PBXFileReference; lastKnownFileType = folder.assetcatalog; path = Assets.xcassets; sourceTree = "<group>"; };
		3465598329C72A42005A3C17 /* Preview Assets.xcassets */ = {isa = PBXFileReference; lastKnownFileType = folder.assetcatalog; path = "Preview Assets.xcassets"; sourceTree = "<group>"; };
		3465599029C72B98005A3C17 /* Colorments.swift */ = {isa = PBXFileReference; lastKnownFileType = sourcecode.swift; path = Colorments.swift; sourceTree = "<group>"; };
		3465599B29C72DAE005A3C17 /* ImageUploader.swift */ = {isa = PBXFileReference; lastKnownFileType = sourcecode.swift; path = ImageUploader.swift; sourceTree = "<group>"; };
		3465599D29C72DD7005A3C17 /* Constant.swift */ = {isa = PBXFileReference; lastKnownFileType = sourcecode.swift; path = Constant.swift; sourceTree = "<group>"; };
		3465599F29C72EBD005A3C17 /* DataSetter.swift */ = {isa = PBXFileReference; lastKnownFileType = sourcecode.swift; path = DataSetter.swift; sourceTree = "<group>"; };
		346559A329C7505C005A3C17 /* GoogleService-Info.plist */ = {isa = PBXFileReference; fileEncoding = 4; lastKnownFileType = text.plist.xml; path = "GoogleService-Info.plist"; sourceTree = "<group>"; };
		346559A529C751D1005A3C17 /* AdminViewModel.swift */ = {isa = PBXFileReference; lastKnownFileType = sourcecode.swift; path = AdminViewModel.swift; sourceTree = "<group>"; };
		346559A729C751F5005A3C17 /* AddDataServerModel.swift */ = {isa = PBXFileReference; lastKnownFileType = sourcecode.swift; path = AddDataServerModel.swift; sourceTree = "<group>"; };
		346559AD29C7535E005A3C17 /* NewViewButton.swift */ = {isa = PBXFileReference; lastKnownFileType = sourcecode.swift; path = NewViewButton.swift; sourceTree = "<group>"; };
		349889FE29CACABB0087F9D7 /* AdminViewHeader.swift */ = {isa = PBXFileReference; lastKnownFileType = sourcecode.swift; path = AdminViewHeader.swift; sourceTree = "<group>"; };
		34988A0129CB12B10087F9D7 /* AddDataTextfield.swift */ = {isa = PBXFileReference; lastKnownFileType = sourcecode.swift; path = AddDataTextfield.swift; sourceTree = "<group>"; };
/* End PBXFileReference section */

/* Begin PBXFrameworksBuildPhase section */
		3465597629C72A40005A3C17 /* Frameworks */ = {
			isa = PBXFrameworksBuildPhase;
			buildActionMask = 2147483647;
			files = (
				3465599529C72D1E005A3C17 /* FirebaseFirestore in Frameworks */,
				3465599729C72D1E005A3C17 /* FirebaseFirestoreSwift in Frameworks */,
				3465599929C72D1E005A3C17 /* FirebaseStorage in Frameworks */,
			);
			runOnlyForDeploymentPostprocessing = 0;
		};
/* End PBXFrameworksBuildPhase section */

/* Begin PBXGroup section */
		343DD87A29E837670078876B /* Local */ = {
			isa = PBXGroup;
			children = (
				343DD87B29E8377C0078876B /* ImagePicker.swift */,
			);
			path = Local;
			sourceTree = "<group>";
		};
		3465597029C72A40005A3C17 = {
			isa = PBXGroup;
			children = (
				3465597B29C72A40005A3C17 /* Metin2HanesiAdminPanel */,
				3465597A29C72A40005A3C17 /* Products */,
			);
			sourceTree = "<group>";
		};
		3465597A29C72A40005A3C17 /* Products */ = {
			isa = PBXGroup;
			children = (
				3465597929C72A40005A3C17 /* Metin2HanesiAdminPanel.app */,
			);
			name = Products;
			sourceTree = "<group>";
		};
		3465597B29C72A40005A3C17 /* Metin2HanesiAdminPanel */ = {
			isa = PBXGroup;
			children = (
				3465598A29C72B44005A3C17 /* Core */,
				3465598B29C72B48005A3C17 /* Model */,
				3465598C29C72B5B005A3C17 /* Service */,
				3465599229C72BC5005A3C17 /* Utils */,
				3465598229C72A42005A3C17 /* Preview Content */,
			);
			path = Metin2HanesiAdminPanel;
			sourceTree = "<group>";
		};
		3465598229C72A42005A3C17 /* Preview Content */ = {
			isa = PBXGroup;
			children = (
				3465598329C72A42005A3C17 /* Preview Assets.xcassets */,
			);
			path = "Preview Content";
			sourceTree = "<group>";
		};
		3465598A29C72B44005A3C17 /* Core */ = {
			isa = PBXGroup;
			children = (
				346559A129C7424C005A3C17 /* App */,
				3465598D29C72B65005A3C17 /* View */,
				3465598E29C72B68005A3C17 /* ViewSub */,
				3465598F29C72B73005A3C17 /* Helper */,
			);
			path = Core;
			sourceTree = "<group>";
		};
		3465598B29C72B48005A3C17 /* Model */ = {
			isa = PBXGroup;
			children = (
				346559A729C751F5005A3C17 /* AddDataServerModel.swift */,
			);
			path = Model;
			sourceTree = "<group>";
		};
		3465598C29C72B5B005A3C17 /* Service */ = {
			isa = PBXGroup;
			children = (
				343DD87A29E837670078876B /* Local */,
				3465599A29C72DA0005A3C17 /* Firebase */,
			);
			path = Service;
			sourceTree = "<group>";
		};
		3465598D29C72B65005A3C17 /* View */ = {
			isa = PBXGroup;
			children = (
				346559A229C74D80005A3C17 /* admin */,
			);
			path = View;
			sourceTree = "<group>";
		};
		3465598E29C72B68005A3C17 /* ViewSub */ = {
			isa = PBXGroup;
			children = (
				346559AB29C75329005A3C17 /* view */,
			);
			path = ViewSub;
			sourceTree = "<group>";
		};
		3465598F29C72B73005A3C17 /* Helper */ = {
			isa = PBXGroup;
			children = (
				3465599029C72B98005A3C17 /* Colorments.swift */,
			);
			path = Helper;
			sourceTree = "<group>";
		};
		3465599229C72BC5005A3C17 /* Utils */ = {
			isa = PBXGroup;
			children = (
				3465599D29C72DD7005A3C17 /* Constant.swift */,
				346559A329C7505C005A3C17 /* GoogleService-Info.plist */,
				3465598029C72A42005A3C17 /* Assets.xcassets */,
			);
			path = Utils;
			sourceTree = "<group>";
		};
		3465599A29C72DA0005A3C17 /* Firebase */ = {
			isa = PBXGroup;
			children = (
				3465599B29C72DAE005A3C17 /* ImageUploader.swift */,
				3465599F29C72EBD005A3C17 /* DataSetter.swift */,
			);
			path = Firebase;
			sourceTree = "<group>";
		};
		346559A129C7424C005A3C17 /* App */ = {
			isa = PBXGroup;
			children = (
				3465597C29C72A40005A3C17 /* Metin2HanesiAdminPanelApp.swift */,
			);
			path = App;
			sourceTree = "<group>";
		};
		346559A229C74D80005A3C17 /* admin */ = {
			isa = PBXGroup;
			children = (
				346559A529C751D1005A3C17 /* AdminViewModel.swift */,
				3465597E29C72A40005A3C17 /* AdminView.swift */,
			);
			path = admin;
			sourceTree = "<group>";
		};
		346559AB29C75329005A3C17 /* view */ = {
			isa = PBXGroup;
			children = (
				343DD87829E7A1220078876B /* AdminFullscreenView.swift */,
				346559AC29C75336005A3C17 /* button */,
				34988A0029CB127E0087F9D7 /* textfield */,
				349889FD29CACA860087F9D7 /* admin */,
			);
			path = view;
			sourceTree = "<group>";
		};
		346559AC29C75336005A3C17 /* button */ = {
			isa = PBXGroup;
			children = (
				346559AD29C7535E005A3C17 /* NewViewButton.swift */,
			);
			path = button;
			sourceTree = "<group>";
		};
		349889FD29CACA860087F9D7 /* admin */ = {
			isa = PBXGroup;
			children = (
				349889FE29CACABB0087F9D7 /* AdminViewHeader.swift */,
			);
			path = admin;
			sourceTree = "<group>";
		};
		34988A0029CB127E0087F9D7 /* textfield */ = {
			isa = PBXGroup;
			children = (
				34988A0129CB12B10087F9D7 /* AddDataTextfield.swift */,
			);
			path = textfield;
			sourceTree = "<group>";
		};
/* End PBXGroup section */

/* Begin PBXNativeTarget section */
		3465597829C72A40005A3C17 /* Metin2HanesiAdminPanel */ = {
			isa = PBXNativeTarget;
			buildConfigurationList = 3465598729C72A42005A3C17 /* Build configuration list for PBXNativeTarget "Metin2HanesiAdminPanel" */;
			buildPhases = (
				3465597529C72A40005A3C17 /* Sources */,
				3465597629C72A40005A3C17 /* Frameworks */,
				3465597729C72A40005A3C17 /* Resources */,
			);
			buildRules = (
			);
			dependencies = (
			);
			name = Metin2HanesiAdminPanel;
			packageProductDependencies = (
				3465599429C72D1E005A3C17 /* FirebaseFirestore */,
				3465599629C72D1E005A3C17 /* FirebaseFirestoreSwift */,
				3465599829C72D1E005A3C17 /* FirebaseStorage */,
			);
			productName = Metin2HanesiAdminPanel;
			productReference = 3465597929C72A40005A3C17 /* Metin2HanesiAdminPanel.app */;
			productType = "com.apple.product-type.application";
		};
/* End PBXNativeTarget section */

/* Begin PBXProject section */
		3465597129C72A40005A3C17 /* Project object */ = {
			isa = PBXProject;
			attributes = {
				BuildIndependentTargetsInParallel = 1;
				LastSwiftUpdateCheck = 1420;
				LastUpgradeCheck = 1420;
				TargetAttributes = {
					3465597829C72A40005A3C17 = {
						CreatedOnToolsVersion = 14.2;
					};
				};
			};
			buildConfigurationList = 3465597429C72A40005A3C17 /* Build configuration list for PBXProject "Metin2HanesiAdminPanel" */;
			compatibilityVersion = "Xcode 14.0";
			developmentRegion = en;
			hasScannedForEncodings = 0;
			knownRegions = (
				en,
				Base,
			);
			mainGroup = 3465597029C72A40005A3C17;
			packageReferences = (
				3465599329C72D1E005A3C17 /* XCRemoteSwiftPackageReference "firebase-ios-sdk" */,
			);
			productRefGroup = 3465597A29C72A40005A3C17 /* Products */;
			projectDirPath = "";
			projectRoot = "";
			targets = (
				3465597829C72A40005A3C17 /* Metin2HanesiAdminPanel */,
			);
		};
/* End PBXProject section */

/* Begin PBXResourcesBuildPhase section */
		3465597729C72A40005A3C17 /* Resources */ = {
			isa = PBXResourcesBuildPhase;
			buildActionMask = 2147483647;
			files = (
				3465598429C72A42005A3C17 /* Preview Assets.xcassets in Resources */,
				3465598129C72A42005A3C17 /* Assets.xcassets in Resources */,
				346559A429C7505C005A3C17 /* GoogleService-Info.plist in Resources */,
			);
			runOnlyForDeploymentPostprocessing = 0;
		};
/* End PBXResourcesBuildPhase section */

/* Begin PBXSourcesBuildPhase section */
		3465597529C72A40005A3C17 /* Sources */ = {
			isa = PBXSourcesBuildPhase;
			buildActionMask = 2147483647;
			files = (
				343DD87C29E8377C0078876B /* ImagePicker.swift in Sources */,
				346559A029C72EBD005A3C17 /* DataSetter.swift in Sources */,
				346559A629C751D1005A3C17 /* AdminViewModel.swift in Sources */,
				3465597F29C72A40005A3C17 /* AdminView.swift in Sources */,
				3465597D29C72A40005A3C17 /* Metin2HanesiAdminPanelApp.swift in Sources */,
				3465599E29C72DD7005A3C17 /* Constant.swift in Sources */,
				349889FF29CACABB0087F9D7 /* AdminViewHeader.swift in Sources */,
				3465599129C72B98005A3C17 /* Colorments.swift in Sources */,
				346559A829C751F5005A3C17 /* AddDataServerModel.swift in Sources */,
				346559AE29C7535E005A3C17 /* NewViewButton.swift in Sources */,
				3465599C29C72DAE005A3C17 /* ImageUploader.swift in Sources */,
				34988A0229CB12B10087F9D7 /* AddDataTextfield.swift in Sources */,
				343DD87929E7A1220078876B /* AdminFullscreenView.swift in Sources */,
			);
			runOnlyForDeploymentPostprocessing = 0;
		};
/* End PBXSourcesBuildPhase section */

/* Begin XCBuildConfiguration section */
		3465598529C72A42005A3C17 /* Debug */ = {
			isa = XCBuildConfiguration;
			buildSettings = {
				ALWAYS_SEARCH_USER_PATHS = NO;
				CLANG_ANALYZER_NONNULL = YES;
				CLANG_ANALYZER_NUMBER_OBJECT_CONVERSION = YES_AGGRESSIVE;
				CLANG_CXX_LANGUAGE_STANDARD = "gnu++20";
				CLANG_ENABLE_MODULES = YES;
				CLANG_ENABLE_OBJC_ARC = YES;
				CLANG_ENABLE_OBJC_WEAK = YES;
				CLANG_WARN_BLOCK_CAPTURE_AUTORELEASING = YES;
				CLANG_WARN_BOOL_CONVERSION = YES;
				CLANG_WARN_COMMA = YES;
				CLANG_WARN_CONSTANT_CONVERSION = YES;
				CLANG_WARN_DEPRECATED_OBJC_IMPLEMENTATIONS = YES;
				CLANG_WARN_DIRECT_OBJC_ISA_USAGE = YES_ERROR;
				CLANG_WARN_DOCUMENTATION_COMMENTS = YES;
				CLANG_WARN_EMPTY_BODY = YES;
				CLANG_WARN_ENUM_CONVERSION = YES;
				CLANG_WARN_INFINITE_RECURSION = YES;
				CLANG_WARN_INT_CONVERSION = YES;
				CLANG_WARN_NON_LITERAL_NULL_CONVERSION = YES;
				CLANG_WARN_OBJC_IMPLICIT_RETAIN_SELF = YES;
				CLANG_WARN_OBJC_LITERAL_CONVERSION = YES;
				CLANG_WARN_OBJC_ROOT_CLASS = YES_ERROR;
				CLANG_WARN_QUOTED_INCLUDE_IN_FRAMEWORK_HEADER = YES;
				CLANG_WARN_RANGE_LOOP_ANALYSIS = YES;
				CLANG_WARN_STRICT_PROTOTYPES = YES;
				CLANG_WARN_SUSPICIOUS_MOVE = YES;
				CLANG_WARN_UNGUARDED_AVAILABILITY = YES_AGGRESSIVE;
				CLANG_WARN_UNREACHABLE_CODE = YES;
				CLANG_WARN__DUPLICATE_METHOD_MATCH = YES;
				COPY_PHASE_STRIP = NO;
				DEBUG_INFORMATION_FORMAT = dwarf;
				ENABLE_STRICT_OBJC_MSGSEND = YES;
				ENABLE_TESTABILITY = YES;
				GCC_C_LANGUAGE_STANDARD = gnu11;
				GCC_DYNAMIC_NO_PIC = NO;
				GCC_NO_COMMON_BLOCKS = YES;
				GCC_OPTIMIZATION_LEVEL = 0;
				GCC_PREPROCESSOR_DEFINITIONS = (
					"DEBUG=1",
					"$(inherited)",
				);
				GCC_WARN_64_TO_32_BIT_CONVERSION = YES;
				GCC_WARN_ABOUT_RETURN_TYPE = YES_ERROR;
				GCC_WARN_UNDECLARED_SELECTOR = YES;
				GCC_WARN_UNINITIALIZED_AUTOS = YES_AGGRESSIVE;
				GCC_WARN_UNUSED_FUNCTION = YES;
				GCC_WARN_UNUSED_VARIABLE = YES;
				IPHONEOS_DEPLOYMENT_TARGET = 16.2;
				MTL_ENABLE_DEBUG_INFO = INCLUDE_SOURCE;
				MTL_FAST_MATH = YES;
				ONLY_ACTIVE_ARCH = YES;
				SDKROOT = iphoneos;
				SWIFT_ACTIVE_COMPILATION_CONDITIONS = DEBUG;
				SWIFT_OPTIMIZATION_LEVEL = "-Onone";
			};
			name = Debug;
		};
		3465598629C72A42005A3C17 /* Release */ = {
			isa = XCBuildConfiguration;
			buildSettings = {
				ALWAYS_SEARCH_USER_PATHS = NO;
				CLANG_ANALYZER_NONNULL = YES;
				CLANG_ANALYZER_NUMBER_OBJECT_CONVERSION = YES_AGGRESSIVE;
				CLANG_CXX_LANGUAGE_STANDARD = "gnu++20";
				CLANG_ENABLE_MODULES = YES;
				CLANG_ENABLE_OBJC_ARC = YES;
				CLANG_ENABLE_OBJC_WEAK = YES;
				CLANG_WARN_BLOCK_CAPTURE_AUTORELEASING = YES;
				CLANG_WARN_BOOL_CONVERSION = YES;
				CLANG_WARN_COMMA = YES;
				CLANG_WARN_CONSTANT_CONVERSION = YES;
				CLANG_WARN_DEPRECATED_OBJC_IMPLEMENTATIONS = YES;
				CLANG_WARN_DIRECT_OBJC_ISA_USAGE = YES_ERROR;
				CLANG_WARN_DOCUMENTATION_COMMENTS = YES;
				CLANG_WARN_EMPTY_BODY = YES;
				CLANG_WARN_ENUM_CONVERSION = YES;
				CLANG_WARN_INFINITE_RECURSION = YES;
				CLANG_WARN_INT_CONVERSION = YES;
				CLANG_WARN_NON_LITERAL_NULL_CONVERSION = YES;
				CLANG_WARN_OBJC_IMPLICIT_RETAIN_SELF = YES;
				CLANG_WARN_OBJC_LITERAL_CONVERSION = YES;
				CLANG_WARN_OBJC_ROOT_CLASS = YES_ERROR;
				CLANG_WARN_QUOTED_INCLUDE_IN_FRAMEWORK_HEADER = YES;
				CLANG_WARN_RANGE_LOOP_ANALYSIS = YES;
				CLANG_WARN_STRICT_PROTOTYPES = YES;
				CLANG_WARN_SUSPICIOUS_MOVE = YES;
				CLANG_WARN_UNGUARDED_AVAILABILITY = YES_AGGRESSIVE;
				CLANG_WARN_UNREACHABLE_CODE = YES;
				CLANG_WARN__DUPLICATE_METHOD_MATCH = YES;
				COPY_PHASE_STRIP = NO;
				DEBUG_INFORMATION_FORMAT = "dwarf-with-dsym";
				ENABLE_NS_ASSERTIONS = NO;
				ENABLE_STRICT_OBJC_MSGSEND = YES;
				GCC_C_LANGUAGE_STANDARD = gnu11;
				GCC_NO_COMMON_BLOCKS = YES;
				GCC_WARN_64_TO_32_BIT_CONVERSION = YES;
				GCC_WARN_ABOUT_RETURN_TYPE = YES_ERROR;
				GCC_WARN_UNDECLARED_SELECTOR = YES;
				GCC_WARN_UNINITIALIZED_AUTOS = YES_AGGRESSIVE;
				GCC_WARN_UNUSED_FUNCTION = YES;
				GCC_WARN_UNUSED_VARIABLE = YES;
				IPHONEOS_DEPLOYMENT_TARGET = 16.2;
				MTL_ENABLE_DEBUG_INFO = NO;
				MTL_FAST_MATH = YES;
				SDKROOT = iphoneos;
				SWIFT_COMPILATION_MODE = wholemodule;
				SWIFT_OPTIMIZATION_LEVEL = "-O";
				VALIDATE_PRODUCT = YES;
			};
			name = Release;
		};
		3465598829C72A42005A3C17 /* Debug */ = {
			isa = XCBuildConfiguration;
			buildSettings = {
				ASSETCATALOG_COMPILER_APPICON_NAME = AppIcon;
				ASSETCATALOG_COMPILER_GLOBAL_ACCENT_COLOR_NAME = AccentColor;
				CODE_SIGN_STYLE = Automatic;
				CURRENT_PROJECT_VERSION = 1;
				DEVELOPMENT_ASSET_PATHS = "\"Metin2HanesiAdminPanel/Preview Content\"";
				DEVELOPMENT_TEAM = MW2482B7WH;
				ENABLE_PREVIEWS = YES;
				GENERATE_INFOPLIST_FILE = YES;
				INFOPLIST_KEY_UIApplicationSceneManifest_Generation = YES;
				INFOPLIST_KEY_UIApplicationSupportsIndirectInputEvents = YES;
				INFOPLIST_KEY_UILaunchScreen_Generation = YES;
				INFOPLIST_KEY_UISupportedInterfaceOrientations_iPad = "UIInterfaceOrientationPortrait UIInterfaceOrientationPortraitUpsideDown UIInterfaceOrientationLandscapeLeft UIInterfaceOrientationLandscapeRight";
				INFOPLIST_KEY_UISupportedInterfaceOrientations_iPhone = "UIInterfaceOrientationPortrait UIInterfaceOrientationLandscapeLeft UIInterfaceOrientationLandscapeRight";
				LD_RUNPATH_SEARCH_PATHS = (
					"$(inherited)",
					"@executable_path/Frameworks",
				);
				MARKETING_VERSION = 1.0;
				PRODUCT_BUNDLE_IDENTIFIER = NomoSiOS.Metin2Hanesi;
				PRODUCT_NAME = "$(TARGET_NAME)";
				SWIFT_EMIT_LOC_STRINGS = YES;
				SWIFT_VERSION = 5.0;
				TARGETED_DEVICE_FAMILY = "1,2";
			};
			name = Debug;
		};
		3465598929C72A42005A3C17 /* Release */ = {
			isa = XCBuildConfiguration;
			buildSettings = {
				ASSETCATALOG_COMPILER_APPICON_NAME = AppIcon;
				ASSETCATALOG_COMPILER_GLOBAL_ACCENT_COLOR_NAME = AccentColor;
				CODE_SIGN_STYLE = Automatic;
				CURRENT_PROJECT_VERSION = 1;
				DEVELOPMENT_ASSET_PATHS = "\"Metin2HanesiAdminPanel/Preview Content\"";
				DEVELOPMENT_TEAM = MW2482B7WH;
				ENABLE_PREVIEWS = YES;
				GENERATE_INFOPLIST_FILE = YES;
				INFOPLIST_KEY_UIApplicationSceneManifest_Generation = YES;
				INFOPLIST_KEY_UIApplicationSupportsIndirectInputEvents = YES;
				INFOPLIST_KEY_UILaunchScreen_Generation = YES;
				INFOPLIST_KEY_UISupportedInterfaceOrientations_iPad = "UIInterfaceOrientationPortrait UIInterfaceOrientationPortraitUpsideDown UIInterfaceOrientationLandscapeLeft UIInterfaceOrientationLandscapeRight";
				INFOPLIST_KEY_UISupportedInterfaceOrientations_iPhone = "UIInterfaceOrientationPortrait UIInterfaceOrientationLandscapeLeft UIInterfaceOrientationLandscapeRight";
				LD_RUNPATH_SEARCH_PATHS = (
					"$(inherited)",
					"@executable_path/Frameworks",
				);
				MARKETING_VERSION = 1.0;
				PRODUCT_BUNDLE_IDENTIFIER = NomoSiOS.Metin2Hanesi;
				PRODUCT_NAME = "$(TARGET_NAME)";
				SWIFT_EMIT_LOC_STRINGS = YES;
				SWIFT_VERSION = 5.0;
				TARGETED_DEVICE_FAMILY = "1,2";
			};
			name = Release;
		};
/* End XCBuildConfiguration section */

/* Begin XCConfigurationList section */
		3465597429C72A40005A3C17 /* Build configuration list for PBXProject "Metin2HanesiAdminPanel" */ = {
			isa = XCConfigurationList;
			buildConfigurations = (
				3465598529C72A42005A3C17 /* Debug */,
				3465598629C72A42005A3C17 /* Release */,
			);
			defaultConfigurationIsVisible = 0;
			defaultConfigurationName = Release;
		};
		3465598729C72A42005A3C17 /* Build configuration list for PBXNativeTarget "Metin2HanesiAdminPanel" */ = {
			isa = XCConfigurationList;
			buildConfigurations = (
				3465598829C72A42005A3C17 /* Debug */,
				3465598929C72A42005A3C17 /* Release */,
			);
			defaultConfigurationIsVisible = 0;
			defaultConfigurationName = Release;
		};
/* End XCConfigurationList section */

/* Begin XCRemoteSwiftPackageReference section */
		3465599329C72D1E005A3C17 /* XCRemoteSwiftPackageReference "firebase-ios-sdk" */ = {
			isa = XCRemoteSwiftPackageReference;
			repositoryURL = "https://github.com/firebase/firebase-ios-sdk";
			requirement = {
				kind = upToNextMajorVersion;
				minimumVersion = 9.0.0;
			};
		};
/* End XCRemoteSwiftPackageReference section */

/* Begin XCSwiftPackageProductDependency section */
		3465599429C72D1E005A3C17 /* FirebaseFirestore */ = {
			isa = XCSwiftPackageProductDependency;
			package = 3465599329C72D1E005A3C17 /* XCRemoteSwiftPackageReference "firebase-ios-sdk" */;
			productName = FirebaseFirestore;
		};
		3465599629C72D1E005A3C17 /* FirebaseFirestoreSwift */ = {
			isa = XCSwiftPackageProductDependency;
			package = 3465599329C72D1E005A3C17 /* XCRemoteSwiftPackageReference "firebase-ios-sdk" */;
			productName = FirebaseFirestoreSwift;
		};
		3465599829C72D1E005A3C17 /* FirebaseStorage */ = {
			isa = XCSwiftPackageProductDependency;
			package = 3465599329C72D1E005A3C17 /* XCRemoteSwiftPackageReference "firebase-ios-sdk" */;
			productName = FirebaseStorage;
		};
/* End XCSwiftPackageProductDependency section */
	};
	rootObject = 3465597129C72A40005A3C17 /* Project object */;
}
