// !$*UTF8*$!
{
	archiveVersion = 1;
	classes = {
	};
	objectVersion = 56;
	objects = {

/* Begin PBXBuildFile section */
		341ECA1329B419CB0035E77A /* LoginViewModel.swift in Sources */ = {isa = PBXBuildFile; fileRef = 341ECA1229B419CB0035E77A /* LoginViewModel.swift */; };
		341ECA1629B41A230035E77A /* UserInfo.swift in Sources */ = {isa = PBXBuildFile; fileRef = 341ECA1529B41A230035E77A /* UserInfo.swift */; };
		341ECA1B29B41D4E0035E77A /* PrimaryBackground.swift in Sources */ = {isa = PBXBuildFile; fileRef = 341ECA1A29B41D4E0035E77A /* PrimaryBackground.swift */; };
		341ECA1D29B41D650035E77A /* FlagAndCountryName.swift in Sources */ = {isa = PBXBuildFile; fileRef = 341ECA1C29B41D650035E77A /* FlagAndCountryName.swift */; };
		341ECA2029B41DF70035E77A /* PrimaryButton.swift in Sources */ = {isa = PBXBuildFile; fileRef = 341ECA1F29B41DF70035E77A /* PrimaryButton.swift */; };
		341ECA2229B422330035E77A /* LoginPlace.swift in Sources */ = {isa = PBXBuildFile; fileRef = 341ECA2129B422330035E77A /* LoginPlace.swift */; };
		341ECA2629B423A30035E77A /* RegisterView.swift in Sources */ = {isa = PBXBuildFile; fileRef = 341ECA2529B423A30035E77A /* RegisterView.swift */; };
		341ECA2829B423AB0035E77A /* RegisterViewModel.swift in Sources */ = {isa = PBXBuildFile; fileRef = 341ECA2729B423AB0035E77A /* RegisterViewModel.swift */; };
		341ECA2A29B424BE0035E77A /* PrimaryChangeView.swift in Sources */ = {isa = PBXBuildFile; fileRef = 341ECA2929B424BE0035E77A /* PrimaryChangeView.swift */; };
		341ECA2D29B426390035E77A /* PrimaryCoordinatorView.swift in Sources */ = {isa = PBXBuildFile; fileRef = 341ECA2C29B426390035E77A /* PrimaryCoordinatorView.swift */; };
		349CF610299614ED005B9150 /* ShigoApp.swift in Sources */ = {isa = PBXBuildFile; fileRef = 349CF60F299614ED005B9150 /* ShigoApp.swift */; };
		349CF612299614ED005B9150 /* SplashView.swift in Sources */ = {isa = PBXBuildFile; fileRef = 349CF611299614ED005B9150 /* SplashView.swift */; };
		349CF614299614F0005B9150 /* Assets.xcassets in Resources */ = {isa = PBXBuildFile; fileRef = 349CF613299614F0005B9150 /* Assets.xcassets */; };
		349CF617299614F0005B9150 /* Preview Assets.xcassets in Resources */ = {isa = PBXBuildFile; fileRef = 349CF616299614F0005B9150 /* Preview Assets.xcassets */; };
		349CF6222996246F005B9150 /* Color.swift in Sources */ = {isa = PBXBuildFile; fileRef = 349CF6212996246E005B9150 /* Color.swift */; };
		349CF62B29962650005B9150 /* Image.swift in Sources */ = {isa = PBXBuildFile; fileRef = 349CF62A29962650005B9150 /* Image.swift */; };
		349CF62E29962B53005B9150 /* Image+Extensions.swift in Sources */ = {isa = PBXBuildFile; fileRef = 349CF62D29962B53005B9150 /* Image+Extensions.swift */; };
		349CF63029962CB6005B9150 /* SplashViewModel.swift in Sources */ = {isa = PBXBuildFile; fileRef = 349CF62F29962CB6005B9150 /* SplashViewModel.swift */; };
		34AACD9729B284AE006E29FE /* FirebaseAuth in Frameworks */ = {isa = PBXBuildFile; productRef = 34AACD9629B284AE006E29FE /* FirebaseAuth */; };
		34AACD9929B284AE006E29FE /* FirebaseFirestore in Frameworks */ = {isa = PBXBuildFile; productRef = 34AACD9829B284AE006E29FE /* FirebaseFirestore */; };
		34AACD9B29B284AE006E29FE /* FirebaseStorage in Frameworks */ = {isa = PBXBuildFile; productRef = 34AACD9A29B284AE006E29FE /* FirebaseStorage */; };
		34AACDBB29B3220B006E29FE /* CustomTextField.swift in Sources */ = {isa = PBXBuildFile; fileRef = 34AACDBA29B3220B006E29FE /* CustomTextField.swift */; };
		34AACDBD29B324DD006E29FE /* LoginView.swift in Sources */ = {isa = PBXBuildFile; fileRef = 34AACDBC29B324DD006E29FE /* LoginView.swift */; };
		34AACDC029B32F74006E29FE /* GoogleService-Info.plist in Resources */ = {isa = PBXBuildFile; fileRef = 34AACDBF29B32F74006E29FE /* GoogleService-Info.plist */; };
/* End PBXBuildFile section */

/* Begin PBXFileReference section */
		341ECA1229B419CB0035E77A /* LoginViewModel.swift */ = {isa = PBXFileReference; lastKnownFileType = sourcecode.swift; path = LoginViewModel.swift; sourceTree = "<group>"; };
		341ECA1529B41A230035E77A /* UserInfo.swift */ = {isa = PBXFileReference; lastKnownFileType = sourcecode.swift; path = UserInfo.swift; sourceTree = "<group>"; };
		341ECA1A29B41D4E0035E77A /* PrimaryBackground.swift */ = {isa = PBXFileReference; lastKnownFileType = sourcecode.swift; path = PrimaryBackground.swift; sourceTree = "<group>"; };
		341ECA1C29B41D650035E77A /* FlagAndCountryName.swift */ = {isa = PBXFileReference; lastKnownFileType = sourcecode.swift; path = FlagAndCountryName.swift; sourceTree = "<group>"; };
		341ECA1F29B41DF70035E77A /* PrimaryButton.swift */ = {isa = PBXFileReference; lastKnownFileType = sourcecode.swift; path = PrimaryButton.swift; sourceTree = "<group>"; };
		341ECA2129B422330035E77A /* LoginPlace.swift */ = {isa = PBXFileReference; lastKnownFileType = sourcecode.swift; path = LoginPlace.swift; sourceTree = "<group>"; };
		341ECA2529B423A30035E77A /* RegisterView.swift */ = {isa = PBXFileReference; lastKnownFileType = sourcecode.swift; path = RegisterView.swift; sourceTree = "<group>"; };
		341ECA2729B423AB0035E77A /* RegisterViewModel.swift */ = {isa = PBXFileReference; lastKnownFileType = sourcecode.swift; path = RegisterViewModel.swift; sourceTree = "<group>"; };
		341ECA2929B424BE0035E77A /* PrimaryChangeView.swift */ = {isa = PBXFileReference; lastKnownFileType = sourcecode.swift; path = PrimaryChangeView.swift; sourceTree = "<group>"; };
		341ECA2C29B426390035E77A /* PrimaryCoordinatorView.swift */ = {isa = PBXFileReference; lastKnownFileType = sourcecode.swift; path = PrimaryCoordinatorView.swift; sourceTree = "<group>"; };
		349CF60C299614ED005B9150 /* Shigo.app */ = {isa = PBXFileReference; explicitFileType = wrapper.application; includeInIndex = 0; path = Shigo.app; sourceTree = BUILT_PRODUCTS_DIR; };
		349CF60F299614ED005B9150 /* ShigoApp.swift */ = {isa = PBXFileReference; lastKnownFileType = sourcecode.swift; path = ShigoApp.swift; sourceTree = "<group>"; };
		349CF611299614ED005B9150 /* SplashView.swift */ = {isa = PBXFileReference; lastKnownFileType = sourcecode.swift; path = SplashView.swift; sourceTree = "<group>"; };
		349CF613299614F0005B9150 /* Assets.xcassets */ = {isa = PBXFileReference; lastKnownFileType = folder.assetcatalog; path = Assets.xcassets; sourceTree = "<group>"; };
		349CF616299614F0005B9150 /* Preview Assets.xcassets */ = {isa = PBXFileReference; lastKnownFileType = folder.assetcatalog; path = "Preview Assets.xcassets"; sourceTree = "<group>"; };
		349CF6212996246E005B9150 /* Color.swift */ = {isa = PBXFileReference; lastKnownFileType = sourcecode.swift; path = Color.swift; sourceTree = "<group>"; };
		349CF62A29962650005B9150 /* Image.swift */ = {isa = PBXFileReference; lastKnownFileType = sourcecode.swift; path = Image.swift; sourceTree = "<group>"; };
		349CF62D29962B53005B9150 /* Image+Extensions.swift */ = {isa = PBXFileReference; lastKnownFileType = sourcecode.swift; path = "Image+Extensions.swift"; sourceTree = "<group>"; };
		349CF62F29962CB6005B9150 /* SplashViewModel.swift */ = {isa = PBXFileReference; lastKnownFileType = sourcecode.swift; path = SplashViewModel.swift; sourceTree = "<group>"; };
		34AACDBA29B3220B006E29FE /* CustomTextField.swift */ = {isa = PBXFileReference; lastKnownFileType = sourcecode.swift; path = CustomTextField.swift; sourceTree = "<group>"; };
		34AACDBC29B324DD006E29FE /* LoginView.swift */ = {isa = PBXFileReference; lastKnownFileType = sourcecode.swift; path = LoginView.swift; sourceTree = "<group>"; };
		34AACDBF29B32F74006E29FE /* GoogleService-Info.plist */ = {isa = PBXFileReference; fileEncoding = 4; lastKnownFileType = text.plist.xml; path = "GoogleService-Info.plist"; sourceTree = "<group>"; };
		34AACDC129B32F83006E29FE /* Info.plist */ = {isa = PBXFileReference; lastKnownFileType = text.plist; path = Info.plist; sourceTree = "<group>"; };
/* End PBXFileReference section */

/* Begin PBXFrameworksBuildPhase section */
		349CF609299614ED005B9150 /* Frameworks */ = {
			isa = PBXFrameworksBuildPhase;
			buildActionMask = 2147483647;
			files = (
				34AACD9729B284AE006E29FE /* FirebaseAuth in Frameworks */,
				34AACD9929B284AE006E29FE /* FirebaseFirestore in Frameworks */,
				34AACD9B29B284AE006E29FE /* FirebaseStorage in Frameworks */,
			);
			runOnlyForDeploymentPostprocessing = 0;
		};
/* End PBXFrameworksBuildPhase section */

/* Begin PBXGroup section */
		341ECA1429B41A0A0035E77A /* Model */ = {
			isa = PBXGroup;
			children = (
				341ECA1529B41A230035E77A /* UserInfo.swift */,
			);
			path = Model;
			sourceTree = "<group>";
		};
		341ECA1729B41D280035E77A /* ViewSub */ = {
			isa = PBXGroup;
			children = (
				341ECA1A29B41D4E0035E77A /* PrimaryBackground.swift */,
				341ECA2929B424BE0035E77A /* PrimaryChangeView.swift */,
				341ECA1829B41D330035E77A /* SplashSub */,
				341ECA1929B41D370035E77A /* LoginSub */,
				341ECA2329B423150035E77A /* RegisterSub */,
			);
			path = ViewSub;
			sourceTree = "<group>";
		};
		341ECA1829B41D330035E77A /* SplashSub */ = {
			isa = PBXGroup;
			children = (
			);
			path = SplashSub;
			sourceTree = "<group>";
		};
		341ECA1929B41D370035E77A /* LoginSub */ = {
			isa = PBXGroup;
			children = (
				341ECA1C29B41D650035E77A /* FlagAndCountryName.swift */,
				341ECA2129B422330035E77A /* LoginPlace.swift */,
			);
			path = LoginSub;
			sourceTree = "<group>";
		};
		341ECA1E29B41DE10035E77A /* Button */ = {
			isa = PBXGroup;
			children = (
				341ECA1F29B41DF70035E77A /* PrimaryButton.swift */,
			);
			path = Button;
			sourceTree = "<group>";
		};
		341ECA2329B423150035E77A /* RegisterSub */ = {
			isa = PBXGroup;
			children = (
			);
			path = RegisterSub;
			sourceTree = "<group>";
		};
		341ECA2429B423570035E77A /* Register */ = {
			isa = PBXGroup;
			children = (
				341ECA2729B423AB0035E77A /* RegisterViewModel.swift */,
				341ECA2529B423A30035E77A /* RegisterView.swift */,
			);
			path = Register;
			sourceTree = "<group>";
		};
		341ECA2B29B425F40035E77A /* Coordinator */ = {
			isa = PBXGroup;
			children = (
				341ECA2C29B426390035E77A /* PrimaryCoordinatorView.swift */,
			);
			path = Coordinator;
			sourceTree = "<group>";
		};
		349CF603299614ED005B9150 = {
			isa = PBXGroup;
			children = (
				349CF60E299614ED005B9150 /* Shigo */,
				349CF60D299614ED005B9150 /* Products */,
			);
			sourceTree = "<group>";
		};
		349CF60D299614ED005B9150 /* Products */ = {
			isa = PBXGroup;
			children = (
				349CF60C299614ED005B9150 /* Shigo.app */,
			);
			name = Products;
			sourceTree = "<group>";
		};
		349CF60E299614ED005B9150 /* Shigo */ = {
			isa = PBXGroup;
			children = (
				34AACDC129B32F83006E29FE /* Info.plist */,
				349CF60F299614ED005B9150 /* ShigoApp.swift */,
				349CF627299624AB005B9150 /* Core */,
				341ECA1429B41A0A0035E77A /* Model */,
				349CF628299624BC005B9150 /* Service */,
				34AACDBE29B32F65006E29FE /* Resoruce */,
				349CF62C29962B3A005B9150 /* Extensions */,
				349CF629299624C0005B9150 /* Utils */,
				349CF615299614F0005B9150 /* Preview Content */,
			);
			path = Shigo;
			sourceTree = "<group>";
		};
		349CF615299614F0005B9150 /* Preview Content */ = {
			isa = PBXGroup;
			children = (
				349CF616299614F0005B9150 /* Preview Assets.xcassets */,
			);
			path = "Preview Content";
			sourceTree = "<group>";
		};
		349CF61D29962122005B9150 /* View */ = {
			isa = PBXGroup;
			children = (
				341ECA2B29B425F40035E77A /* Coordinator */,
				349CF6262996248D005B9150 /* Splash */,
				34AACD9C29B29B45006E29FE /* Login */,
				341ECA2429B423570035E77A /* Register */,
			);
			path = View;
			sourceTree = "<group>";
		};
		349CF61E29962432005B9150 /* Instruments */ = {
			isa = PBXGroup;
			children = (
				349CF6212996246E005B9150 /* Color.swift */,
				349CF62A29962650005B9150 /* Image.swift */,
			);
			path = Instruments;
			sourceTree = "<group>";
		};
		349CF6262996248D005B9150 /* Splash */ = {
			isa = PBXGroup;
			children = (
				349CF62F29962CB6005B9150 /* SplashViewModel.swift */,
				349CF611299614ED005B9150 /* SplashView.swift */,
			);
			path = Splash;
			sourceTree = "<group>";
		};
		349CF627299624AB005B9150 /* Core */ = {
			isa = PBXGroup;
			children = (
				349CF61D29962122005B9150 /* View */,
				34AACDB829B321CC006E29FE /* UISub */,
			);
			path = Core;
			sourceTree = "<group>";
		};
		349CF628299624BC005B9150 /* Service */ = {
			isa = PBXGroup;
			children = (
			);
			path = Service;
			sourceTree = "<group>";
		};
		349CF629299624C0005B9150 /* Utils */ = {
			isa = PBXGroup;
			children = (
			);
			path = Utils;
			sourceTree = "<group>";
		};
		349CF62C29962B3A005B9150 /* Extensions */ = {
			isa = PBXGroup;
			children = (
				349CF62D29962B53005B9150 /* Image+Extensions.swift */,
			);
			path = Extensions;
			sourceTree = "<group>";
		};
		34AACD9C29B29B45006E29FE /* Login */ = {
			isa = PBXGroup;
			children = (
				341ECA1229B419CB0035E77A /* LoginViewModel.swift */,
				34AACDBC29B324DD006E29FE /* LoginView.swift */,
			);
			path = Login;
			sourceTree = "<group>";
		};
		34AACDB829B321CC006E29FE /* UISub */ = {
			isa = PBXGroup;
			children = (
				341ECA1729B41D280035E77A /* ViewSub */,
				34AACDB929B321E1006E29FE /* TextField */,
				341ECA1E29B41DE10035E77A /* Button */,
				349CF61E29962432005B9150 /* Instruments */,
			);
			path = UISub;
			sourceTree = "<group>";
		};
		34AACDB929B321E1006E29FE /* TextField */ = {
			isa = PBXGroup;
			children = (
				34AACDBA29B3220B006E29FE /* CustomTextField.swift */,
			);
			path = TextField;
			sourceTree = "<group>";
		};
		34AACDBE29B32F65006E29FE /* Resoruce */ = {
			isa = PBXGroup;
			children = (
				349CF613299614F0005B9150 /* Assets.xcassets */,
				34AACDBF29B32F74006E29FE /* GoogleService-Info.plist */,
			);
			path = Resoruce;
			sourceTree = "<group>";
		};
/* End PBXGroup section */

/* Begin PBXNativeTarget section */
		349CF60B299614ED005B9150 /* Shigo */ = {
			isa = PBXNativeTarget;
			buildConfigurationList = 349CF61A299614F0005B9150 /* Build configuration list for PBXNativeTarget "Shigo" */;
			buildPhases = (
				349CF608299614ED005B9150 /* Sources */,
				349CF609299614ED005B9150 /* Frameworks */,
				349CF60A299614ED005B9150 /* Resources */,
			);
			buildRules = (
			);
			dependencies = (
			);
			name = Shigo;
			packageProductDependencies = (
				34AACD9629B284AE006E29FE /* FirebaseAuth */,
				34AACD9829B284AE006E29FE /* FirebaseFirestore */,
				34AACD9A29B284AE006E29FE /* FirebaseStorage */,
			);
			productName = Shigo;
			productReference = 349CF60C299614ED005B9150 /* Shigo.app */;
			productType = "com.apple.product-type.application";
		};
/* End PBXNativeTarget section */

/* Begin PBXProject section */
		349CF604299614ED005B9150 /* Project object */ = {
			isa = PBXProject;
			attributes = {
				BuildIndependentTargetsInParallel = 1;
				LastSwiftUpdateCheck = 1420;
				LastUpgradeCheck = 1420;
				TargetAttributes = {
					349CF60B299614ED005B9150 = {
						CreatedOnToolsVersion = 14.2;
					};
				};
			};
			buildConfigurationList = 349CF607299614ED005B9150 /* Build configuration list for PBXProject "Shigo" */;
			compatibilityVersion = "Xcode 14.0";
			developmentRegion = en;
			hasScannedForEncodings = 0;
			knownRegions = (
				en,
				Base,
			);
			mainGroup = 349CF603299614ED005B9150;
			packageReferences = (
				34AACD9529B284AE006E29FE /* XCRemoteSwiftPackageReference "firebase-ios-sdk" */,
			);
			productRefGroup = 349CF60D299614ED005B9150 /* Products */;
			projectDirPath = "";
			projectRoot = "";
			targets = (
				349CF60B299614ED005B9150 /* Shigo */,
			);
		};
/* End PBXProject section */

/* Begin PBXResourcesBuildPhase section */
		349CF60A299614ED005B9150 /* Resources */ = {
			isa = PBXResourcesBuildPhase;
			buildActionMask = 2147483647;
			files = (
				349CF617299614F0005B9150 /* Preview Assets.xcassets in Resources */,
				349CF614299614F0005B9150 /* Assets.xcassets in Resources */,
				34AACDC029B32F74006E29FE /* GoogleService-Info.plist in Resources */,
			);
			runOnlyForDeploymentPostprocessing = 0;
		};
/* End PBXResourcesBuildPhase section */

/* Begin PBXSourcesBuildPhase section */
		349CF608299614ED005B9150 /* Sources */ = {
			isa = PBXSourcesBuildPhase;
			buildActionMask = 2147483647;
			files = (
				34AACDBB29B3220B006E29FE /* CustomTextField.swift in Sources */,
				349CF612299614ED005B9150 /* SplashView.swift in Sources */,
				341ECA1B29B41D4E0035E77A /* PrimaryBackground.swift in Sources */,
				341ECA2829B423AB0035E77A /* RegisterViewModel.swift in Sources */,
				341ECA2A29B424BE0035E77A /* PrimaryChangeView.swift in Sources */,
				349CF62E29962B53005B9150 /* Image+Extensions.swift in Sources */,
				349CF62B29962650005B9150 /* Image.swift in Sources */,
				341ECA2029B41DF70035E77A /* PrimaryButton.swift in Sources */,
				341ECA2629B423A30035E77A /* RegisterView.swift in Sources */,
				341ECA2D29B426390035E77A /* PrimaryCoordinatorView.swift in Sources */,
				341ECA1D29B41D650035E77A /* FlagAndCountryName.swift in Sources */,
				349CF63029962CB6005B9150 /* SplashViewModel.swift in Sources */,
				349CF610299614ED005B9150 /* ShigoApp.swift in Sources */,
				34AACDBD29B324DD006E29FE /* LoginView.swift in Sources */,
				349CF6222996246F005B9150 /* Color.swift in Sources */,
				341ECA1629B41A230035E77A /* UserInfo.swift in Sources */,
				341ECA1329B419CB0035E77A /* LoginViewModel.swift in Sources */,
				341ECA2229B422330035E77A /* LoginPlace.swift in Sources */,
			);
			runOnlyForDeploymentPostprocessing = 0;
		};
/* End PBXSourcesBuildPhase section */

/* Begin XCBuildConfiguration section */
		349CF618299614F0005B9150 /* Debug */ = {
			isa = XCBuildConfiguration;
			buildSettings = {
				ALWAYS_SEARCH_USER_PATHS = NO;
				CLANG_ANALYZER_NONNULL = YES;
				CLANG_ANALYZER_NUMBER_OBJECT_CONVERSION = YES_AGGRESSIVE;
				CLANG_CXX_LANGUAGE_STANDARD = "gnu++20";
				CLANG_ENABLE_MODULES = YES;
				CLANG_ENABLE_OBJC_ARC = YES;
				CLANG_ENABLE_OBJC_WEAK = YES;
				CLANG_WARN_BLOCK_CAPTURE_AUTORELEASING = YES;
				CLANG_WARN_BOOL_CONVERSION = YES;
				CLANG_WARN_COMMA = YES;
				CLANG_WARN_CONSTANT_CONVERSION = YES;
				CLANG_WARN_DEPRECATED_OBJC_IMPLEMENTATIONS = YES;
				CLANG_WARN_DIRECT_OBJC_ISA_USAGE = YES_ERROR;
				CLANG_WARN_DOCUMENTATION_COMMENTS = YES;
				CLANG_WARN_EMPTY_BODY = YES;
				CLANG_WARN_ENUM_CONVERSION = YES;
				CLANG_WARN_INFINITE_RECURSION = YES;
				CLANG_WARN_INT_CONVERSION = YES;
				CLANG_WARN_NON_LITERAL_NULL_CONVERSION = YES;
				CLANG_WARN_OBJC_IMPLICIT_RETAIN_SELF = YES;
				CLANG_WARN_OBJC_LITERAL_CONVERSION = YES;
				CLANG_WARN_OBJC_ROOT_CLASS = YES_ERROR;
				CLANG_WARN_QUOTED_INCLUDE_IN_FRAMEWORK_HEADER = YES;
				CLANG_WARN_RANGE_LOOP_ANALYSIS = YES;
				CLANG_WARN_STRICT_PROTOTYPES = YES;
				CLANG_WARN_SUSPICIOUS_MOVE = YES;
				CLANG_WARN_UNGUARDED_AVAILABILITY = YES_AGGRESSIVE;
				CLANG_WARN_UNREACHABLE_CODE = YES;
				CLANG_WARN__DUPLICATE_METHOD_MATCH = YES;
				COPY_PHASE_STRIP = NO;
				DEBUG_INFORMATION_FORMAT = dwarf;
				ENABLE_STRICT_OBJC_MSGSEND = YES;
				ENABLE_TESTABILITY = YES;
				GCC_C_LANGUAGE_STANDARD = gnu11;
				GCC_DYNAMIC_NO_PIC = NO;
				GCC_NO_COMMON_BLOCKS = YES;
				GCC_OPTIMIZATION_LEVEL = 0;
				GCC_PREPROCESSOR_DEFINITIONS = (
					"DEBUG=1",
					"$(inherited)",
				);
				GCC_WARN_64_TO_32_BIT_CONVERSION = YES;
				GCC_WARN_ABOUT_RETURN_TYPE = YES_ERROR;
				GCC_WARN_UNDECLARED_SELECTOR = YES;
				GCC_WARN_UNINITIALIZED_AUTOS = YES_AGGRESSIVE;
				GCC_WARN_UNUSED_FUNCTION = YES;
				GCC_WARN_UNUSED_VARIABLE = YES;
				IPHONEOS_DEPLOYMENT_TARGET = 16.2;
				MTL_ENABLE_DEBUG_INFO = INCLUDE_SOURCE;
				MTL_FAST_MATH = YES;
				ONLY_ACTIVE_ARCH = YES;
				SDKROOT = iphoneos;
				SWIFT_ACTIVE_COMPILATION_CONDITIONS = DEBUG;
				SWIFT_OPTIMIZATION_LEVEL = "-Onone";
			};
			name = Debug;
		};
		349CF619299614F0005B9150 /* Release */ = {
			isa = XCBuildConfiguration;
			buildSettings = {
				ALWAYS_SEARCH_USER_PATHS = NO;
				CLANG_ANALYZER_NONNULL = YES;
				CLANG_ANALYZER_NUMBER_OBJECT_CONVERSION = YES_AGGRESSIVE;
				CLANG_CXX_LANGUAGE_STANDARD = "gnu++20";
				CLANG_ENABLE_MODULES = YES;
				CLANG_ENABLE_OBJC_ARC = YES;
				CLANG_ENABLE_OBJC_WEAK = YES;
				CLANG_WARN_BLOCK_CAPTURE_AUTORELEASING = YES;
				CLANG_WARN_BOOL_CONVERSION = YES;
				CLANG_WARN_COMMA = YES;
				CLANG_WARN_CONSTANT_CONVERSION = YES;
				CLANG_WARN_DEPRECATED_OBJC_IMPLEMENTATIONS = YES;
				CLANG_WARN_DIRECT_OBJC_ISA_USAGE = YES_ERROR;
				CLANG_WARN_DOCUMENTATION_COMMENTS = YES;
				CLANG_WARN_EMPTY_BODY = YES;
				CLANG_WARN_ENUM_CONVERSION = YES;
				CLANG_WARN_INFINITE_RECURSION = YES;
				CLANG_WARN_INT_CONVERSION = YES;
				CLANG_WARN_NON_LITERAL_NULL_CONVERSION = YES;
				CLANG_WARN_OBJC_IMPLICIT_RETAIN_SELF = YES;
				CLANG_WARN_OBJC_LITERAL_CONVERSION = YES;
				CLANG_WARN_OBJC_ROOT_CLASS = YES_ERROR;
				CLANG_WARN_QUOTED_INCLUDE_IN_FRAMEWORK_HEADER = YES;
				CLANG_WARN_RANGE_LOOP_ANALYSIS = YES;
				CLANG_WARN_STRICT_PROTOTYPES = YES;
				CLANG_WARN_SUSPICIOUS_MOVE = YES;
				CLANG_WARN_UNGUARDED_AVAILABILITY = YES_AGGRESSIVE;
				CLANG_WARN_UNREACHABLE_CODE = YES;
				CLANG_WARN__DUPLICATE_METHOD_MATCH = YES;
				COPY_PHASE_STRIP = NO;
				DEBUG_INFORMATION_FORMAT = "dwarf-with-dsym";
				ENABLE_NS_ASSERTIONS = NO;
				ENABLE_STRICT_OBJC_MSGSEND = YES;
				GCC_C_LANGUAGE_STANDARD = gnu11;
				GCC_NO_COMMON_BLOCKS = YES;
				GCC_WARN_64_TO_32_BIT_CONVERSION = YES;
				GCC_WARN_ABOUT_RETURN_TYPE = YES_ERROR;
				GCC_WARN_UNDECLARED_SELECTOR = YES;
				GCC_WARN_UNINITIALIZED_AUTOS = YES_AGGRESSIVE;
				GCC_WARN_UNUSED_FUNCTION = YES;
				GCC_WARN_UNUSED_VARIABLE = YES;
				IPHONEOS_DEPLOYMENT_TARGET = 16.2;
				MTL_ENABLE_DEBUG_INFO = NO;
				MTL_FAST_MATH = YES;
				SDKROOT = iphoneos;
				SWIFT_COMPILATION_MODE = wholemodule;
				SWIFT_OPTIMIZATION_LEVEL = "-O";
				VALIDATE_PRODUCT = YES;
			};
			name = Release;
		};
		349CF61B299614F0005B9150 /* Debug */ = {
			isa = XCBuildConfiguration;
			buildSettings = {
				ASSETCATALOG_COMPILER_APPICON_NAME = AppIcon;
				ASSETCATALOG_COMPILER_GLOBAL_ACCENT_COLOR_NAME = AccentColor;
				CODE_SIGN_STYLE = Automatic;
				CURRENT_PROJECT_VERSION = 1;
				DEVELOPMENT_ASSET_PATHS = "\"Shigo/Preview Content\"";
				DEVELOPMENT_TEAM = MW2482B7WH;
				ENABLE_PREVIEWS = YES;
				GENERATE_INFOPLIST_FILE = YES;
				INFOPLIST_FILE = Shigo/Info.plist;
				INFOPLIST_KEY_LSApplicationCategoryType = "public.app-category.shopping";
				INFOPLIST_KEY_UIApplicationSupportsIndirectInputEvents = YES;
				INFOPLIST_KEY_UILaunchScreen_Generation = YES;
				INFOPLIST_KEY_UISupportedInterfaceOrientations = UIInterfaceOrientationPortrait;
				LD_RUNPATH_SEARCH_PATHS = (
					"$(inherited)",
					"@executable_path/Frameworks",
				);
				MARKETING_VERSION = 1.0;
				PRODUCT_BUNDLE_IDENTIFIER = NomoSiOS.Shigo;
				PRODUCT_NAME = "$(TARGET_NAME)";
				SUPPORTED_PLATFORMS = "iphoneos iphonesimulator";
				SUPPORTS_MACCATALYST = NO;
				SUPPORTS_MAC_DESIGNED_FOR_IPHONE_IPAD = NO;
				SWIFT_EMIT_LOC_STRINGS = YES;
				SWIFT_VERSION = 5.0;
				TARGETED_DEVICE_FAMILY = 1;
			};
			name = Debug;
		};
		349CF61C299614F0005B9150 /* Release */ = {
			isa = XCBuildConfiguration;
			buildSettings = {
				ASSETCATALOG_COMPILER_APPICON_NAME = AppIcon;
				ASSETCATALOG_COMPILER_GLOBAL_ACCENT_COLOR_NAME = AccentColor;
				CODE_SIGN_STYLE = Automatic;
				CURRENT_PROJECT_VERSION = 1;
				DEVELOPMENT_ASSET_PATHS = "\"Shigo/Preview Content\"";
				DEVELOPMENT_TEAM = MW2482B7WH;
				ENABLE_PREVIEWS = YES;
				GENERATE_INFOPLIST_FILE = YES;
				INFOPLIST_FILE = Shigo/Info.plist;
				INFOPLIST_KEY_LSApplicationCategoryType = "public.app-category.shopping";
				INFOPLIST_KEY_UIApplicationSupportsIndirectInputEvents = YES;
				INFOPLIST_KEY_UILaunchScreen_Generation = YES;
				INFOPLIST_KEY_UISupportedInterfaceOrientations = UIInterfaceOrientationPortrait;
				LD_RUNPATH_SEARCH_PATHS = (
					"$(inherited)",
					"@executable_path/Frameworks",
				);
				MARKETING_VERSION = 1.0;
				PRODUCT_BUNDLE_IDENTIFIER = NomoSiOS.Shigo;
				PRODUCT_NAME = "$(TARGET_NAME)";
				SUPPORTED_PLATFORMS = "iphoneos iphonesimulator";
				SUPPORTS_MACCATALYST = NO;
				SUPPORTS_MAC_DESIGNED_FOR_IPHONE_IPAD = NO;
				SWIFT_EMIT_LOC_STRINGS = YES;
				SWIFT_VERSION = 5.0;
				TARGETED_DEVICE_FAMILY = 1;
			};
			name = Release;
		};
/* End XCBuildConfiguration section */

/* Begin XCConfigurationList section */
		349CF607299614ED005B9150 /* Build configuration list for PBXProject "Shigo" */ = {
			isa = XCConfigurationList;
			buildConfigurations = (
				349CF618299614F0005B9150 /* Debug */,
				349CF619299614F0005B9150 /* Release */,
			);
			defaultConfigurationIsVisible = 0;
			defaultConfigurationName = Release;
		};
		349CF61A299614F0005B9150 /* Build configuration list for PBXNativeTarget "Shigo" */ = {
			isa = XCConfigurationList;
			buildConfigurations = (
				349CF61B299614F0005B9150 /* Debug */,
				349CF61C299614F0005B9150 /* Release */,
			);
			defaultConfigurationIsVisible = 0;
			defaultConfigurationName = Release;
		};
/* End XCConfigurationList section */

/* Begin XCRemoteSwiftPackageReference section */
		34AACD9529B284AE006E29FE /* XCRemoteSwiftPackageReference "firebase-ios-sdk" */ = {
			isa = XCRemoteSwiftPackageReference;
			repositoryURL = "https://github.com/firebase/firebase-ios-sdk";
			requirement = {
				kind = upToNextMajorVersion;
				minimumVersion = 9.0.0;
			};
		};
/* End XCRemoteSwiftPackageReference section */

/* Begin XCSwiftPackageProductDependency section */
		34AACD9629B284AE006E29FE /* FirebaseAuth */ = {
			isa = XCSwiftPackageProductDependency;
			package = 34AACD9529B284AE006E29FE /* XCRemoteSwiftPackageReference "firebase-ios-sdk" */;
			productName = FirebaseAuth;
		};
		34AACD9829B284AE006E29FE /* FirebaseFirestore */ = {
			isa = XCSwiftPackageProductDependency;
			package = 34AACD9529B284AE006E29FE /* XCRemoteSwiftPackageReference "firebase-ios-sdk" */;
			productName = FirebaseFirestore;
		};
		34AACD9A29B284AE006E29FE /* FirebaseStorage */ = {
			isa = XCSwiftPackageProductDependency;
			package = 34AACD9529B284AE006E29FE /* XCRemoteSwiftPackageReference "firebase-ios-sdk" */;
			productName = FirebaseStorage;
		};
/* End XCSwiftPackageProductDependency section */
	};
	rootObject = 349CF604299614ED005B9150 /* Project object */;
}
