// !$*UTF8*$!
{
	archiveVersion = 1;
	classes = {
	};
	objectVersion = 56;
	objects = {

/* Begin PBXBuildFile section */
		3420943529C24D02009AF8BC /* Metin2AddServerAppApp.swift in Sources */ = {isa = PBXBuildFile; fileRef = 3420943429C24D02009AF8BC /* Metin2AddServerAppApp.swift */; };
		3420943929C24D04009AF8BC /* Assets.xcassets in Resources */ = {isa = PBXBuildFile; fileRef = 3420943829C24D04009AF8BC /* Assets.xcassets */; };
		3420943C29C24D04009AF8BC /* Preview Assets.xcassets in Resources */ = {isa = PBXBuildFile; fileRef = 3420943B29C24D04009AF8BC /* Preview Assets.xcassets */; };
		3420944B29C2EA5B009AF8BC /* MainView.swift in Sources */ = {isa = PBXBuildFile; fileRef = 3420944A29C2EA5B009AF8BC /* MainView.swift */; };
		3420944E29C2EA66009AF8BC /* MainViewModel.swift in Sources */ = {isa = PBXBuildFile; fileRef = 3420944D29C2EA66009AF8BC /* MainViewModel.swift */; };
		3420945229C2EAE8009AF8BC /* Colorments.swift in Sources */ = {isa = PBXBuildFile; fileRef = 3420945129C2EAE8009AF8BC /* Colorments.swift */; };
		3420945829C2EBC5009AF8BC /* RegularButton.swift in Sources */ = {isa = PBXBuildFile; fileRef = 3420945729C2EBC5009AF8BC /* RegularButton.swift */; };
		3420945A29C2FC6E009AF8BC /* SlideButton.swift in Sources */ = {isa = PBXBuildFile; fileRef = 3420945929C2FC6E009AF8BC /* SlideButton.swift */; };
		3420945C29C2FEB0009AF8BC /* ChatButton.swift in Sources */ = {isa = PBXBuildFile; fileRef = 3420945B29C2FEB0009AF8BC /* ChatButton.swift */; };
		3420946729C32C94009AF8BC /* ButtonActivesModel.swift in Sources */ = {isa = PBXBuildFile; fileRef = 3420946629C32C94009AF8BC /* ButtonActivesModel.swift */; };
		3420947229C341F7009AF8BC /* PresentedSheetsView.swift in Sources */ = {isa = PBXBuildFile; fileRef = 3420947129C341F7009AF8BC /* PresentedSheetsView.swift */; };
		3465595B29C6123F005A3C17 /* FirebaseFirestore in Frameworks */ = {isa = PBXBuildFile; productRef = 3465595A29C6123F005A3C17 /* FirebaseFirestore */; };
		3465595D29C6123F005A3C17 /* FirebaseFirestoreSwift in Frameworks */ = {isa = PBXBuildFile; productRef = 3465595C29C6123F005A3C17 /* FirebaseFirestoreSwift */; };
/* End PBXBuildFile section */

/* Begin PBXFileReference section */
		3420943129C24D02009AF8BC /* Metin2Hanesi.app */ = {isa = PBXFileReference; explicitFileType = wrapper.application; includeInIndex = 0; path = Metin2Hanesi.app; sourceTree = BUILT_PRODUCTS_DIR; };
		3420943429C24D02009AF8BC /* Metin2AddServerAppApp.swift */ = {isa = PBXFileReference; lastKnownFileType = sourcecode.swift; path = Metin2AddServerAppApp.swift; sourceTree = "<group>"; };
		3420943829C24D04009AF8BC /* Assets.xcassets */ = {isa = PBXFileReference; lastKnownFileType = folder.assetcatalog; path = Assets.xcassets; sourceTree = "<group>"; };
		3420943B29C24D04009AF8BC /* Preview Assets.xcassets */ = {isa = PBXFileReference; lastKnownFileType = folder.assetcatalog; path = "Preview Assets.xcassets"; sourceTree = "<group>"; };
		3420944A29C2EA5B009AF8BC /* MainView.swift */ = {isa = PBXFileReference; lastKnownFileType = sourcecode.swift; path = MainView.swift; sourceTree = "<group>"; };
		3420944D29C2EA66009AF8BC /* MainViewModel.swift */ = {isa = PBXFileReference; lastKnownFileType = sourcecode.swift; path = MainViewModel.swift; sourceTree = "<group>"; };
		3420945129C2EAE8009AF8BC /* Colorments.swift */ = {isa = PBXFileReference; lastKnownFileType = sourcecode.swift; path = Colorments.swift; sourceTree = "<group>"; };
		3420945729C2EBC5009AF8BC /* RegularButton.swift */ = {isa = PBXFileReference; lastKnownFileType = sourcecode.swift; path = RegularButton.swift; sourceTree = "<group>"; };
		3420945929C2FC6E009AF8BC /* SlideButton.swift */ = {isa = PBXFileReference; lastKnownFileType = sourcecode.swift; path = SlideButton.swift; sourceTree = "<group>"; };
		3420945B29C2FEB0009AF8BC /* ChatButton.swift */ = {isa = PBXFileReference; lastKnownFileType = sourcecode.swift; path = ChatButton.swift; sourceTree = "<group>"; };
		3420946629C32C94009AF8BC /* ButtonActivesModel.swift */ = {isa = PBXFileReference; lastKnownFileType = sourcecode.swift; path = ButtonActivesModel.swift; sourceTree = "<group>"; };
		3420947129C341F7009AF8BC /* PresentedSheetsView.swift */ = {isa = PBXFileReference; lastKnownFileType = sourcecode.swift; path = PresentedSheetsView.swift; sourceTree = "<group>"; };
/* End PBXFileReference section */

/* Begin PBXFrameworksBuildPhase section */
		3420942E29C24D02009AF8BC /* Frameworks */ = {
			isa = PBXFrameworksBuildPhase;
			buildActionMask = 2147483647;
			files = (
				3465595B29C6123F005A3C17 /* FirebaseFirestore in Frameworks */,
				3465595D29C6123F005A3C17 /* FirebaseFirestoreSwift in Frameworks */,
			);
			runOnlyForDeploymentPostprocessing = 0;
		};
/* End PBXFrameworksBuildPhase section */

/* Begin PBXGroup section */
		3420942829C24D02009AF8BC = {
			isa = PBXGroup;
			children = (
				3420943329C24D02009AF8BC /* Metin2Hanesi */,
				3420943229C24D02009AF8BC /* Products */,
			);
			sourceTree = "<group>";
		};
		3420943229C24D02009AF8BC /* Products */ = {
			isa = PBXGroup;
			children = (
				3420943129C24D02009AF8BC /* Metin2Hanesi.app */,
			);
			name = Products;
			sourceTree = "<group>";
		};
		3420943329C24D02009AF8BC /* Metin2Hanesi */ = {
			isa = PBXGroup;
			children = (
				3420944229C2E9F8009AF8BC /* Core */,
				3420944329C2E9FA009AF8BC /* Service */,
				3420946529C32C71009AF8BC /* Model */,
				3420944529C2EA0E009AF8BC /* Utils */,
				3420943A29C24D04009AF8BC /* Preview Content */,
			);
			path = Metin2Hanesi;
			sourceTree = "<group>";
		};
		3420943A29C24D04009AF8BC /* Preview Content */ = {
			isa = PBXGroup;
			children = (
				3420943B29C24D04009AF8BC /* Preview Assets.xcassets */,
			);
			path = "Preview Content";
			sourceTree = "<group>";
		};
		3420944229C2E9F8009AF8BC /* Core */ = {
			isa = PBXGroup;
			children = (
				3420944829C2EA2A009AF8BC /* App */,
				3420944729C2EA27009AF8BC /* View */,
				3420945429C2EB92009AF8BC /* ViewSub */,
				3420944629C2EA24009AF8BC /* Helper */,
			);
			path = Core;
			sourceTree = "<group>";
		};
		3420944329C2E9FA009AF8BC /* Service */ = {
			isa = PBXGroup;
			children = (
			);
			path = Service;
			sourceTree = "<group>";
		};
		3420944529C2EA0E009AF8BC /* Utils */ = {
			isa = PBXGroup;
			children = (
				3420943829C24D04009AF8BC /* Assets.xcassets */,
			);
			path = Utils;
			sourceTree = "<group>";
		};
		3420944629C2EA24009AF8BC /* Helper */ = {
			isa = PBXGroup;
			children = (
				3420944F29C2EAC6009AF8BC /* Instruments */,
			);
			path = Helper;
			sourceTree = "<group>";
		};
		3420944729C2EA27009AF8BC /* View */ = {
			isa = PBXGroup;
			children = (
				3420944929C2EA4E009AF8BC /* Main */,
			);
			path = View;
			sourceTree = "<group>";
		};
		3420944829C2EA2A009AF8BC /* App */ = {
			isa = PBXGroup;
			children = (
				3420943429C24D02009AF8BC /* Metin2AddServerAppApp.swift */,
			);
			path = App;
			sourceTree = "<group>";
		};
		3420944929C2EA4E009AF8BC /* Main */ = {
			isa = PBXGroup;
			children = (
				3420944D29C2EA66009AF8BC /* MainViewModel.swift */,
				3420944A29C2EA5B009AF8BC /* MainView.swift */,
			);
			path = Main;
			sourceTree = "<group>";
		};
		3420944F29C2EAC6009AF8BC /* Instruments */ = {
			isa = PBXGroup;
			children = (
				3420945329C2EB64009AF8BC /* Imagements */,
				3420945029C2EAD2009AF8BC /* Colorments */,
			);
			path = Instruments;
			sourceTree = "<group>";
		};
		3420945029C2EAD2009AF8BC /* Colorments */ = {
			isa = PBXGroup;
			children = (
				3420945129C2EAE8009AF8BC /* Colorments.swift */,
			);
			path = Colorments;
			sourceTree = "<group>";
		};
		3420945329C2EB64009AF8BC /* Imagements */ = {
			isa = PBXGroup;
			children = (
			);
			path = Imagements;
			sourceTree = "<group>";
		};
		3420945429C2EB92009AF8BC /* ViewSub */ = {
			isa = PBXGroup;
			children = (
				3420945629C2EBB2009AF8BC /* Button */,
				3420947029C341C7009AF8BC /* view */,
			);
			path = ViewSub;
			sourceTree = "<group>";
		};
		3420945529C2EBA5009AF8BC /* Main */ = {
			isa = PBXGroup;
			children = (
				3420947129C341F7009AF8BC /* PresentedSheetsView.swift */,
			);
			path = Main;
			sourceTree = "<group>";
		};
		3420945629C2EBB2009AF8BC /* Button */ = {
			isa = PBXGroup;
			children = (
				3420945729C2EBC5009AF8BC /* RegularButton.swift */,
				3420945929C2FC6E009AF8BC /* SlideButton.swift */,
				3420945B29C2FEB0009AF8BC /* ChatButton.swift */,
			);
			path = Button;
			sourceTree = "<group>";
		};
		3420946529C32C71009AF8BC /* Model */ = {
			isa = PBXGroup;
			children = (
				3420946629C32C94009AF8BC /* ButtonActivesModel.swift */,
			);
			path = Model;
			sourceTree = "<group>";
		};
		3420947029C341C7009AF8BC /* view */ = {
			isa = PBXGroup;
			children = (
				3420945529C2EBA5009AF8BC /* Main */,
			);
			path = view;
			sourceTree = "<group>";
		};
/* End PBXGroup section */

/* Begin PBXNativeTarget section */
		3420943029C24D02009AF8BC /* Metin2Hanesi */ = {
			isa = PBXNativeTarget;
			buildConfigurationList = 3420943F29C24D04009AF8BC /* Build configuration list for PBXNativeTarget "Metin2Hanesi" */;
			buildPhases = (
				3420942D29C24D02009AF8BC /* Sources */,
				3420942E29C24D02009AF8BC /* Frameworks */,
				3420942F29C24D02009AF8BC /* Resources */,
			);
			buildRules = (
			);
			dependencies = (
			);
			name = Metin2Hanesi;
			packageProductDependencies = (
				3465595A29C6123F005A3C17 /* FirebaseFirestore */,
				3465595C29C6123F005A3C17 /* FirebaseFirestoreSwift */,
			);
			productName = Metin2AddServerApp;
			productReference = 3420943129C24D02009AF8BC /* Metin2Hanesi.app */;
			productType = "com.apple.product-type.application";
		};
/* End PBXNativeTarget section */

/* Begin PBXProject section */
		3420942929C24D02009AF8BC /* Project object */ = {
			isa = PBXProject;
			attributes = {
				BuildIndependentTargetsInParallel = 1;
				LastSwiftUpdateCheck = 1420;
				LastUpgradeCheck = 1420;
				TargetAttributes = {
					3420943029C24D02009AF8BC = {
						CreatedOnToolsVersion = 14.2;
					};
				};
			};
			buildConfigurationList = 3420942C29C24D02009AF8BC /* Build configuration list for PBXProject "Metin2Hanesi" */;
			compatibilityVersion = "Xcode 14.0";
			developmentRegion = en;
			hasScannedForEncodings = 0;
			knownRegions = (
				en,
				Base,
			);
			mainGroup = 3420942829C24D02009AF8BC;
			packageReferences = (
				3465595929C6123F005A3C17 /* XCRemoteSwiftPackageReference "firebase-ios-sdk" */,
			);
			productRefGroup = 3420943229C24D02009AF8BC /* Products */;
			projectDirPath = "";
			projectRoot = "";
			targets = (
				3420943029C24D02009AF8BC /* Metin2Hanesi */,
			);
		};
/* End PBXProject section */

/* Begin PBXResourcesBuildPhase section */
		3420942F29C24D02009AF8BC /* Resources */ = {
			isa = PBXResourcesBuildPhase;
			buildActionMask = 2147483647;
			files = (
				3420943C29C24D04009AF8BC /* Preview Assets.xcassets in Resources */,
				3420943929C24D04009AF8BC /* Assets.xcassets in Resources */,
			);
			runOnlyForDeploymentPostprocessing = 0;
		};
/* End PBXResourcesBuildPhase section */

/* Begin PBXSourcesBuildPhase section */
		3420942D29C24D02009AF8BC /* Sources */ = {
			isa = PBXSourcesBuildPhase;
			buildActionMask = 2147483647;
			files = (
				3420945A29C2FC6E009AF8BC /* SlideButton.swift in Sources */,
				3420944B29C2EA5B009AF8BC /* MainView.swift in Sources */,
				3420946729C32C94009AF8BC /* ButtonActivesModel.swift in Sources */,
				3420945229C2EAE8009AF8BC /* Colorments.swift in Sources */,
				3420943529C24D02009AF8BC /* Metin2AddServerAppApp.swift in Sources */,
				3420945829C2EBC5009AF8BC /* RegularButton.swift in Sources */,
				3420947229C341F7009AF8BC /* PresentedSheetsView.swift in Sources */,
				3420944E29C2EA66009AF8BC /* MainViewModel.swift in Sources */,
				3420945C29C2FEB0009AF8BC /* ChatButton.swift in Sources */,
			);
			runOnlyForDeploymentPostprocessing = 0;
		};
/* End PBXSourcesBuildPhase section */

/* Begin XCBuildConfiguration section */
		3420943D29C24D04009AF8BC /* Debug */ = {
			isa = XCBuildConfiguration;
			buildSettings = {
				ALWAYS_SEARCH_USER_PATHS = NO;
				CLANG_ANALYZER_NONNULL = YES;
				CLANG_ANALYZER_NUMBER_OBJECT_CONVERSION = YES_AGGRESSIVE;
				CLANG_CXX_LANGUAGE_STANDARD = "gnu++20";
				CLANG_ENABLE_MODULES = YES;
				CLANG_ENABLE_OBJC_ARC = YES;
				CLANG_ENABLE_OBJC_WEAK = YES;
				CLANG_WARN_BLOCK_CAPTURE_AUTORELEASING = YES;
				CLANG_WARN_BOOL_CONVERSION = YES;
				CLANG_WARN_COMMA = YES;
				CLANG_WARN_CONSTANT_CONVERSION = YES;
				CLANG_WARN_DEPRECATED_OBJC_IMPLEMENTATIONS = YES;
				CLANG_WARN_DIRECT_OBJC_ISA_USAGE = YES_ERROR;
				CLANG_WARN_DOCUMENTATION_COMMENTS = YES;
				CLANG_WARN_EMPTY_BODY = YES;
				CLANG_WARN_ENUM_CONVERSION = YES;
				CLANG_WARN_INFINITE_RECURSION = YES;
				CLANG_WARN_INT_CONVERSION = YES;
				CLANG_WARN_NON_LITERAL_NULL_CONVERSION = YES;
				CLANG_WARN_OBJC_IMPLICIT_RETAIN_SELF = YES;
				CLANG_WARN_OBJC_LITERAL_CONVERSION = YES;
				CLANG_WARN_OBJC_ROOT_CLASS = YES_ERROR;
				CLANG_WARN_QUOTED_INCLUDE_IN_FRAMEWORK_HEADER = YES;
				CLANG_WARN_RANGE_LOOP_ANALYSIS = YES;
				CLANG_WARN_STRICT_PROTOTYPES = YES;
				CLANG_WARN_SUSPICIOUS_MOVE = YES;
				CLANG_WARN_UNGUARDED_AVAILABILITY = YES_AGGRESSIVE;
				CLANG_WARN_UNREACHABLE_CODE = YES;
				CLANG_WARN__DUPLICATE_METHOD_MATCH = YES;
				COPY_PHASE_STRIP = NO;
				DEBUG_INFORMATION_FORMAT = dwarf;
				ENABLE_STRICT_OBJC_MSGSEND = YES;
				ENABLE_TESTABILITY = YES;
				GCC_C_LANGUAGE_STANDARD = gnu11;
				GCC_DYNAMIC_NO_PIC = NO;
				GCC_NO_COMMON_BLOCKS = YES;
				GCC_OPTIMIZATION_LEVEL = 0;
				GCC_PREPROCESSOR_DEFINITIONS = (
					"DEBUG=1",
					"$(inherited)",
				);
				GCC_WARN_64_TO_32_BIT_CONVERSION = YES;
				GCC_WARN_ABOUT_RETURN_TYPE = YES_ERROR;
				GCC_WARN_UNDECLARED_SELECTOR = YES;
				GCC_WARN_UNINITIALIZED_AUTOS = YES_AGGRESSIVE;
				GCC_WARN_UNUSED_FUNCTION = YES;
				GCC_WARN_UNUSED_VARIABLE = YES;
				IPHONEOS_DEPLOYMENT_TARGET = 16.2;
				MTL_ENABLE_DEBUG_INFO = INCLUDE_SOURCE;
				MTL_FAST_MATH = YES;
				ONLY_ACTIVE_ARCH = YES;
				SDKROOT = iphoneos;
				SWIFT_ACTIVE_COMPILATION_CONDITIONS = DEBUG;
				SWIFT_OPTIMIZATION_LEVEL = "-Onone";
			};
			name = Debug;
		};
		3420943E29C24D04009AF8BC /* Release */ = {
			isa = XCBuildConfiguration;
			buildSettings = {
				ALWAYS_SEARCH_USER_PATHS = NO;
				CLANG_ANALYZER_NONNULL = YES;
				CLANG_ANALYZER_NUMBER_OBJECT_CONVERSION = YES_AGGRESSIVE;
				CLANG_CXX_LANGUAGE_STANDARD = "gnu++20";
				CLANG_ENABLE_MODULES = YES;
				CLANG_ENABLE_OBJC_ARC = YES;
				CLANG_ENABLE_OBJC_WEAK = YES;
				CLANG_WARN_BLOCK_CAPTURE_AUTORELEASING = YES;
				CLANG_WARN_BOOL_CONVERSION = YES;
				CLANG_WARN_COMMA = YES;
				CLANG_WARN_CONSTANT_CONVERSION = YES;
				CLANG_WARN_DEPRECATED_OBJC_IMPLEMENTATIONS = YES;
				CLANG_WARN_DIRECT_OBJC_ISA_USAGE = YES_ERROR;
				CLANG_WARN_DOCUMENTATION_COMMENTS = YES;
				CLANG_WARN_EMPTY_BODY = YES;
				CLANG_WARN_ENUM_CONVERSION = YES;
				CLANG_WARN_INFINITE_RECURSION = YES;
				CLANG_WARN_INT_CONVERSION = YES;
				CLANG_WARN_NON_LITERAL_NULL_CONVERSION = YES;
				CLANG_WARN_OBJC_IMPLICIT_RETAIN_SELF = YES;
				CLANG_WARN_OBJC_LITERAL_CONVERSION = YES;
				CLANG_WARN_OBJC_ROOT_CLASS = YES_ERROR;
				CLANG_WARN_QUOTED_INCLUDE_IN_FRAMEWORK_HEADER = YES;
				CLANG_WARN_RANGE_LOOP_ANALYSIS = YES;
				CLANG_WARN_STRICT_PROTOTYPES = YES;
				CLANG_WARN_SUSPICIOUS_MOVE = YES;
				CLANG_WARN_UNGUARDED_AVAILABILITY = YES_AGGRESSIVE;
				CLANG_WARN_UNREACHABLE_CODE = YES;
				CLANG_WARN__DUPLICATE_METHOD_MATCH = YES;
				COPY_PHASE_STRIP = NO;
				DEBUG_INFORMATION_FORMAT = "dwarf-with-dsym";
				ENABLE_NS_ASSERTIONS = NO;
				ENABLE_STRICT_OBJC_MSGSEND = YES;
				GCC_C_LANGUAGE_STANDARD = gnu11;
				GCC_NO_COMMON_BLOCKS = YES;
				GCC_WARN_64_TO_32_BIT_CONVERSION = YES;
				GCC_WARN_ABOUT_RETURN_TYPE = YES_ERROR;
				GCC_WARN_UNDECLARED_SELECTOR = YES;
				GCC_WARN_UNINITIALIZED_AUTOS = YES_AGGRESSIVE;
				GCC_WARN_UNUSED_FUNCTION = YES;
				GCC_WARN_UNUSED_VARIABLE = YES;
				IPHONEOS_DEPLOYMENT_TARGET = 16.2;
				MTL_ENABLE_DEBUG_INFO = NO;
				MTL_FAST_MATH = YES;
				SDKROOT = iphoneos;
				SWIFT_COMPILATION_MODE = wholemodule;
				SWIFT_OPTIMIZATION_LEVEL = "-O";
				VALIDATE_PRODUCT = YES;
			};
			name = Release;
		};
		3420944029C24D04009AF8BC /* Debug */ = {
			isa = XCBuildConfiguration;
			buildSettings = {
				ASSETCATALOG_COMPILER_APPICON_NAME = AppIcon;
				ASSETCATALOG_COMPILER_GLOBAL_ACCENT_COLOR_NAME = AccentColor;
				CODE_SIGN_STYLE = Automatic;
				CURRENT_PROJECT_VERSION = 1;
				DEVELOPMENT_ASSET_PATHS = "\"Metin2AddServerApp/Preview Content\"";
				DEVELOPMENT_TEAM = MW2482B7WH;
				ENABLE_PREVIEWS = YES;
				GENERATE_INFOPLIST_FILE = YES;
				INFOPLIST_KEY_UIApplicationSceneManifest_Generation = YES;
				INFOPLIST_KEY_UIApplicationSupportsIndirectInputEvents = YES;
				INFOPLIST_KEY_UILaunchScreen_Generation = YES;
				INFOPLIST_KEY_UISupportedInterfaceOrientations_iPad = "UIInterfaceOrientationPortrait UIInterfaceOrientationPortraitUpsideDown UIInterfaceOrientationLandscapeLeft UIInterfaceOrientationLandscapeRight";
				INFOPLIST_KEY_UISupportedInterfaceOrientations_iPhone = "UIInterfaceOrientationPortrait UIInterfaceOrientationLandscapeLeft UIInterfaceOrientationLandscapeRight";
				LD_RUNPATH_SEARCH_PATHS = (
					"$(inherited)",
					"@executable_path/Frameworks",
				);
				MARKETING_VERSION = 1.0;
				PRODUCT_BUNDLE_IDENTIFIER = NomoSiOS.Metin2Hanesi;
				PRODUCT_NAME = "$(TARGET_NAME)";
				SUPPORTED_PLATFORMS = "iphoneos iphonesimulator";
				SUPPORTS_MACCATALYST = NO;
				SUPPORTS_MAC_DESIGNED_FOR_IPHONE_IPAD = NO;
				SWIFT_EMIT_LOC_STRINGS = YES;
				SWIFT_VERSION = 5.0;
				TARGETED_DEVICE_FAMILY = 1;
			};
			name = Debug;
		};
		3420944129C24D04009AF8BC /* Release */ = {
			isa = XCBuildConfiguration;
			buildSettings = {
				ASSETCATALOG_COMPILER_APPICON_NAME = AppIcon;
				ASSETCATALOG_COMPILER_GLOBAL_ACCENT_COLOR_NAME = AccentColor;
				CODE_SIGN_STYLE = Automatic;
				CURRENT_PROJECT_VERSION = 1;
				DEVELOPMENT_ASSET_PATHS = "\"Metin2AddServerApp/Preview Content\"";
				DEVELOPMENT_TEAM = MW2482B7WH;
				ENABLE_PREVIEWS = YES;
				GENERATE_INFOPLIST_FILE = YES;
				INFOPLIST_KEY_UIApplicationSceneManifest_Generation = YES;
				INFOPLIST_KEY_UIApplicationSupportsIndirectInputEvents = YES;
				INFOPLIST_KEY_UILaunchScreen_Generation = YES;
				INFOPLIST_KEY_UISupportedInterfaceOrientations_iPad = "UIInterfaceOrientationPortrait UIInterfaceOrientationPortraitUpsideDown UIInterfaceOrientationLandscapeLeft UIInterfaceOrientationLandscapeRight";
				INFOPLIST_KEY_UISupportedInterfaceOrientations_iPhone = "UIInterfaceOrientationPortrait UIInterfaceOrientationLandscapeLeft UIInterfaceOrientationLandscapeRight";
				LD_RUNPATH_SEARCH_PATHS = (
					"$(inherited)",
					"@executable_path/Frameworks",
				);
				MARKETING_VERSION = 1.0;
				PRODUCT_BUNDLE_IDENTIFIER = NomoSiOS.Metin2Hanesi;
				PRODUCT_NAME = "$(TARGET_NAME)";
				SUPPORTED_PLATFORMS = "iphoneos iphonesimulator";
				SUPPORTS_MACCATALYST = NO;
				SUPPORTS_MAC_DESIGNED_FOR_IPHONE_IPAD = NO;
				SWIFT_EMIT_LOC_STRINGS = YES;
				SWIFT_VERSION = 5.0;
				TARGETED_DEVICE_FAMILY = 1;
			};
			name = Release;
		};
/* End XCBuildConfiguration section */

/* Begin XCConfigurationList section */
		3420942C29C24D02009AF8BC /* Build configuration list for PBXProject "Metin2Hanesi" */ = {
			isa = XCConfigurationList;
			buildConfigurations = (
				3420943D29C24D04009AF8BC /* Debug */,
				3420943E29C24D04009AF8BC /* Release */,
			);
			defaultConfigurationIsVisible = 0;
			defaultConfigurationName = Release;
		};
		3420943F29C24D04009AF8BC /* Build configuration list for PBXNativeTarget "Metin2Hanesi" */ = {
			isa = XCConfigurationList;
			buildConfigurations = (
				3420944029C24D04009AF8BC /* Debug */,
				3420944129C24D04009AF8BC /* Release */,
			);
			defaultConfigurationIsVisible = 0;
			defaultConfigurationName = Release;
		};
/* End XCConfigurationList section */

/* Begin XCRemoteSwiftPackageReference section */
		3465595929C6123F005A3C17 /* XCRemoteSwiftPackageReference "firebase-ios-sdk" */ = {
			isa = XCRemoteSwiftPackageReference;
			repositoryURL = "https://github.com/firebase/firebase-ios-sdk";
			requirement = {
				kind = upToNextMajorVersion;
				minimumVersion = 9.0.0;
			};
		};
/* End XCRemoteSwiftPackageReference section */

/* Begin XCSwiftPackageProductDependency section */
		3465595A29C6123F005A3C17 /* FirebaseFirestore */ = {
			isa = XCSwiftPackageProductDependency;
			package = 3465595929C6123F005A3C17 /* XCRemoteSwiftPackageReference "firebase-ios-sdk" */;
			productName = FirebaseFirestore;
		};
		3465595C29C6123F005A3C17 /* FirebaseFirestoreSwift */ = {
			isa = XCSwiftPackageProductDependency;
			package = 3465595929C6123F005A3C17 /* XCRemoteSwiftPackageReference "firebase-ios-sdk" */;
			productName = FirebaseFirestoreSwift;
		};
/* End XCSwiftPackageProductDependency section */
	};
	rootObject = 3420942929C24D02009AF8BC /* Project object */;
}
