// !$*UTF8*$!
{
	archiveVersion = 1;
	classes = {
	};
	objectVersion = 56;
	objects = {

/* Begin PBXBuildFile section */
		3401FEEB29F4AC10008B0011 /* ToofTabBar.swift in Sources */ = {isa = PBXBuildFile; fileRef = 3401FEEA29F4AC10008B0011 /* ToofTabBar.swift */; };
		3401FEED29F4B072008B0011 /* CustomTabBar.swift in Sources */ = {isa = PBXBuildFile; fileRef = 3401FEEC29F4B072008B0011 /* CustomTabBar.swift */; };
		3401FEEF29F4B2BC008B0011 /* CustomTabBarContainer.swift in Sources */ = {isa = PBXBuildFile; fileRef = 3401FEEE29F4B2BC008B0011 /* CustomTabBarContainer.swift */; };
		3401FEF229F4D571008B0011 /* MainPlayerView.swift in Sources */ = {isa = PBXBuildFile; fileRef = 3401FEF129F4D571008B0011 /* MainPlayerView.swift */; };
		3401FEF429F4D5CD008B0011 /* MainPlayerViewModel.swift in Sources */ = {isa = PBXBuildFile; fileRef = 3401FEF329F4D5CD008B0011 /* MainPlayerViewModel.swift */; };
		3401FEF729F4DB0E008B0011 /* PlayInterector.swift in Sources */ = {isa = PBXBuildFile; fileRef = 3401FEF629F4DB0E008B0011 /* PlayInterector.swift */; };
		3401FEF929F4DDB9008B0011 /* PlayerButton.swift in Sources */ = {isa = PBXBuildFile; fileRef = 3401FEF829F4DDB9008B0011 /* PlayerButton.swift */; };
		3401FEFD29F4DE16008B0011 /* TapBarPlayerView.swift in Sources */ = {isa = PBXBuildFile; fileRef = 3401FEFC29F4DE16008B0011 /* TapBarPlayerView.swift */; };
		3401FF0129F4E994008B0011 /* TabPlayerItems.swift in Sources */ = {isa = PBXBuildFile; fileRef = 3401FF0029F4E994008B0011 /* TabPlayerItems.swift */; };
		3401FF0329F4F845008B0011 /* DeviceSize.swift in Sources */ = {isa = PBXBuildFile; fileRef = 3401FF0229F4F845008B0011 /* DeviceSize.swift */; };
		3401FF0529F4FA55008B0011 /* Font+Extension.swift in Sources */ = {isa = PBXBuildFile; fileRef = 3401FF0429F4FA55008B0011 /* Font+Extension.swift */; };
		3401FF0729F4FC09008B0011 /* DocumentPicker.swift in Sources */ = {isa = PBXBuildFile; fileRef = 3401FF0629F4FC09008B0011 /* DocumentPicker.swift */; };
		3401FF0929F4FDA8008B0011 /* SearchBar.swift in Sources */ = {isa = PBXBuildFile; fileRef = 3401FF0829F4FDA8008B0011 /* SearchBar.swift */; };
		3401FF0B29F4FE78008B0011 /* MusicList.swift in Sources */ = {isa = PBXBuildFile; fileRef = 3401FF0A29F4FE78008B0011 /* MusicList.swift */; };
		3401FF0D29F5048B008B0011 /* MusicPlayer.swift in Sources */ = {isa = PBXBuildFile; fileRef = 3401FF0C29F5048B008B0011 /* MusicPlayer.swift */; };
		3402250B29FCC9D80032F59E /* Assets.xcassets in Resources */ = {isa = PBXBuildFile; fileRef = 3402250A29FCC9D80032F59E /* Assets.xcassets */; };
		3403825F29F248DF00E673BD /* SettingAccountViewModel.swift in Sources */ = {isa = PBXBuildFile; fileRef = 3403825E29F248DF00E673BD /* SettingAccountViewModel.swift */; };
		3403826229F24B8500E673BD /* SettingsHelpView.swift in Sources */ = {isa = PBXBuildFile; fileRef = 3403826129F24B8500E673BD /* SettingsHelpView.swift */; };
		3403826429F24B9500E673BD /* SettingsHelpViewModel.swift in Sources */ = {isa = PBXBuildFile; fileRef = 3403826329F24B9500E673BD /* SettingsHelpViewModel.swift */; };
		3415709729FE1A2B00292C06 /* AppleMusic.swift in Sources */ = {isa = PBXBuildFile; fileRef = 3415709629FE1A2B00292C06 /* AppleMusic.swift */; };
		3415709929FE668E00292C06 /* MusicPicker.swift in Sources */ = {isa = PBXBuildFile; fileRef = 3415709829FE668E00292C06 /* MusicPicker.swift */; };
		34345E9D29F8A12B000F7363 /* SearchTopButtons.swift in Sources */ = {isa = PBXBuildFile; fileRef = 34345E9C29F8A12B000F7363 /* SearchTopButtons.swift */; };
		343B3CF42A05785F00E0A536 /* PermissionDescription.swift in Sources */ = {isa = PBXBuildFile; fileRef = 343B3CF32A05785F00E0A536 /* PermissionDescription.swift */; };
		3450F30E29EEF98300B68DD4 /* User.swift in Sources */ = {isa = PBXBuildFile; fileRef = 3450F30D29EEF98300B68DD4 /* User.swift */; };
		3450F31029EEF9E900B68DD4 /* AuthManager.swift in Sources */ = {isa = PBXBuildFile; fileRef = 3450F30F29EEF9E900B68DD4 /* AuthManager.swift */; };
		3450F31229EEFD5700B68DD4 /* constant.swift in Sources */ = {isa = PBXBuildFile; fileRef = 3450F31129EEFD5700B68DD4 /* constant.swift */; };
		3450F31829EF0B2E00B68DD4 /* AuthRegisterView.swift in Sources */ = {isa = PBXBuildFile; fileRef = 3450F31729EF0B2E00B68DD4 /* AuthRegisterView.swift */; };
		3450F31B29EF0C0100B68DD4 /* AuthLoginView.swift in Sources */ = {isa = PBXBuildFile; fileRef = 3450F31A29EF0C0100B68DD4 /* AuthLoginView.swift */; };
		345936F329F0AE390000B1DD /* deviceHeader.swift in Sources */ = {isa = PBXBuildFile; fileRef = 345936F229F0AE390000B1DD /* deviceHeader.swift */; };
		345936F529F0B13B0000B1DD /* DeviceView.swift in Sources */ = {isa = PBXBuildFile; fileRef = 345936F429F0B13B0000B1DD /* DeviceView.swift */; };
		345936F729F0BE7C0000B1DD /* DeviceInfo.swift in Sources */ = {isa = PBXBuildFile; fileRef = 345936F629F0BE7C0000B1DD /* DeviceInfo.swift */; };
		345936F929F0C2640000B1DD /* ToofButtonStyle.swift in Sources */ = {isa = PBXBuildFile; fileRef = 345936F829F0C2640000B1DD /* ToofButtonStyle.swift */; };
		345936FB29F0C2750000B1DD /* ToofAltButton.swift in Sources */ = {isa = PBXBuildFile; fileRef = 345936FA29F0C2750000B1DD /* ToofAltButton.swift */; };
		345936FE29F0D8360000B1DD /* MainTabViewModel.swift in Sources */ = {isa = PBXBuildFile; fileRef = 345936FD29F0D8360000B1DD /* MainTabViewModel.swift */; };
		3459370429F0D8AC0000B1DD /* MainDeviceViewModel.swift in Sources */ = {isa = PBXBuildFile; fileRef = 3459370329F0D8AC0000B1DD /* MainDeviceViewModel.swift */; };
		3459370629F0D8B60000B1DD /* MainDeviceView.swift in Sources */ = {isa = PBXBuildFile; fileRef = 3459370529F0D8B60000B1DD /* MainDeviceView.swift */; };
		3459370829F0D8CA0000B1DD /* MainBrowseView.swift in Sources */ = {isa = PBXBuildFile; fileRef = 3459370729F0D8CA0000B1DD /* MainBrowseView.swift */; };
		3459370A29F0D8D50000B1DD /* MainBrowseViewModel.swift in Sources */ = {isa = PBXBuildFile; fileRef = 3459370929F0D8D50000B1DD /* MainBrowseViewModel.swift */; };
		3459370E29F0D8EC0000B1DD /* MainSearchViewModel.swift in Sources */ = {isa = PBXBuildFile; fileRef = 3459370D29F0D8EC0000B1DD /* MainSearchViewModel.swift */; };
		3459371029F0D8F70000B1DD /* MainSettingsView.swift in Sources */ = {isa = PBXBuildFile; fileRef = 3459370F29F0D8F70000B1DD /* MainSettingsView.swift */; };
		3459371229F0D9020000B1DD /* MainSettingsViewModel.swift in Sources */ = {isa = PBXBuildFile; fileRef = 3459371129F0D9020000B1DD /* MainSettingsViewModel.swift */; };
		3459371E29F1BF650000B1DD /* mainHeader.swift in Sources */ = {isa = PBXBuildFile; fileRef = 3459371D29F1BF650000B1DD /* mainHeader.swift */; };
		3459372029F1BFDC0000B1DD /* ToofBackButton.swift in Sources */ = {isa = PBXBuildFile; fileRef = 3459371F29F1BFDC0000B1DD /* ToofBackButton.swift */; };
		3459372229F1CAAD0000B1DD /* ConnectSection.swift in Sources */ = {isa = PBXBuildFile; fileRef = 3459372129F1CAAD0000B1DD /* ConnectSection.swift */; };
		3459372429F1CC640000B1DD /* connectSelections.swift in Sources */ = {isa = PBXBuildFile; fileRef = 3459372329F1CC640000B1DD /* connectSelections.swift */; };
		3459372629F1F2760000B1DD /* MusicServicesModel.swift in Sources */ = {isa = PBXBuildFile; fileRef = 3459372529F1F2760000B1DD /* MusicServicesModel.swift */; };
		3459372829F1F3850000B1DD /* musicServiceList.swift in Sources */ = {isa = PBXBuildFile; fileRef = 3459372729F1F3850000B1DD /* musicServiceList.swift */; };
		3459372A29F1FD080000B1DD /* ToofList.swift in Sources */ = {isa = PBXBuildFile; fileRef = 3459372929F1FD080000B1DD /* ToofList.swift */; };
		3459372E29F21B5F0000B1DD /* SettingsAccountView.swift in Sources */ = {isa = PBXBuildFile; fileRef = 3459372D29F21B5F0000B1DD /* SettingsAccountView.swift */; };
		3459373029F21BBD0000B1DD /* CustomListModel.swift in Sources */ = {isa = PBXBuildFile; fileRef = 3459372F29F21BBD0000B1DD /* CustomListModel.swift */; };
		348907582A0DF31C005998D0 /* Alamofire in Frameworks */ = {isa = PBXBuildFile; productRef = 348907572A0DF31C005998D0 /* Alamofire */; };
		349FA0D829EE02EA00E725B2 /* TOOF_AudioApp.swift in Sources */ = {isa = PBXBuildFile; fileRef = 349FA0D729EE02EA00E725B2 /* TOOF_AudioApp.swift */; };
		349FA0DF29EE02EC00E725B2 /* Preview Assets.xcassets in Resources */ = {isa = PBXBuildFile; fileRef = 349FA0DE29EE02EC00E725B2 /* Preview Assets.xcassets */; };
		349FA0E829EED40B00E725B2 /* AppDelegate.swift in Sources */ = {isa = PBXBuildFile; fileRef = 349FA0E729EED40B00E725B2 /* AppDelegate.swift */; };
		349FA0F629EEDEE800E725B2 /* SplashView.swift in Sources */ = {isa = PBXBuildFile; fileRef = 349FA0F529EEDEE800E725B2 /* SplashView.swift */; };
		349FA0FD29EEE04900E725B2 /* SplashViewModel.swift in Sources */ = {isa = PBXBuildFile; fileRef = 349FA0FC29EEE04900E725B2 /* SplashViewModel.swift */; };
		349FA0FF29EEE0CE00E725B2 /* OnboardingViewModel.swift in Sources */ = {isa = PBXBuildFile; fileRef = 349FA0FE29EEE0CE00E725B2 /* OnboardingViewModel.swift */; };
		349FA10129EEE0DD00E725B2 /* OnboardingView.swift in Sources */ = {isa = PBXBuildFile; fileRef = 349FA10029EEE0DD00E725B2 /* OnboardingView.swift */; };
		349FA10929EEE25D00E725B2 /* Localizable.strings in Resources */ = {isa = PBXBuildFile; fileRef = 349FA10B29EEE25D00E725B2 /* Localizable.strings */; };
		349FA11129EEE4C800E725B2 /* splashFastView.swift in Sources */ = {isa = PBXBuildFile; fileRef = 349FA11029EEE4C800E725B2 /* splashFastView.swift */; };
		349FA12829EEE76600E725B2 /* String+Extension.swift in Sources */ = {isa = PBXBuildFile; fileRef = 349FA12729EEE76600E725B2 /* String+Extension.swift */; };
		349FA14E29EEEEEB00E725B2 /* ColorHelper.swift in Sources */ = {isa = PBXBuildFile; fileRef = 349FA14329EEEEEB00E725B2 /* ColorHelper.swift */; };
		349FA14F29EEEEEB00E725B2 /* ColorHandler.swift in Sources */ = {isa = PBXBuildFile; fileRef = 349FA14429EEEEEB00E725B2 /* ColorHandler.swift */; };
		349FA15029EEEEEB00E725B2 /* ImageHelper.swift in Sources */ = {isa = PBXBuildFile; fileRef = 349FA14629EEEEEB00E725B2 /* ImageHelper.swift */; };
		349FA15129EEEEEB00E725B2 /* ImageHandler.swift in Sources */ = {isa = PBXBuildFile; fileRef = 349FA14729EEEEEB00E725B2 /* ImageHandler.swift */; };
		349FA15229EEEEEB00E725B2 /* TextHelper.swift in Sources */ = {isa = PBXBuildFile; fileRef = 349FA14929EEEEEB00E725B2 /* TextHelper.swift */; };
		349FA15329EEEEEB00E725B2 /* TextHandler.swift in Sources */ = {isa = PBXBuildFile; fileRef = 349FA14A29EEEEEB00E725B2 /* TextHandler.swift */; };
		349FA15429EEEEEB00E725B2 /* FontHandler.swift in Sources */ = {isa = PBXBuildFile; fileRef = 349FA14C29EEEEEB00E725B2 /* FontHandler.swift */; };
		349FA15529EEEEEB00E725B2 /* FontHelper.swift in Sources */ = {isa = PBXBuildFile; fileRef = 349FA14D29EEEEEB00E725B2 /* FontHelper.swift */; };
		349FA15729EEEF7400E725B2 /* View+Extension.swift in Sources */ = {isa = PBXBuildFile; fileRef = 349FA15629EEEF7400E725B2 /* View+Extension.swift */; };
		34ADAE6E29FD773D007BBBFA /* MainSearchView.swift in Sources */ = {isa = PBXBuildFile; fileRef = 34ADAE6D29FD773D007BBBFA /* MainSearchView.swift */; };
		34AFC0D529EF8730002BEDE2 /* authSwitchAuthButton.swift in Sources */ = {isa = PBXBuildFile; fileRef = 34AFC0D429EF8730002BEDE2 /* authSwitchAuthButton.swift */; };
		34AFC0D729EFAEE9002BEDE2 /* AuthResetViewModel.swift in Sources */ = {isa = PBXBuildFile; fileRef = 34AFC0D629EFAEE8002BEDE2 /* AuthResetViewModel.swift */; };
		34AFC0DF29EFB367002BEDE2 /* DeviceFinderSearchViewModel.swift in Sources */ = {isa = PBXBuildFile; fileRef = 34AFC0DE29EFB367002BEDE2 /* DeviceFinderSearchViewModel.swift */; };
		34AFC0E229EFB38E002BEDE2 /* DeviceFinderViewModel.swift in Sources */ = {isa = PBXBuildFile; fileRef = 34AFC0E129EFB38E002BEDE2 /* DeviceFinderViewModel.swift */; };
		34AFC0E429EFB398002BEDE2 /* DeviceFinderFindView.swift in Sources */ = {isa = PBXBuildFile; fileRef = 34AFC0E329EFB398002BEDE2 /* DeviceFinderFindView.swift */; };
		34AFC0E629EFB3C0002BEDE2 /* DeviceFinderSearchView.swift in Sources */ = {isa = PBXBuildFile; fileRef = 34AFC0E529EFB3C0002BEDE2 /* DeviceFinderSearchView.swift */; };
		34AFC0E929EFB406002BEDE2 /* DeviceFinderHelpView.swift in Sources */ = {isa = PBXBuildFile; fileRef = 34AFC0E829EFB406002BEDE2 /* DeviceFinderHelpView.swift */; };
		34AFC0EB29EFB413002BEDE2 /* DeviceFinderHelpViewModel.swift in Sources */ = {isa = PBXBuildFile; fileRef = 34AFC0EA29EFB413002BEDE2 /* DeviceFinderHelpViewModel.swift */; };
		34C55D5729FAB33F0073927F /* ConnectDevice.swift in Sources */ = {isa = PBXBuildFile; fileRef = 34C55D5629FAB33F0073927F /* ConnectDevice.swift */; };
		34C55D5929FAB38D0073927F /* ContentView.swift in Sources */ = {isa = PBXBuildFile; fileRef = 34C55D5829FAB38D0073927F /* ContentView.swift */; };
		34C55D5C29FB748C0073927F /* DeviceFinderOpenAccessViewModel.swift in Sources */ = {isa = PBXBuildFile; fileRef = 34C55D5B29FB748C0073927F /* DeviceFinderOpenAccessViewModel.swift */; };
		34C55D5E29FB74970073927F /* DeviceFinderOpenAccessView.swift in Sources */ = {isa = PBXBuildFile; fileRef = 34C55D5D29FB74970073927F /* DeviceFinderOpenAccessView.swift */; };
		34C55D6029FB8E9B0073927F /* BluetoothPermissionManager.swift in Sources */ = {isa = PBXBuildFile; fileRef = 34C55D5F29FB8E9B0073927F /* BluetoothPermissionManager.swift */; };
		34C55D6229FB8F520073927F /* LocationPermissionManager.swift in Sources */ = {isa = PBXBuildFile; fileRef = 34C55D6129FB8F520073927F /* LocationPermissionManager.swift */; };
		34C55D6429FB90070073927F /* LocalNetworkAccessManager.swift in Sources */ = {isa = PBXBuildFile; fileRef = 34C55D6329FB90070073927F /* LocalNetworkAccessManager.swift */; };
		34D1CCC929EF2DC500886305 /* GoogleService-Info.plist in Resources */ = {isa = PBXBuildFile; fileRef = 34D1CCC829EF2DC500886305 /* GoogleService-Info.plist */; };
		34D1CCCD29EF334E00886305 /* MainTabView.swift in Sources */ = {isa = PBXBuildFile; fileRef = 34D1CCCC29EF334E00886305 /* MainTabView.swift */; };
		34D1CCD029EF39E600886305 /* FirebaseAnalytics in Frameworks */ = {isa = PBXBuildFile; productRef = 34D1CCCF29EF39E600886305 /* FirebaseAnalytics */; };
		34D1CCD229EF39E600886305 /* FirebaseAuth in Frameworks */ = {isa = PBXBuildFile; productRef = 34D1CCD129EF39E600886305 /* FirebaseAuth */; };
		34D1CCD429EF39E600886305 /* FirebaseFirestore in Frameworks */ = {isa = PBXBuildFile; productRef = 34D1CCD329EF39E600886305 /* FirebaseFirestore */; };
		34D1CCD629EF39E600886305 /* FirebaseFirestoreSwift in Frameworks */ = {isa = PBXBuildFile; productRef = 34D1CCD529EF39E600886305 /* FirebaseFirestoreSwift */; };
		34FDC37F29EF4B0100F4308D /* AuthLoginViewModel.swift in Sources */ = {isa = PBXBuildFile; fileRef = 34FDC37E29EF4B0100F4308D /* AuthLoginViewModel.swift */; };
		34FDC38129EF4B0B00F4308D /* AuthRegisterViewModel.swift in Sources */ = {isa = PBXBuildFile; fileRef = 34FDC38029EF4B0B00F4308D /* AuthRegisterViewModel.swift */; };
		34FDC38729EF4C3200F4308D /* authBackground.swift in Sources */ = {isa = PBXBuildFile; fileRef = 34FDC38629EF4C3200F4308D /* authBackground.swift */; };
		34FDC38929EF4E0D00F4308D /* authHeader.swift in Sources */ = {isa = PBXBuildFile; fileRef = 34FDC38829EF4E0D00F4308D /* authHeader.swift */; };
		34FDC38C29EF585800F4308D /* ToofTextField.swift in Sources */ = {isa = PBXBuildFile; fileRef = 34FDC38B29EF585800F4308D /* ToofTextField.swift */; };
		34FDC39029EF67D600F4308D /* AuthResetView.swift in Sources */ = {isa = PBXBuildFile; fileRef = 34FDC38F29EF67D600F4308D /* AuthResetView.swift */; };
		34FDC39229EF68D700F4308D /* ToofButton.swift in Sources */ = {isa = PBXBuildFile; fileRef = 34FDC39129EF68D700F4308D /* ToofButton.swift */; };
/* End PBXBuildFile section */

/* Begin PBXFileReference section */
		3401FEEA29F4AC10008B0011 /* ToofTabBar.swift */ = {isa = PBXFileReference; lastKnownFileType = sourcecode.swift; path = ToofTabBar.swift; sourceTree = "<group>"; };
		3401FEEC29F4B072008B0011 /* CustomTabBar.swift */ = {isa = PBXFileReference; lastKnownFileType = sourcecode.swift; path = CustomTabBar.swift; sourceTree = "<group>"; };
		3401FEEE29F4B2BC008B0011 /* CustomTabBarContainer.swift */ = {isa = PBXFileReference; lastKnownFileType = sourcecode.swift; path = CustomTabBarContainer.swift; sourceTree = "<group>"; };
		3401FEF129F4D571008B0011 /* MainPlayerView.swift */ = {isa = PBXFileReference; lastKnownFileType = sourcecode.swift; path = MainPlayerView.swift; sourceTree = "<group>"; };
		3401FEF329F4D5CD008B0011 /* MainPlayerViewModel.swift */ = {isa = PBXFileReference; lastKnownFileType = sourcecode.swift; path = MainPlayerViewModel.swift; sourceTree = "<group>"; };
		3401FEF629F4DB0E008B0011 /* PlayInterector.swift */ = {isa = PBXFileReference; lastKnownFileType = sourcecode.swift; path = PlayInterector.swift; sourceTree = "<group>"; };
		3401FEF829F4DDB9008B0011 /* PlayerButton.swift */ = {isa = PBXFileReference; lastKnownFileType = sourcecode.swift; path = PlayerButton.swift; sourceTree = "<group>"; };
		3401FEFC29F4DE16008B0011 /* TapBarPlayerView.swift */ = {isa = PBXFileReference; lastKnownFileType = sourcecode.swift; path = TapBarPlayerView.swift; sourceTree = "<group>"; };
		3401FF0029F4E994008B0011 /* TabPlayerItems.swift */ = {isa = PBXFileReference; lastKnownFileType = sourcecode.swift; path = TabPlayerItems.swift; sourceTree = "<group>"; };
		3401FF0229F4F845008B0011 /* DeviceSize.swift */ = {isa = PBXFileReference; lastKnownFileType = sourcecode.swift; path = DeviceSize.swift; sourceTree = "<group>"; };
		3401FF0429F4FA55008B0011 /* Font+Extension.swift */ = {isa = PBXFileReference; lastKnownFileType = sourcecode.swift; path = "Font+Extension.swift"; sourceTree = "<group>"; };
		3401FF0629F4FC09008B0011 /* DocumentPicker.swift */ = {isa = PBXFileReference; lastKnownFileType = sourcecode.swift; path = DocumentPicker.swift; sourceTree = "<group>"; };
		3401FF0829F4FDA8008B0011 /* SearchBar.swift */ = {isa = PBXFileReference; lastKnownFileType = sourcecode.swift; path = SearchBar.swift; sourceTree = "<group>"; };
		3401FF0A29F4FE78008B0011 /* MusicList.swift */ = {isa = PBXFileReference; lastKnownFileType = sourcecode.swift; path = MusicList.swift; sourceTree = "<group>"; };
		3401FF0C29F5048B008B0011 /* MusicPlayer.swift */ = {isa = PBXFileReference; lastKnownFileType = sourcecode.swift; path = MusicPlayer.swift; sourceTree = "<group>"; };
		3402250A29FCC9D80032F59E /* Assets.xcassets */ = {isa = PBXFileReference; lastKnownFileType = folder.assetcatalog; path = Assets.xcassets; sourceTree = "<group>"; };
		3403825E29F248DF00E673BD /* SettingAccountViewModel.swift */ = {isa = PBXFileReference; lastKnownFileType = sourcecode.swift; path = SettingAccountViewModel.swift; sourceTree = "<group>"; };
		3403826129F24B8500E673BD /* SettingsHelpView.swift */ = {isa = PBXFileReference; lastKnownFileType = sourcecode.swift; path = SettingsHelpView.swift; sourceTree = "<group>"; };
		3403826329F24B9500E673BD /* SettingsHelpViewModel.swift */ = {isa = PBXFileReference; lastKnownFileType = sourcecode.swift; path = SettingsHelpViewModel.swift; sourceTree = "<group>"; };
		3415709629FE1A2B00292C06 /* AppleMusic.swift */ = {isa = PBXFileReference; lastKnownFileType = sourcecode.swift; path = AppleMusic.swift; sourceTree = "<group>"; };
		3415709829FE668E00292C06 /* MusicPicker.swift */ = {isa = PBXFileReference; lastKnownFileType = sourcecode.swift; path = MusicPicker.swift; sourceTree = "<group>"; };
		34345E9C29F8A12B000F7363 /* SearchTopButtons.swift */ = {isa = PBXFileReference; lastKnownFileType = sourcecode.swift; path = SearchTopButtons.swift; sourceTree = "<group>"; };
		343B3CF32A05785F00E0A536 /* PermissionDescription.swift */ = {isa = PBXFileReference; lastKnownFileType = sourcecode.swift; path = PermissionDescription.swift; sourceTree = "<group>"; };
		3450F30D29EEF98300B68DD4 /* User.swift */ = {isa = PBXFileReference; lastKnownFileType = sourcecode.swift; path = User.swift; sourceTree = "<group>"; };
		3450F30F29EEF9E900B68DD4 /* AuthManager.swift */ = {isa = PBXFileReference; lastKnownFileType = sourcecode.swift; path = AuthManager.swift; sourceTree = "<group>"; };
		3450F31129EEFD5700B68DD4 /* constant.swift */ = {isa = PBXFileReference; lastKnownFileType = sourcecode.swift; path = constant.swift; sourceTree = "<group>"; };
		3450F31729EF0B2E00B68DD4 /* AuthRegisterView.swift */ = {isa = PBXFileReference; lastKnownFileType = sourcecode.swift; path = AuthRegisterView.swift; sourceTree = "<group>"; };
		3450F31A29EF0C0100B68DD4 /* AuthLoginView.swift */ = {isa = PBXFileReference; lastKnownFileType = sourcecode.swift; path = AuthLoginView.swift; sourceTree = "<group>"; };
		345936F229F0AE390000B1DD /* deviceHeader.swift */ = {isa = PBXFileReference; lastKnownFileType = sourcecode.swift; path = deviceHeader.swift; sourceTree = "<group>"; };
		345936F429F0B13B0000B1DD /* DeviceView.swift */ = {isa = PBXFileReference; lastKnownFileType = sourcecode.swift; path = DeviceView.swift; sourceTree = "<group>"; };
		345936F629F0BE7C0000B1DD /* DeviceInfo.swift */ = {isa = PBXFileReference; lastKnownFileType = sourcecode.swift; path = DeviceInfo.swift; sourceTree = "<group>"; };
		345936F829F0C2640000B1DD /* ToofButtonStyle.swift */ = {isa = PBXFileReference; lastKnownFileType = sourcecode.swift; path = ToofButtonStyle.swift; sourceTree = "<group>"; };
		345936FA29F0C2750000B1DD /* ToofAltButton.swift */ = {isa = PBXFileReference; lastKnownFileType = sourcecode.swift; path = ToofAltButton.swift; sourceTree = "<group>"; };
		345936FD29F0D8360000B1DD /* MainTabViewModel.swift */ = {isa = PBXFileReference; lastKnownFileType = sourcecode.swift; path = MainTabViewModel.swift; sourceTree = "<group>"; };
		3459370329F0D8AC0000B1DD /* MainDeviceViewModel.swift */ = {isa = PBXFileReference; lastKnownFileType = sourcecode.swift; path = MainDeviceViewModel.swift; sourceTree = "<group>"; };
		3459370529F0D8B60000B1DD /* MainDeviceView.swift */ = {isa = PBXFileReference; lastKnownFileType = sourcecode.swift; path = MainDeviceView.swift; sourceTree = "<group>"; };
		3459370729F0D8CA0000B1DD /* MainBrowseView.swift */ = {isa = PBXFileReference; lastKnownFileType = sourcecode.swift; path = MainBrowseView.swift; sourceTree = "<group>"; };
		3459370929F0D8D50000B1DD /* MainBrowseViewModel.swift */ = {isa = PBXFileReference; lastKnownFileType = sourcecode.swift; path = MainBrowseViewModel.swift; sourceTree = "<group>"; };
		3459370D29F0D8EC0000B1DD /* MainSearchViewModel.swift */ = {isa = PBXFileReference; lastKnownFileType = sourcecode.swift; path = MainSearchViewModel.swift; sourceTree = "<group>"; };
		3459370F29F0D8F70000B1DD /* MainSettingsView.swift */ = {isa = PBXFileReference; lastKnownFileType = sourcecode.swift; path = MainSettingsView.swift; sourceTree = "<group>"; };
		3459371129F0D9020000B1DD /* MainSettingsViewModel.swift */ = {isa = PBXFileReference; lastKnownFileType = sourcecode.swift; path = MainSettingsViewModel.swift; sourceTree = "<group>"; };
		3459371D29F1BF650000B1DD /* mainHeader.swift */ = {isa = PBXFileReference; lastKnownFileType = sourcecode.swift; path = mainHeader.swift; sourceTree = "<group>"; };
		3459371F29F1BFDC0000B1DD /* ToofBackButton.swift */ = {isa = PBXFileReference; lastKnownFileType = sourcecode.swift; path = ToofBackButton.swift; sourceTree = "<group>"; };
		3459372129F1CAAD0000B1DD /* ConnectSection.swift */ = {isa = PBXFileReference; lastKnownFileType = sourcecode.swift; path = ConnectSection.swift; sourceTree = "<group>"; };
		3459372329F1CC640000B1DD /* connectSelections.swift */ = {isa = PBXFileReference; lastKnownFileType = sourcecode.swift; path = connectSelections.swift; sourceTree = "<group>"; };
		3459372529F1F2760000B1DD /* MusicServicesModel.swift */ = {isa = PBXFileReference; lastKnownFileType = sourcecode.swift; path = MusicServicesModel.swift; sourceTree = "<group>"; };
		3459372729F1F3850000B1DD /* musicServiceList.swift */ = {isa = PBXFileReference; lastKnownFileType = sourcecode.swift; path = musicServiceList.swift; sourceTree = "<group>"; };
		3459372929F1FD080000B1DD /* ToofList.swift */ = {isa = PBXFileReference; lastKnownFileType = sourcecode.swift; path = ToofList.swift; sourceTree = "<group>"; };
		3459372D29F21B5F0000B1DD /* SettingsAccountView.swift */ = {isa = PBXFileReference; lastKnownFileType = sourcecode.swift; path = SettingsAccountView.swift; sourceTree = "<group>"; };
		3459372F29F21BBD0000B1DD /* CustomListModel.swift */ = {isa = PBXFileReference; lastKnownFileType = sourcecode.swift; path = CustomListModel.swift; sourceTree = "<group>"; };
		349FA0D429EE02EA00E725B2 /* TOOF Audio.app */ = {isa = PBXFileReference; explicitFileType = wrapper.application; includeInIndex = 0; path = "TOOF Audio.app"; sourceTree = BUILT_PRODUCTS_DIR; };
		349FA0D729EE02EA00E725B2 /* TOOF_AudioApp.swift */ = {isa = PBXFileReference; lastKnownFileType = sourcecode.swift; path = TOOF_AudioApp.swift; sourceTree = "<group>"; };
		349FA0DE29EE02EC00E725B2 /* Preview Assets.xcassets */ = {isa = PBXFileReference; lastKnownFileType = folder.assetcatalog; path = "Preview Assets.xcassets"; sourceTree = "<group>"; };
		349FA0E729EED40B00E725B2 /* AppDelegate.swift */ = {isa = PBXFileReference; lastKnownFileType = sourcecode.swift; path = AppDelegate.swift; sourceTree = "<group>"; };
		349FA0F529EEDEE800E725B2 /* SplashView.swift */ = {isa = PBXFileReference; lastKnownFileType = sourcecode.swift; path = SplashView.swift; sourceTree = "<group>"; };
		349FA0FC29EEE04900E725B2 /* SplashViewModel.swift */ = {isa = PBXFileReference; lastKnownFileType = sourcecode.swift; path = SplashViewModel.swift; sourceTree = "<group>"; };
		349FA0FE29EEE0CE00E725B2 /* OnboardingViewModel.swift */ = {isa = PBXFileReference; lastKnownFileType = sourcecode.swift; path = OnboardingViewModel.swift; sourceTree = "<group>"; };
		349FA10029EEE0DD00E725B2 /* OnboardingView.swift */ = {isa = PBXFileReference; lastKnownFileType = sourcecode.swift; path = OnboardingView.swift; sourceTree = "<group>"; };
		349FA10A29EEE25D00E725B2 /* en */ = {isa = PBXFileReference; lastKnownFileType = text.plist.strings; name = en; path = en.lproj/Localizable.strings; sourceTree = "<group>"; };
		349FA10C29EEE26000E725B2 /* it */ = {isa = PBXFileReference; lastKnownFileType = text.plist.strings; name = it; path = it.lproj/Localizable.strings; sourceTree = "<group>"; };
		349FA10D29EEE26100E725B2 /* ru */ = {isa = PBXFileReference; lastKnownFileType = text.plist.strings; name = ru; path = ru.lproj/Localizable.strings; sourceTree = "<group>"; };
		349FA10E29EEE26200E725B2 /* tr */ = {isa = PBXFileReference; lastKnownFileType = text.plist.strings; name = tr; path = tr.lproj/Localizable.strings; sourceTree = "<group>"; };
		349FA11029EEE4C800E725B2 /* splashFastView.swift */ = {isa = PBXFileReference; lastKnownFileType = sourcecode.swift; path = splashFastView.swift; sourceTree = "<group>"; };
		349FA12729EEE76600E725B2 /* String+Extension.swift */ = {isa = PBXFileReference; lastKnownFileType = sourcecode.swift; path = "String+Extension.swift"; sourceTree = "<group>"; };
		349FA14329EEEEEB00E725B2 /* ColorHelper.swift */ = {isa = PBXFileReference; fileEncoding = 4; lastKnownFileType = sourcecode.swift; path = ColorHelper.swift; sourceTree = "<group>"; };
		349FA14429EEEEEB00E725B2 /* ColorHandler.swift */ = {isa = PBXFileReference; fileEncoding = 4; lastKnownFileType = sourcecode.swift; path = ColorHandler.swift; sourceTree = "<group>"; };
		349FA14629EEEEEB00E725B2 /* ImageHelper.swift */ = {isa = PBXFileReference; fileEncoding = 4; lastKnownFileType = sourcecode.swift; path = ImageHelper.swift; sourceTree = "<group>"; };
		349FA14729EEEEEB00E725B2 /* ImageHandler.swift */ = {isa = PBXFileReference; fileEncoding = 4; lastKnownFileType = sourcecode.swift; path = ImageHandler.swift; sourceTree = "<group>"; };
		349FA14929EEEEEB00E725B2 /* TextHelper.swift */ = {isa = PBXFileReference; fileEncoding = 4; lastKnownFileType = sourcecode.swift; path = TextHelper.swift; sourceTree = "<group>"; };
		349FA14A29EEEEEB00E725B2 /* TextHandler.swift */ = {isa = PBXFileReference; fileEncoding = 4; lastKnownFileType = sourcecode.swift; path = TextHandler.swift; sourceTree = "<group>"; };
		349FA14C29EEEEEB00E725B2 /* FontHandler.swift */ = {isa = PBXFileReference; fileEncoding = 4; lastKnownFileType = sourcecode.swift; path = FontHandler.swift; sourceTree = "<group>"; };
		349FA14D29EEEEEB00E725B2 /* FontHelper.swift */ = {isa = PBXFileReference; fileEncoding = 4; lastKnownFileType = sourcecode.swift; path = FontHelper.swift; sourceTree = "<group>"; };
		349FA15629EEEF7400E725B2 /* View+Extension.swift */ = {isa = PBXFileReference; fileEncoding = 4; lastKnownFileType = sourcecode.swift; path = "View+Extension.swift"; sourceTree = "<group>"; };
		34ADAE6D29FD773D007BBBFA /* MainSearchView.swift */ = {isa = PBXFileReference; lastKnownFileType = sourcecode.swift; path = MainSearchView.swift; sourceTree = "<group>"; };
		34AFC0D429EF8730002BEDE2 /* authSwitchAuthButton.swift */ = {isa = PBXFileReference; lastKnownFileType = sourcecode.swift; path = authSwitchAuthButton.swift; sourceTree = "<group>"; };
		34AFC0D629EFAEE8002BEDE2 /* AuthResetViewModel.swift */ = {isa = PBXFileReference; lastKnownFileType = sourcecode.swift; path = AuthResetViewModel.swift; sourceTree = "<group>"; };
		34AFC0DE29EFB367002BEDE2 /* DeviceFinderSearchViewModel.swift */ = {isa = PBXFileReference; lastKnownFileType = sourcecode.swift; path = DeviceFinderSearchViewModel.swift; sourceTree = "<group>"; };
		34AFC0E129EFB38E002BEDE2 /* DeviceFinderViewModel.swift */ = {isa = PBXFileReference; lastKnownFileType = sourcecode.swift; path = DeviceFinderViewModel.swift; sourceTree = "<group>"; };
		34AFC0E329EFB398002BEDE2 /* DeviceFinderFindView.swift */ = {isa = PBXFileReference; lastKnownFileType = sourcecode.swift; path = DeviceFinderFindView.swift; sourceTree = "<group>"; };
		34AFC0E529EFB3C0002BEDE2 /* DeviceFinderSearchView.swift */ = {isa = PBXFileReference; lastKnownFileType = sourcecode.swift; path = DeviceFinderSearchView.swift; sourceTree = "<group>"; };
		34AFC0E829EFB406002BEDE2 /* DeviceFinderHelpView.swift */ = {isa = PBXFileReference; lastKnownFileType = sourcecode.swift; path = DeviceFinderHelpView.swift; sourceTree = "<group>"; };
		34AFC0EA29EFB413002BEDE2 /* DeviceFinderHelpViewModel.swift */ = {isa = PBXFileReference; lastKnownFileType = sourcecode.swift; path = DeviceFinderHelpViewModel.swift; sourceTree = "<group>"; };
		34C55D5629FAB33F0073927F /* ConnectDevice.swift */ = {isa = PBXFileReference; lastKnownFileType = sourcecode.swift; path = ConnectDevice.swift; sourceTree = "<group>"; };
		34C55D5829FAB38D0073927F /* ContentView.swift */ = {isa = PBXFileReference; lastKnownFileType = sourcecode.swift; path = ContentView.swift; sourceTree = "<group>"; };
		34C55D5B29FB748C0073927F /* DeviceFinderOpenAccessViewModel.swift */ = {isa = PBXFileReference; lastKnownFileType = sourcecode.swift; path = DeviceFinderOpenAccessViewModel.swift; sourceTree = "<group>"; };
		34C55D5D29FB74970073927F /* DeviceFinderOpenAccessView.swift */ = {isa = PBXFileReference; lastKnownFileType = sourcecode.swift; path = DeviceFinderOpenAccessView.swift; sourceTree = "<group>"; };
		34C55D5F29FB8E9B0073927F /* BluetoothPermissionManager.swift */ = {isa = PBXFileReference; lastKnownFileType = sourcecode.swift; path = BluetoothPermissionManager.swift; sourceTree = "<group>"; };
		34C55D6129FB8F520073927F /* LocationPermissionManager.swift */ = {isa = PBXFileReference; lastKnownFileType = sourcecode.swift; path = LocationPermissionManager.swift; sourceTree = "<group>"; };
		34C55D6329FB90070073927F /* LocalNetworkAccessManager.swift */ = {isa = PBXFileReference; lastKnownFileType = sourcecode.swift; path = LocalNetworkAccessManager.swift; sourceTree = "<group>"; };
		34D1CCC829EF2DC500886305 /* GoogleService-Info.plist */ = {isa = PBXFileReference; fileEncoding = 4; lastKnownFileType = text.plist.xml; path = "GoogleService-Info.plist"; sourceTree = "<group>"; };
		34D1CCCC29EF334E00886305 /* MainTabView.swift */ = {isa = PBXFileReference; lastKnownFileType = sourcecode.swift; path = MainTabView.swift; sourceTree = "<group>"; };
		34D745FB29F516450026217C /* TOOF-Audio-Info.plist */ = {isa = PBXFileReference; lastKnownFileType = text.plist.xml; name = "TOOF-Audio-Info.plist"; path = "TOOF Audio/Utility/TOOF-Audio-Info.plist"; sourceTree = SOURCE_ROOT; };
		34FDC37E29EF4B0100F4308D /* AuthLoginViewModel.swift */ = {isa = PBXFileReference; lastKnownFileType = sourcecode.swift; path = AuthLoginViewModel.swift; sourceTree = "<group>"; };
		34FDC38029EF4B0B00F4308D /* AuthRegisterViewModel.swift */ = {isa = PBXFileReference; lastKnownFileType = sourcecode.swift; path = AuthRegisterViewModel.swift; sourceTree = "<group>"; };
		34FDC38629EF4C3200F4308D /* authBackground.swift */ = {isa = PBXFileReference; lastKnownFileType = sourcecode.swift; path = authBackground.swift; sourceTree = "<group>"; };
		34FDC38829EF4E0D00F4308D /* authHeader.swift */ = {isa = PBXFileReference; lastKnownFileType = sourcecode.swift; path = authHeader.swift; sourceTree = "<group>"; };
		34FDC38B29EF585800F4308D /* ToofTextField.swift */ = {isa = PBXFileReference; lastKnownFileType = sourcecode.swift; path = ToofTextField.swift; sourceTree = "<group>"; };
		34FDC38F29EF67D600F4308D /* AuthResetView.swift */ = {isa = PBXFileReference; lastKnownFileType = sourcecode.swift; path = AuthResetView.swift; sourceTree = "<group>"; };
		34FDC39129EF68D700F4308D /* ToofButton.swift */ = {isa = PBXFileReference; lastKnownFileType = sourcecode.swift; path = ToofButton.swift; sourceTree = "<group>"; };
/* End PBXFileReference section */

/* Begin PBXFrameworksBuildPhase section */
		349FA0D129EE02EA00E725B2 /* Frameworks */ = {
			isa = PBXFrameworksBuildPhase;
			buildActionMask = 2147483647;
			files = (
				348907582A0DF31C005998D0 /* Alamofire in Frameworks */,
				34D1CCD029EF39E600886305 /* FirebaseAnalytics in Frameworks */,
				34D1CCD229EF39E600886305 /* FirebaseAuth in Frameworks */,
				34D1CCD429EF39E600886305 /* FirebaseFirestore in Frameworks */,
				34D1CCD629EF39E600886305 /* FirebaseFirestoreSwift in Frameworks */,
			);
			runOnlyForDeploymentPostprocessing = 0;
		};
/* End PBXFrameworksBuildPhase section */

/* Begin PBXGroup section */
		3401FEF029F4D55D008B0011 /* MainPlayer */ = {
			isa = PBXGroup;
			children = (
				3401FEF129F4D571008B0011 /* MainPlayerView.swift */,
				3401FEFC29F4DE16008B0011 /* TapBarPlayerView.swift */,
				3401FEF329F4D5CD008B0011 /* MainPlayerViewModel.swift */,
			);
			path = MainPlayer;
			sourceTree = "<group>";
		};
		3401FEF529F4DAFC008B0011 /* play */ = {
			isa = PBXGroup;
			children = (
				3401FEFA29F4DDEE008B0011 /* tabbarPlayer */,
				3401FEF629F4DB0E008B0011 /* PlayInterector.swift */,
				3401FEF829F4DDB9008B0011 /* PlayerButton.swift */,
			);
			path = play;
			sourceTree = "<group>";
		};
		3401FEFA29F4DDEE008B0011 /* tabbarPlayer */ = {
			isa = PBXGroup;
			children = (
				3401FF0029F4E994008B0011 /* TabPlayerItems.swift */,
			);
			path = tabbarPlayer;
			sourceTree = "<group>";
		};
		3403826029F24B5B00E673BD /* SettingsHelp */ = {
			isa = PBXGroup;
			children = (
				3403826129F24B8500E673BD /* SettingsHelpView.swift */,
				3403826329F24B9500E673BD /* SettingsHelpViewModel.swift */,
			);
			path = SettingsHelp;
			sourceTree = "<group>";
		};
		3415709529FE1A0400292C06 /* PermissionManager */ = {
			isa = PBXGroup;
			children = (
				34C55D5F29FB8E9B0073927F /* BluetoothPermissionManager.swift */,
				34C55D6129FB8F520073927F /* LocationPermissionManager.swift */,
				34C55D6329FB90070073927F /* LocalNetworkAccessManager.swift */,
			);
			path = PermissionManager;
			sourceTree = "<group>";
		};
		343B3CF22A05784B00E0A536 /* DeviceFinder */ = {
			isa = PBXGroup;
			children = (
				343B3CF32A05785F00E0A536 /* PermissionDescription.swift */,
			);
			path = DeviceFinder;
			sourceTree = "<group>";
		};
		3450F31329EF0B0900B68DD4 /* AuthLogin */ = {
			isa = PBXGroup;
			children = (
				3450F31A29EF0C0100B68DD4 /* AuthLoginView.swift */,
				34FDC37E29EF4B0100F4308D /* AuthLoginViewModel.swift */,
			);
			path = AuthLogin;
			sourceTree = "<group>";
		};
		3450F31629EF0B1A00B68DD4 /* AuthRegister */ = {
			isa = PBXGroup;
			children = (
				3450F31729EF0B2E00B68DD4 /* AuthRegisterView.swift */,
				34FDC38029EF4B0B00F4308D /* AuthRegisterViewModel.swift */,
			);
			path = AuthRegister;
			sourceTree = "<group>";
		};
		3450F31929EF0B6000B68DD4 /* Auth */ = {
			isa = PBXGroup;
			children = (
				3450F31329EF0B0900B68DD4 /* AuthLogin */,
				3450F31629EF0B1A00B68DD4 /* AuthRegister */,
				34FDC38D29EF67C300F4308D /* AuthReset */,
			);
			path = Auth;
			sourceTree = "<group>";
		};
		345936EF29F0ADF50000B1DD /* search */ = {
			isa = PBXGroup;
			children = (
			);
			path = search;
			sourceTree = "<group>";
		};
		345936F029F0ADFD0000B1DD /* finder */ = {
			isa = PBXGroup;
			children = (
			);
			path = finder;
			sourceTree = "<group>";
		};
		345936F129F0AE000000B1DD /* help */ = {
			isa = PBXGroup;
			children = (
			);
			path = help;
			sourceTree = "<group>";
		};
		345936FC29F0C4960000B1DD /* Local */ = {
			isa = PBXGroup;
			children = (
				3401FF0629F4FC09008B0011 /* DocumentPicker.swift */,
				3401FF0C29F5048B008B0011 /* MusicPlayer.swift */,
				3415709529FE1A0400292C06 /* PermissionManager */,
				3415709629FE1A2B00292C06 /* AppleMusic.swift */,
				3415709829FE668E00292C06 /* MusicPicker.swift */,
			);
			path = Local;
			sourceTree = "<group>";
		};
		345936FF29F0D83F0000B1DD /* MainSearch */ = {
			isa = PBXGroup;
			children = (
				34ADAE6D29FD773D007BBBFA /* MainSearchView.swift */,
				3459370D29F0D8EC0000B1DD /* MainSearchViewModel.swift */,
			);
			path = MainSearch;
			sourceTree = "<group>";
		};
		3459370029F0D84A0000B1DD /* MainBrowse */ = {
			isa = PBXGroup;
			children = (
				3459370729F0D8CA0000B1DD /* MainBrowseView.swift */,
				3459370929F0D8D50000B1DD /* MainBrowseViewModel.swift */,
			);
			path = MainBrowse;
			sourceTree = "<group>";
		};
		3459370129F0D8600000B1DD /* MainSettings */ = {
			isa = PBXGroup;
			children = (
				3459370F29F0D8F70000B1DD /* MainSettingsView.swift */,
				3459371129F0D9020000B1DD /* MainSettingsViewModel.swift */,
				3459371329F0DA200000B1DD /* Settings'sSettings */,
			);
			path = MainSettings;
			sourceTree = "<group>";
		};
		3459370229F0D8770000B1DD /* MainDevice */ = {
			isa = PBXGroup;
			children = (
				3459370529F0D8B60000B1DD /* MainDeviceView.swift */,
				3459370329F0D8AC0000B1DD /* MainDeviceViewModel.swift */,
				343B3CF22A05784B00E0A536 /* DeviceFinder */,
				3459372B29F21A930000B1DD /* Device'sSettings */,
			);
			path = MainDevice;
			sourceTree = "<group>";
		};
		3459371329F0DA200000B1DD /* Settings'sSettings */ = {
			isa = PBXGroup;
			children = (
				3459372C29F21AEE0000B1DD /* SettingsAccount */,
				3403826029F24B5B00E673BD /* SettingsHelp */,
			);
			path = "Settings'sSettings";
			sourceTree = "<group>";
		};
		3459371429F0DBC80000B1DD /* main */ = {
			isa = PBXGroup;
			children = (
				3459371529F0DBCF0000B1DD /* tabview */,
				3459371D29F1BF650000B1DD /* mainHeader.swift */,
			);
			path = main;
			sourceTree = "<group>";
		};
		3459371529F0DBCF0000B1DD /* tabview */ = {
			isa = PBXGroup;
			children = (
				3401FEEE29F4B2BC008B0011 /* CustomTabBarContainer.swift */,
				3401FEEC29F4B072008B0011 /* CustomTabBar.swift */,
				3459371B29F0E16C0000B1DD /* device */,
				3459371C29F0E1840000B1DD /* search */,
				3459371829F0DBEB0000B1DD /* browse */,
				3459371729F0DBE00000B1DD /* settings */,
				3401FEF529F4DAFC008B0011 /* play */,
			);
			path = tabview;
			sourceTree = "<group>";
		};
		3459371729F0DBE00000B1DD /* settings */ = {
			isa = PBXGroup;
			children = (
			);
			path = settings;
			sourceTree = "<group>";
		};
		3459371829F0DBEB0000B1DD /* browse */ = {
			isa = PBXGroup;
			children = (
				3459372329F1CC640000B1DD /* connectSelections.swift */,
				3459372729F1F3850000B1DD /* musicServiceList.swift */,
			);
			path = browse;
			sourceTree = "<group>";
		};
		3459371B29F0E16C0000B1DD /* device */ = {
			isa = PBXGroup;
			children = (
			);
			path = device;
			sourceTree = "<group>";
		};
		3459371C29F0E1840000B1DD /* search */ = {
			isa = PBXGroup;
			children = (
				3401FF0829F4FDA8008B0011 /* SearchBar.swift */,
				3401FF0A29F4FE78008B0011 /* MusicList.swift */,
				34345E9C29F8A12B000F7363 /* SearchTopButtons.swift */,
			);
			path = search;
			sourceTree = "<group>";
		};
		3459372B29F21A930000B1DD /* Device'sSettings */ = {
			isa = PBXGroup;
			children = (
			);
			path = "Device'sSettings";
			sourceTree = "<group>";
		};
		3459372C29F21AEE0000B1DD /* SettingsAccount */ = {
			isa = PBXGroup;
			children = (
				3459372D29F21B5F0000B1DD /* SettingsAccountView.swift */,
				3403825E29F248DF00E673BD /* SettingAccountViewModel.swift */,
			);
			path = SettingsAccount;
			sourceTree = "<group>";
		};
		349FA0CB29EE02EA00E725B2 = {
			isa = PBXGroup;
			children = (
				349FA0D629EE02EA00E725B2 /* TOOF Audio */,
				349FA0D529EE02EA00E725B2 /* Products */,
			);
			sourceTree = "<group>";
		};
		349FA0D529EE02EA00E725B2 /* Products */ = {
			isa = PBXGroup;
			children = (
				349FA0D429EE02EA00E725B2 /* TOOF Audio.app */,
			);
			name = Products;
			sourceTree = "<group>";
		};
		349FA0D629EE02EA00E725B2 /* TOOF Audio */ = {
			isa = PBXGroup;
			children = (
				349FA0E529EED3FA00E725B2 /* Core */,
				349FA0F929EEDF7200E725B2 /* Model */,
				349FA0F829EEDF6F00E725B2 /* Service */,
				349FA0F729EEDF6500E725B2 /* Extension */,
				349FA0FA29EEDF7900E725B2 /* Utility */,
				349FA0DD29EE02EC00E725B2 /* Preview Content */,
			);
			path = "TOOF Audio";
			sourceTree = "<group>";
		};
		349FA0DD29EE02EC00E725B2 /* Preview Content */ = {
			isa = PBXGroup;
			children = (
				349FA0DE29EE02EC00E725B2 /* Preview Assets.xcassets */,
			);
			path = "Preview Content";
			sourceTree = "<group>";
		};
		349FA0E529EED3FA00E725B2 /* Core */ = {
			isa = PBXGroup;
			children = (
				349FA0E629EED3FE00E725B2 /* App */,
				349FA0F029EEDEAD00E725B2 /* View */,
				349FA0F129EEDEB400E725B2 /* Helper */,
			);
			path = Core;
			sourceTree = "<group>";
		};
		349FA0E629EED3FE00E725B2 /* App */ = {
			isa = PBXGroup;
			children = (
				349FA0D729EE02EA00E725B2 /* TOOF_AudioApp.swift */,
				349FA0E729EED40B00E725B2 /* AppDelegate.swift */,
			);
			path = App;
			sourceTree = "<group>";
		};
		349FA0F029EEDEAD00E725B2 /* View */ = {
			isa = PBXGroup;
			children = (
				349FA0F429EEDECC00E725B2 /* Splash */,
				349FA0FB29EEDFFB00E725B2 /* Onboarding */,
				3450F31929EF0B6000B68DD4 /* Auth */,
				34AFC0D829EFB284002BEDE2 /* DeviceFinder */,
				34D1CCCA29EF333000886305 /* Main */,
				34C55D5829FAB38D0073927F /* ContentView.swift */,
			);
			path = View;
			sourceTree = "<group>";
		};
		349FA0F129EEDEB400E725B2 /* Helper */ = {
			isa = PBXGroup;
			children = (
				349FA12929EEE82400E725B2 /* view */,
				349FA10329EEE16400E725B2 /* Components */,
				349FA14129EEEEEB00E725B2 /* Instrument */,
			);
			path = Helper;
			sourceTree = "<group>";
		};
		349FA0F429EEDECC00E725B2 /* Splash */ = {
			isa = PBXGroup;
			children = (
				349FA0F529EEDEE800E725B2 /* SplashView.swift */,
				349FA0FC29EEE04900E725B2 /* SplashViewModel.swift */,
			);
			path = Splash;
			sourceTree = "<group>";
		};
		349FA0F729EEDF6500E725B2 /* Extension */ = {
			isa = PBXGroup;
			children = (
				349FA15629EEEF7400E725B2 /* View+Extension.swift */,
				349FA12729EEE76600E725B2 /* String+Extension.swift */,
				3401FF0429F4FA55008B0011 /* Font+Extension.swift */,
			);
			path = Extension;
			sourceTree = "<group>";
		};
		349FA0F829EEDF6F00E725B2 /* Service */ = {
			isa = PBXGroup;
			children = (
				34C55D5529FAB3290073927F /* Device */,
				345936FC29F0C4960000B1DD /* Local */,
				349FA10229EEE0EC00E725B2 /* Firebase */,
			);
			path = Service;
			sourceTree = "<group>";
		};
		349FA0F929EEDF7200E725B2 /* Model */ = {
			isa = PBXGroup;
			children = (
				3450F30D29EEF98300B68DD4 /* User.swift */,
				345936F629F0BE7C0000B1DD /* DeviceInfo.swift */,
				345936F429F0B13B0000B1DD /* DeviceView.swift */,
				3459372129F1CAAD0000B1DD /* ConnectSection.swift */,
				3459372529F1F2760000B1DD /* MusicServicesModel.swift */,
				3459372F29F21BBD0000B1DD /* CustomListModel.swift */,
				3401FEEA29F4AC10008B0011 /* ToofTabBar.swift */,
			);
			path = Model;
			sourceTree = "<group>";
		};
		349FA0FA29EEDF7900E725B2 /* Utility */ = {
			isa = PBXGroup;
			children = (
				3402250A29FCC9D80032F59E /* Assets.xcassets */,
				34D745FB29F516450026217C /* TOOF-Audio-Info.plist */,
				34D1CCC829EF2DC500886305 /* GoogleService-Info.plist */,
				349FA10B29EEE25D00E725B2 /* Localizable.strings */,
				3450F31129EEFD5700B68DD4 /* constant.swift */,
				3401FF0229F4F845008B0011 /* DeviceSize.swift */,
			);
			path = Utility;
			sourceTree = "<group>";
		};
		349FA0FB29EEDFFB00E725B2 /* Onboarding */ = {
			isa = PBXGroup;
			children = (
				349FA10029EEE0DD00E725B2 /* OnboardingView.swift */,
				349FA0FE29EEE0CE00E725B2 /* OnboardingViewModel.swift */,
			);
			path = Onboarding;
			sourceTree = "<group>";
		};
		349FA10229EEE0EC00E725B2 /* Firebase */ = {
			isa = PBXGroup;
			children = (
				3450F30F29EEF9E900B68DD4 /* AuthManager.swift */,
			);
			path = Firebase;
			sourceTree = "<group>";
		};
		349FA10329EEE16400E725B2 /* Components */ = {
			isa = PBXGroup;
			children = (
				34FDC38A29EF584000F4308D /* TextField */,
				349FA10429EEE17A00E725B2 /* Button */,
			);
			path = Components;
			sourceTree = "<group>";
		};
		349FA10429EEE17A00E725B2 /* Button */ = {
			isa = PBXGroup;
			children = (
				34FDC39129EF68D700F4308D /* ToofButton.swift */,
				345936FA29F0C2750000B1DD /* ToofAltButton.swift */,
				345936F829F0C2640000B1DD /* ToofButtonStyle.swift */,
				3459371F29F1BFDC0000B1DD /* ToofBackButton.swift */,
			);
			path = Button;
			sourceTree = "<group>";
		};
		349FA10F29EEE49F00E725B2 /* splash */ = {
			isa = PBXGroup;
			children = (
				349FA11029EEE4C800E725B2 /* splashFastView.swift */,
			);
			path = splash;
			sourceTree = "<group>";
		};
		349FA12929EEE82400E725B2 /* view */ = {
			isa = PBXGroup;
			children = (
				349FA10F29EEE49F00E725B2 /* splash */,
				34FDC38229EF4BE400F4308D /* onboarding */,
				34FDC38329EF4BE700F4308D /* auth */,
				34F660A529F0735100336715 /* deviceFinder */,
				3459371429F0DBC80000B1DD /* main */,
			);
			path = view;
			sourceTree = "<group>";
		};
		349FA14129EEEEEB00E725B2 /* Instrument */ = {
			isa = PBXGroup;
			children = (
				349FA14229EEEEEB00E725B2 /* Color */,
				349FA14529EEEEEB00E725B2 /* Image */,
				349FA14829EEEEEB00E725B2 /* Text */,
				349FA14B29EEEEEB00E725B2 /* Font */,
			);
			path = Instrument;
			sourceTree = "<group>";
		};
		349FA14229EEEEEB00E725B2 /* Color */ = {
			isa = PBXGroup;
			children = (
				349FA14329EEEEEB00E725B2 /* ColorHelper.swift */,
				349FA14429EEEEEB00E725B2 /* ColorHandler.swift */,
			);
			path = Color;
			sourceTree = "<group>";
		};
		349FA14529EEEEEB00E725B2 /* Image */ = {
			isa = PBXGroup;
			children = (
				349FA14629EEEEEB00E725B2 /* ImageHelper.swift */,
				349FA14729EEEEEB00E725B2 /* ImageHandler.swift */,
			);
			path = Image;
			sourceTree = "<group>";
		};
		349FA14829EEEEEB00E725B2 /* Text */ = {
			isa = PBXGroup;
			children = (
				349FA14929EEEEEB00E725B2 /* TextHelper.swift */,
				349FA14A29EEEEEB00E725B2 /* TextHandler.swift */,
			);
			path = Text;
			sourceTree = "<group>";
		};
		349FA14B29EEEEEB00E725B2 /* Font */ = {
			isa = PBXGroup;
			children = (
				349FA14D29EEEEEB00E725B2 /* FontHelper.swift */,
				349FA14C29EEEEEB00E725B2 /* FontHandler.swift */,
			);
			path = Font;
			sourceTree = "<group>";
		};
		34AFC0D829EFB284002BEDE2 /* DeviceFinder */ = {
			isa = PBXGroup;
			children = (
				34C55D5A29FB74320073927F /* DeviceFinderOpenAccess */,
				34AFC0DA29EFB2F4002BEDE2 /* DeviceFinderSearch */,
				34AFC0E029EFB37B002BEDE2 /* DeviceFindFinder */,
				34AFC0E729EFB3ED002BEDE2 /* DeviceFinderHelp */,
			);
			path = DeviceFinder;
			sourceTree = "<group>";
		};
		34AFC0DA29EFB2F4002BEDE2 /* DeviceFinderSearch */ = {
			isa = PBXGroup;
			children = (
				34AFC0E529EFB3C0002BEDE2 /* DeviceFinderSearchView.swift */,
				34AFC0DE29EFB367002BEDE2 /* DeviceFinderSearchViewModel.swift */,
			);
			path = DeviceFinderSearch;
			sourceTree = "<group>";
		};
		34AFC0E029EFB37B002BEDE2 /* DeviceFindFinder */ = {
			isa = PBXGroup;
			children = (
				34AFC0E329EFB398002BEDE2 /* DeviceFinderFindView.swift */,
				34AFC0E129EFB38E002BEDE2 /* DeviceFinderViewModel.swift */,
			);
			path = DeviceFindFinder;
			sourceTree = "<group>";
		};
		34AFC0E729EFB3ED002BEDE2 /* DeviceFinderHelp */ = {
			isa = PBXGroup;
			children = (
				34AFC0E829EFB406002BEDE2 /* DeviceFinderHelpView.swift */,
				34AFC0EA29EFB413002BEDE2 /* DeviceFinderHelpViewModel.swift */,
			);
			path = DeviceFinderHelp;
			sourceTree = "<group>";
		};
		34C55D5529FAB3290073927F /* Device */ = {
			isa = PBXGroup;
			children = (
				34C55D5629FAB33F0073927F /* ConnectDevice.swift */,
			);
			path = Device;
			sourceTree = "<group>";
		};
		34C55D5A29FB74320073927F /* DeviceFinderOpenAccess */ = {
			isa = PBXGroup;
			children = (
				34C55D5D29FB74970073927F /* DeviceFinderOpenAccessView.swift */,
				34C55D5B29FB748C0073927F /* DeviceFinderOpenAccessViewModel.swift */,
			);
			path = DeviceFinderOpenAccess;
			sourceTree = "<group>";
		};
		34D1CCCA29EF333000886305 /* Main */ = {
			isa = PBXGroup;
			children = (
				34D1CCCB29EF333C00886305 /* MainTabView */,
			);
			path = Main;
			sourceTree = "<group>";
		};
		34D1CCCB29EF333C00886305 /* MainTabView */ = {
			isa = PBXGroup;
			children = (
				34D1CCCC29EF334E00886305 /* MainTabView.swift */,
				345936FD29F0D8360000B1DD /* MainTabViewModel.swift */,
				3459370229F0D8770000B1DD /* MainDevice */,
				345936FF29F0D83F0000B1DD /* MainSearch */,
				3459370029F0D84A0000B1DD /* MainBrowse */,
				3459370129F0D8600000B1DD /* MainSettings */,
				3401FEF029F4D55D008B0011 /* MainPlayer */,
				3459372929F1FD080000B1DD /* ToofList.swift */,
			);
			path = MainTabView;
			sourceTree = "<group>";
		};
		34F660A529F0735100336715 /* deviceFinder */ = {
			isa = PBXGroup;
			children = (
				345936EF29F0ADF50000B1DD /* search */,
				345936F029F0ADFD0000B1DD /* finder */,
				345936F129F0AE000000B1DD /* help */,
				345936F229F0AE390000B1DD /* deviceHeader.swift */,
			);
			path = deviceFinder;
			sourceTree = "<group>";
		};
		34FDC38229EF4BE400F4308D /* onboarding */ = {
			isa = PBXGroup;
			children = (
			);
			path = onboarding;
			sourceTree = "<group>";
		};
		34FDC38329EF4BE700F4308D /* auth */ = {
			isa = PBXGroup;
			children = (
				34FDC38429EF4BED00F4308D /* authLogin */,
				34FDC38529EF4BF400F4308D /* authRegister */,
				34FDC38629EF4C3200F4308D /* authBackground.swift */,
				34FDC38829EF4E0D00F4308D /* authHeader.swift */,
				34AFC0D429EF8730002BEDE2 /* authSwitchAuthButton.swift */,
			);
			path = auth;
			sourceTree = "<group>";
		};
		34FDC38429EF4BED00F4308D /* authLogin */ = {
			isa = PBXGroup;
			children = (
			);
			path = authLogin;
			sourceTree = "<group>";
		};
		34FDC38529EF4BF400F4308D /* authRegister */ = {
			isa = PBXGroup;
			children = (
			);
			path = authRegister;
			sourceTree = "<group>";
		};
		34FDC38A29EF584000F4308D /* TextField */ = {
			isa = PBXGroup;
			children = (
				34FDC38B29EF585800F4308D /* ToofTextField.swift */,
			);
			path = TextField;
			sourceTree = "<group>";
		};
		34FDC38D29EF67C300F4308D /* AuthReset */ = {
			isa = PBXGroup;
			children = (
				34FDC38F29EF67D600F4308D /* AuthResetView.swift */,
				34AFC0D629EFAEE8002BEDE2 /* AuthResetViewModel.swift */,
			);
			path = AuthReset;
			sourceTree = "<group>";
		};
/* End PBXGroup section */

/* Begin PBXNativeTarget section */
		349FA0D329EE02EA00E725B2 /* TOOF Audio */ = {
			isa = PBXNativeTarget;
			buildConfigurationList = 349FA0E229EE02EC00E725B2 /* Build configuration list for PBXNativeTarget "TOOF Audio" */;
			buildPhases = (
				349FA0D029EE02EA00E725B2 /* Sources */,
				349FA0D129EE02EA00E725B2 /* Frameworks */,
				349FA0D229EE02EA00E725B2 /* Resources */,
			);
			buildRules = (
			);
			dependencies = (
			);
			name = "TOOF Audio";
			packageProductDependencies = (
				34D1CCCF29EF39E600886305 /* FirebaseAnalytics */,
				34D1CCD129EF39E600886305 /* FirebaseAuth */,
				34D1CCD329EF39E600886305 /* FirebaseFirestore */,
				34D1CCD529EF39E600886305 /* FirebaseFirestoreSwift */,
				348907572A0DF31C005998D0 /* Alamofire */,
			);
			productName = "TOOF Audio";
			productReference = 349FA0D429EE02EA00E725B2 /* TOOF Audio.app */;
			productType = "com.apple.product-type.application";
		};
/* End PBXNativeTarget section */

/* Begin PBXProject section */
		349FA0CC29EE02EA00E725B2 /* Project object */ = {
			isa = PBXProject;
			attributes = {
				BuildIndependentTargetsInParallel = 1;
				LastSwiftUpdateCheck = 1430;
				LastUpgradeCheck = 1430;
				TargetAttributes = {
					349FA0D329EE02EA00E725B2 = {
						CreatedOnToolsVersion = 14.3;
					};
				};
			};
			buildConfigurationList = 349FA0CF29EE02EA00E725B2 /* Build configuration list for PBXProject "TOOF Audio" */;
			compatibilityVersion = "Xcode 14.0";
			developmentRegion = en;
			hasScannedForEncodings = 0;
			knownRegions = (
				en,
				tr,
				ru,
				it,
			);
			mainGroup = 349FA0CB29EE02EA00E725B2;
			packageReferences = (
				34D1CCCE29EF39E600886305 /* XCRemoteSwiftPackageReference "firebase-ios-sdk" */,
				348907562A0DF31C005998D0 /* XCRemoteSwiftPackageReference "Alamofire" */,
			);
			productRefGroup = 349FA0D529EE02EA00E725B2 /* Products */;
			projectDirPath = "";
			projectRoot = "";
			targets = (
				349FA0D329EE02EA00E725B2 /* TOOF Audio */,
			);
		};
/* End PBXProject section */

/* Begin PBXResourcesBuildPhase section */
		349FA0D229EE02EA00E725B2 /* Resources */ = {
			isa = PBXResourcesBuildPhase;
			buildActionMask = 2147483647;
			files = (
				349FA0DF29EE02EC00E725B2 /* Preview Assets.xcassets in Resources */,
				34D1CCC929EF2DC500886305 /* GoogleService-Info.plist in Resources */,
				3402250B29FCC9D80032F59E /* Assets.xcassets in Resources */,
				349FA10929EEE25D00E725B2 /* Localizable.strings in Resources */,
			);
			runOnlyForDeploymentPostprocessing = 0;
		};
/* End PBXResourcesBuildPhase section */

/* Begin PBXSourcesBuildPhase section */
		349FA0D029EE02EA00E725B2 /* Sources */ = {
			isa = PBXSourcesBuildPhase;
			buildActionMask = 2147483647;
			files = (
				3459373029F21BBD0000B1DD /* CustomListModel.swift in Sources */,
				349FA15229EEEEEB00E725B2 /* TextHelper.swift in Sources */,
				34AFC0D529EF8730002BEDE2 /* authSwitchAuthButton.swift in Sources */,
				34ADAE6E29FD773D007BBBFA /* MainSearchView.swift in Sources */,
				349FA14F29EEEEEB00E725B2 /* ColorHandler.swift in Sources */,
				3401FEED29F4B072008B0011 /* CustomTabBar.swift in Sources */,
				34FDC37F29EF4B0100F4308D /* AuthLoginViewModel.swift in Sources */,
				3459371229F0D9020000B1DD /* MainSettingsViewModel.swift in Sources */,
				34FDC39029EF67D600F4308D /* AuthResetView.swift in Sources */,
				3401FEF929F4DDB9008B0011 /* PlayerButton.swift in Sources */,
				3403826229F24B8500E673BD /* SettingsHelpView.swift in Sources */,
				34FDC38C29EF585800F4308D /* ToofTextField.swift in Sources */,
				3415709929FE668E00292C06 /* MusicPicker.swift in Sources */,
				3401FF0529F4FA55008B0011 /* Font+Extension.swift in Sources */,
				349FA15529EEEEEB00E725B2 /* FontHelper.swift in Sources */,
				349FA15729EEEF7400E725B2 /* View+Extension.swift in Sources */,
				349FA12829EEE76600E725B2 /* String+Extension.swift in Sources */,
				349FA0E829EED40B00E725B2 /* AppDelegate.swift in Sources */,
				34C55D5C29FB748C0073927F /* DeviceFinderOpenAccessViewModel.swift in Sources */,
				3401FEF729F4DB0E008B0011 /* PlayInterector.swift in Sources */,
				3401FEEF29F4B2BC008B0011 /* CustomTabBarContainer.swift in Sources */,
				34AFC0E929EFB406002BEDE2 /* DeviceFinderHelpView.swift in Sources */,
				345936F929F0C2640000B1DD /* ToofButtonStyle.swift in Sources */,
				3415709729FE1A2B00292C06 /* AppleMusic.swift in Sources */,
				349FA0F629EEDEE800E725B2 /* SplashView.swift in Sources */,
				3401FEF429F4D5CD008B0011 /* MainPlayerViewModel.swift in Sources */,
				3403825F29F248DF00E673BD /* SettingAccountViewModel.swift in Sources */,
				34C55D6029FB8E9B0073927F /* BluetoothPermissionManager.swift in Sources */,
				3450F31229EEFD5700B68DD4 /* constant.swift in Sources */,
				3459372629F1F2760000B1DD /* MusicServicesModel.swift in Sources */,
				34345E9D29F8A12B000F7363 /* SearchTopButtons.swift in Sources */,
				3401FEEB29F4AC10008B0011 /* ToofTabBar.swift in Sources */,
				3401FF0729F4FC09008B0011 /* DocumentPicker.swift in Sources */,
				3459372829F1F3850000B1DD /* musicServiceList.swift in Sources */,
				3459372E29F21B5F0000B1DD /* SettingsAccountView.swift in Sources */,
				3459371E29F1BF650000B1DD /* mainHeader.swift in Sources */,
				34FDC38929EF4E0D00F4308D /* authHeader.swift in Sources */,
				3459370E29F0D8EC0000B1DD /* MainSearchViewModel.swift in Sources */,
				349FA0D829EE02EA00E725B2 /* TOOF_AudioApp.swift in Sources */,
				3401FF0129F4E994008B0011 /* TabPlayerItems.swift in Sources */,
				34D1CCCD29EF334E00886305 /* MainTabView.swift in Sources */,
				345936FB29F0C2750000B1DD /* ToofAltButton.swift in Sources */,
				3459372429F1CC640000B1DD /* connectSelections.swift in Sources */,
				3403826429F24B9500E673BD /* SettingsHelpViewModel.swift in Sources */,
				3401FEF229F4D571008B0011 /* MainPlayerView.swift in Sources */,
				34AFC0DF29EFB367002BEDE2 /* DeviceFinderSearchViewModel.swift in Sources */,
				34AFC0E229EFB38E002BEDE2 /* DeviceFinderViewModel.swift in Sources */,
				349FA14E29EEEEEB00E725B2 /* ColorHelper.swift in Sources */,
				3401FF0929F4FDA8008B0011 /* SearchBar.swift in Sources */,
				34C55D6229FB8F520073927F /* LocationPermissionManager.swift in Sources */,
				3459372A29F1FD080000B1DD /* ToofList.swift in Sources */,
				345936FE29F0D8360000B1DD /* MainTabViewModel.swift in Sources */,
				349FA10129EEE0DD00E725B2 /* OnboardingView.swift in Sources */,
				3459372029F1BFDC0000B1DD /* ToofBackButton.swift in Sources */,
				3459370A29F0D8D50000B1DD /* MainBrowseViewModel.swift in Sources */,
				349FA0FF29EEE0CE00E725B2 /* OnboardingViewModel.swift in Sources */,
				3459371029F0D8F70000B1DD /* MainSettingsView.swift in Sources */,
				349FA0FD29EEE04900E725B2 /* SplashViewModel.swift in Sources */,
				3401FF0D29F5048B008B0011 /* MusicPlayer.swift in Sources */,
				345936F529F0B13B0000B1DD /* DeviceView.swift in Sources */,
				34C55D6429FB90070073927F /* LocalNetworkAccessManager.swift in Sources */,
				34FDC38129EF4B0B00F4308D /* AuthRegisterViewModel.swift in Sources */,
				3459370429F0D8AC0000B1DD /* MainDeviceViewModel.swift in Sources */,
				34AFC0D729EFAEE9002BEDE2 /* AuthResetViewModel.swift in Sources */,
				349FA11129EEE4C800E725B2 /* splashFastView.swift in Sources */,
				34AFC0EB29EFB413002BEDE2 /* DeviceFinderHelpViewModel.swift in Sources */,
				3401FEFD29F4DE16008B0011 /* TapBarPlayerView.swift in Sources */,
				349FA15129EEEEEB00E725B2 /* ImageHandler.swift in Sources */,
				3459370829F0D8CA0000B1DD /* MainBrowseView.swift in Sources */,
				3450F31029EEF9E900B68DD4 /* AuthManager.swift in Sources */,
				3459372229F1CAAD0000B1DD /* ConnectSection.swift in Sources */,
				3401FF0B29F4FE78008B0011 /* MusicList.swift in Sources */,
				3459370629F0D8B60000B1DD /* MainDeviceView.swift in Sources */,
				34C55D5E29FB74970073927F /* DeviceFinderOpenAccessView.swift in Sources */,
				3450F31829EF0B2E00B68DD4 /* AuthRegisterView.swift in Sources */,
				34C55D5929FAB38D0073927F /* ContentView.swift in Sources */,
				34C55D5729FAB33F0073927F /* ConnectDevice.swift in Sources */,
				3450F30E29EEF98300B68DD4 /* User.swift in Sources */,
				3450F31B29EF0C0100B68DD4 /* AuthLoginView.swift in Sources */,
				34FDC39229EF68D700F4308D /* ToofButton.swift in Sources */,
				349FA15029EEEEEB00E725B2 /* ImageHelper.swift in Sources */,
				343B3CF42A05785F00E0A536 /* PermissionDescription.swift in Sources */,
				349FA15329EEEEEB00E725B2 /* TextHandler.swift in Sources */,
				34AFC0E429EFB398002BEDE2 /* DeviceFinderFindView.swift in Sources */,
				345936F329F0AE390000B1DD /* deviceHeader.swift in Sources */,
				349FA15429EEEEEB00E725B2 /* FontHandler.swift in Sources */,
				3401FF0329F4F845008B0011 /* DeviceSize.swift in Sources */,
				34AFC0E629EFB3C0002BEDE2 /* DeviceFinderSearchView.swift in Sources */,
				345936F729F0BE7C0000B1DD /* DeviceInfo.swift in Sources */,
				34FDC38729EF4C3200F4308D /* authBackground.swift in Sources */,
			);
			runOnlyForDeploymentPostprocessing = 0;
		};
/* End PBXSourcesBuildPhase section */

/* Begin PBXVariantGroup section */
		349FA10B29EEE25D00E725B2 /* Localizable.strings */ = {
			isa = PBXVariantGroup;
			children = (
				349FA10A29EEE25D00E725B2 /* en */,
				349FA10C29EEE26000E725B2 /* it */,
				349FA10D29EEE26100E725B2 /* ru */,
				349FA10E29EEE26200E725B2 /* tr */,
			);
			name = Localizable.strings;
			sourceTree = "<group>";
		};
/* End PBXVariantGroup section */

/* Begin XCBuildConfiguration section */
		349FA0E029EE02EC00E725B2 /* Debug */ = {
			isa = XCBuildConfiguration;
			buildSettings = {
				ALWAYS_SEARCH_USER_PATHS = NO;
				CLANG_ANALYZER_NONNULL = YES;
				CLANG_ANALYZER_NUMBER_OBJECT_CONVERSION = YES_AGGRESSIVE;
				CLANG_CXX_LANGUAGE_STANDARD = "gnu++20";
				CLANG_ENABLE_MODULES = YES;
				CLANG_ENABLE_OBJC_ARC = YES;
				CLANG_ENABLE_OBJC_WEAK = YES;
				CLANG_WARN_BLOCK_CAPTURE_AUTORELEASING = YES;
				CLANG_WARN_BOOL_CONVERSION = YES;
				CLANG_WARN_COMMA = YES;
				CLANG_WARN_CONSTANT_CONVERSION = YES;
				CLANG_WARN_DEPRECATED_OBJC_IMPLEMENTATIONS = YES;
				CLANG_WARN_DIRECT_OBJC_ISA_USAGE = YES_ERROR;
				CLANG_WARN_DOCUMENTATION_COMMENTS = YES;
				CLANG_WARN_EMPTY_BODY = YES;
				CLANG_WARN_ENUM_CONVERSION = YES;
				CLANG_WARN_INFINITE_RECURSION = YES;
				CLANG_WARN_INT_CONVERSION = YES;
				CLANG_WARN_NON_LITERAL_NULL_CONVERSION = YES;
				CLANG_WARN_OBJC_IMPLICIT_RETAIN_SELF = YES;
				CLANG_WARN_OBJC_LITERAL_CONVERSION = YES;
				CLANG_WARN_OBJC_ROOT_CLASS = YES_ERROR;
				CLANG_WARN_QUOTED_INCLUDE_IN_FRAMEWORK_HEADER = YES;
				CLANG_WARN_RANGE_LOOP_ANALYSIS = YES;
				CLANG_WARN_STRICT_PROTOTYPES = YES;
				CLANG_WARN_SUSPICIOUS_MOVE = YES;
				CLANG_WARN_UNGUARDED_AVAILABILITY = YES_AGGRESSIVE;
				CLANG_WARN_UNREACHABLE_CODE = YES;
				CLANG_WARN__DUPLICATE_METHOD_MATCH = YES;
				COPY_PHASE_STRIP = NO;
				DEBUG_INFORMATION_FORMAT = dwarf;
				ENABLE_STRICT_OBJC_MSGSEND = YES;
				ENABLE_TESTABILITY = YES;
				GCC_C_LANGUAGE_STANDARD = gnu11;
				GCC_DYNAMIC_NO_PIC = NO;
				GCC_NO_COMMON_BLOCKS = YES;
				GCC_OPTIMIZATION_LEVEL = 0;
				GCC_PREPROCESSOR_DEFINITIONS = (
					"DEBUG=1",
					"$(inherited)",
				);
				GCC_WARN_64_TO_32_BIT_CONVERSION = YES;
				GCC_WARN_ABOUT_RETURN_TYPE = YES_ERROR;
				GCC_WARN_UNDECLARED_SELECTOR = YES;
				GCC_WARN_UNINITIALIZED_AUTOS = YES_AGGRESSIVE;
				GCC_WARN_UNUSED_FUNCTION = YES;
				GCC_WARN_UNUSED_VARIABLE = YES;
				IPHONEOS_DEPLOYMENT_TARGET = 15.4;
				MTL_ENABLE_DEBUG_INFO = INCLUDE_SOURCE;
				MTL_FAST_MATH = YES;
				ONLY_ACTIVE_ARCH = YES;
				SDKROOT = iphoneos;
				SWIFT_ACTIVE_COMPILATION_CONDITIONS = DEBUG;
				SWIFT_OPTIMIZATION_LEVEL = "-Onone";
			};
			name = Debug;
		};
		349FA0E129EE02EC00E725B2 /* Release */ = {
			isa = XCBuildConfiguration;
			buildSettings = {
				ALWAYS_SEARCH_USER_PATHS = NO;
				CLANG_ANALYZER_NONNULL = YES;
				CLANG_ANALYZER_NUMBER_OBJECT_CONVERSION = YES_AGGRESSIVE;
				CLANG_CXX_LANGUAGE_STANDARD = "gnu++20";
				CLANG_ENABLE_MODULES = YES;
				CLANG_ENABLE_OBJC_ARC = YES;
				CLANG_ENABLE_OBJC_WEAK = YES;
				CLANG_WARN_BLOCK_CAPTURE_AUTORELEASING = YES;
				CLANG_WARN_BOOL_CONVERSION = YES;
				CLANG_WARN_COMMA = YES;
				CLANG_WARN_CONSTANT_CONVERSION = YES;
				CLANG_WARN_DEPRECATED_OBJC_IMPLEMENTATIONS = YES;
				CLANG_WARN_DIRECT_OBJC_ISA_USAGE = YES_ERROR;
				CLANG_WARN_DOCUMENTATION_COMMENTS = YES;
				CLANG_WARN_EMPTY_BODY = YES;
				CLANG_WARN_ENUM_CONVERSION = YES;
				CLANG_WARN_INFINITE_RECURSION = YES;
				CLANG_WARN_INT_CONVERSION = YES;
				CLANG_WARN_NON_LITERAL_NULL_CONVERSION = YES;
				CLANG_WARN_OBJC_IMPLICIT_RETAIN_SELF = YES;
				CLANG_WARN_OBJC_LITERAL_CONVERSION = YES;
				CLANG_WARN_OBJC_ROOT_CLASS = YES_ERROR;
				CLANG_WARN_QUOTED_INCLUDE_IN_FRAMEWORK_HEADER = YES;
				CLANG_WARN_RANGE_LOOP_ANALYSIS = YES;
				CLANG_WARN_STRICT_PROTOTYPES = YES;
				CLANG_WARN_SUSPICIOUS_MOVE = YES;
				CLANG_WARN_UNGUARDED_AVAILABILITY = YES_AGGRESSIVE;
				CLANG_WARN_UNREACHABLE_CODE = YES;
				CLANG_WARN__DUPLICATE_METHOD_MATCH = YES;
				COPY_PHASE_STRIP = NO;
				DEBUG_INFORMATION_FORMAT = "dwarf-with-dsym";
				ENABLE_NS_ASSERTIONS = NO;
				ENABLE_STRICT_OBJC_MSGSEND = YES;
				GCC_C_LANGUAGE_STANDARD = gnu11;
				GCC_NO_COMMON_BLOCKS = YES;
				GCC_WARN_64_TO_32_BIT_CONVERSION = YES;
				GCC_WARN_ABOUT_RETURN_TYPE = YES_ERROR;
				GCC_WARN_UNDECLARED_SELECTOR = YES;
				GCC_WARN_UNINITIALIZED_AUTOS = YES_AGGRESSIVE;
				GCC_WARN_UNUSED_FUNCTION = YES;
				GCC_WARN_UNUSED_VARIABLE = YES;
				IPHONEOS_DEPLOYMENT_TARGET = 15.4;
				MTL_ENABLE_DEBUG_INFO = NO;
				MTL_FAST_MATH = YES;
				SDKROOT = iphoneos;
				SWIFT_COMPILATION_MODE = wholemodule;
				SWIFT_OPTIMIZATION_LEVEL = "-O";
				VALIDATE_PRODUCT = YES;
			};
			name = Release;
		};
		349FA0E329EE02EC00E725B2 /* Debug */ = {
			isa = XCBuildConfiguration;
			buildSettings = {
				ASSETCATALOG_COMPILER_APPICON_NAME = AppIcon;
				ASSETCATALOG_COMPILER_GLOBAL_ACCENT_COLOR_NAME = AccentColor;
				CODE_SIGN_STYLE = Automatic;
				CURRENT_PROJECT_VERSION = 1;
				DEVELOPMENT_ASSET_PATHS = "\"TOOF Audio/Preview Content\"";
				DEVELOPMENT_TEAM = B99RZUGUJW;
				ENABLE_PREVIEWS = YES;
				GENERATE_INFOPLIST_FILE = YES;
				INFOPLIST_FILE = "TOOF Audio/Utility/TOOF-Audio-Info.plist";
				INFOPLIST_KEY_CFBundleDisplayName = "TOOF Audio";
				INFOPLIST_KEY_LSApplicationCategoryType = "public.app-category.music";
				INFOPLIST_KEY_NSAppleMusicUsageDescription = "";
				INFOPLIST_KEY_UIApplicationSceneManifest_Generation = YES;
				INFOPLIST_KEY_UIApplicationSupportsIndirectInputEvents = YES;
				INFOPLIST_KEY_UILaunchScreen_Generation = YES;
				INFOPLIST_KEY_UISupportedInterfaceOrientations_iPad = "UIInterfaceOrientationPortrait UIInterfaceOrientationPortraitUpsideDown UIInterfaceOrientationLandscapeLeft UIInterfaceOrientationLandscapeRight";
				INFOPLIST_KEY_UISupportedInterfaceOrientations_iPhone = "UIInterfaceOrientationPortrait UIInterfaceOrientationLandscapeLeft UIInterfaceOrientationLandscapeRight";
				IPHONEOS_DEPLOYMENT_TARGET = 15;
				LD_RUNPATH_SEARCH_PATHS = (
					"$(inherited)",
					"@executable_path/Frameworks",
				);
				MARKETING_VERSION = 0.4;
				PRODUCT_BUNDLE_IDENTIFIER = "NomoSiOS.TOOF-Audio";
				PRODUCT_NAME = "$(TARGET_NAME)";
				SUPPORTED_PLATFORMS = "iphoneos iphonesimulator";
				SUPPORTS_MACCATALYST = NO;
				SUPPORTS_MAC_DESIGNED_FOR_IPHONE_IPAD = NO;
				SWIFT_EMIT_LOC_STRINGS = YES;
				SWIFT_VERSION = 5.0;
				TARGETED_DEVICE_FAMILY = "1,2";
			};
			name = Debug;
		};
		349FA0E429EE02EC00E725B2 /* Release */ = {
			isa = XCBuildConfiguration;
			buildSettings = {
				ASSETCATALOG_COMPILER_APPICON_NAME = AppIcon;
				ASSETCATALOG_COMPILER_GLOBAL_ACCENT_COLOR_NAME = AccentColor;
				CODE_SIGN_STYLE = Automatic;
				CURRENT_PROJECT_VERSION = 1;
				DEVELOPMENT_ASSET_PATHS = "\"TOOF Audio/Preview Content\"";
				DEVELOPMENT_TEAM = B99RZUGUJW;
				ENABLE_PREVIEWS = YES;
				GENERATE_INFOPLIST_FILE = YES;
				INFOPLIST_FILE = "TOOF Audio/Utility/TOOF-Audio-Info.plist";
				INFOPLIST_KEY_CFBundleDisplayName = "TOOF Audio";
				INFOPLIST_KEY_LSApplicationCategoryType = "public.app-category.music";
				INFOPLIST_KEY_NSAppleMusicUsageDescription = "";
				INFOPLIST_KEY_UIApplicationSceneManifest_Generation = YES;
				INFOPLIST_KEY_UIApplicationSupportsIndirectInputEvents = YES;
				INFOPLIST_KEY_UILaunchScreen_Generation = YES;
				INFOPLIST_KEY_UISupportedInterfaceOrientations_iPad = "UIInterfaceOrientationPortrait UIInterfaceOrientationPortraitUpsideDown UIInterfaceOrientationLandscapeLeft UIInterfaceOrientationLandscapeRight";
				INFOPLIST_KEY_UISupportedInterfaceOrientations_iPhone = "UIInterfaceOrientationPortrait UIInterfaceOrientationLandscapeLeft UIInterfaceOrientationLandscapeRight";
				IPHONEOS_DEPLOYMENT_TARGET = 15;
				LD_RUNPATH_SEARCH_PATHS = (
					"$(inherited)",
					"@executable_path/Frameworks",
				);
				MARKETING_VERSION = 0.4;
				PRODUCT_BUNDLE_IDENTIFIER = "NomoSiOS.TOOF-Audio";
				PRODUCT_NAME = "$(TARGET_NAME)";
				SUPPORTED_PLATFORMS = "iphoneos iphonesimulator";
				SUPPORTS_MACCATALYST = NO;
				SUPPORTS_MAC_DESIGNED_FOR_IPHONE_IPAD = NO;
				SWIFT_EMIT_LOC_STRINGS = YES;
				SWIFT_VERSION = 5.0;
				TARGETED_DEVICE_FAMILY = "1,2";
			};
			name = Release;
		};
/* End XCBuildConfiguration section */

/* Begin XCConfigurationList section */
		349FA0CF29EE02EA00E725B2 /* Build configuration list for PBXProject "TOOF Audio" */ = {
			isa = XCConfigurationList;
			buildConfigurations = (
				349FA0E029EE02EC00E725B2 /* Debug */,
				349FA0E129EE02EC00E725B2 /* Release */,
			);
			defaultConfigurationIsVisible = 0;
			defaultConfigurationName = Release;
		};
		349FA0E229EE02EC00E725B2 /* Build configuration list for PBXNativeTarget "TOOF Audio" */ = {
			isa = XCConfigurationList;
			buildConfigurations = (
				349FA0E329EE02EC00E725B2 /* Debug */,
				349FA0E429EE02EC00E725B2 /* Release */,
			);
			defaultConfigurationIsVisible = 0;
			defaultConfigurationName = Release;
		};
/* End XCConfigurationList section */

/* Begin XCRemoteSwiftPackageReference section */
		348907562A0DF31C005998D0 /* XCRemoteSwiftPackageReference "Alamofire" */ = {
			isa = XCRemoteSwiftPackageReference;
			repositoryURL = "https://github.com/Alamofire/Alamofire";
			requirement = {
				kind = upToNextMajorVersion;
				minimumVersion = 5.0.0;
			};
		};
		34D1CCCE29EF39E600886305 /* XCRemoteSwiftPackageReference "firebase-ios-sdk" */ = {
			isa = XCRemoteSwiftPackageReference;
			repositoryURL = "https://github.com/firebase/firebase-ios-sdk";
			requirement = {
				kind = upToNextMajorVersion;
				minimumVersion = 10.0.0;
			};
		};
/* End XCRemoteSwiftPackageReference section */

/* Begin XCSwiftPackageProductDependency section */
		348907572A0DF31C005998D0 /* Alamofire */ = {
			isa = XCSwiftPackageProductDependency;
			package = 348907562A0DF31C005998D0 /* XCRemoteSwiftPackageReference "Alamofire" */;
			productName = Alamofire;
		};
		34D1CCCF29EF39E600886305 /* FirebaseAnalytics */ = {
			isa = XCSwiftPackageProductDependency;
			package = 34D1CCCE29EF39E600886305 /* XCRemoteSwiftPackageReference "firebase-ios-sdk" */;
			productName = FirebaseAnalytics;
		};
		34D1CCD129EF39E600886305 /* FirebaseAuth */ = {
			isa = XCSwiftPackageProductDependency;
			package = 34D1CCCE29EF39E600886305 /* XCRemoteSwiftPackageReference "firebase-ios-sdk" */;
			productName = FirebaseAuth;
		};
		34D1CCD329EF39E600886305 /* FirebaseFirestore */ = {
			isa = XCSwiftPackageProductDependency;
			package = 34D1CCCE29EF39E600886305 /* XCRemoteSwiftPackageReference "firebase-ios-sdk" */;
			productName = FirebaseFirestore;
		};
		34D1CCD529EF39E600886305 /* FirebaseFirestoreSwift */ = {
			isa = XCSwiftPackageProductDependency;
			package = 34D1CCCE29EF39E600886305 /* XCRemoteSwiftPackageReference "firebase-ios-sdk" */;
			productName = FirebaseFirestoreSwift;
		};
/* End XCSwiftPackageProductDependency section */
	};
	rootObject = 349FA0CC29EE02EA00E725B2 /* Project object */;
}
