// !$*UTF8*$!
{
	archiveVersion = 1;
	classes = {
	};
	objectVersion = 56;
	objects = {

/* Begin PBXBuildFile section */
		340F92D429B7B4BC00B3127E /* FontHelper.swift in Sources */ = {isa = PBXBuildFile; fileRef = 340F92D329B7B4BC00B3127E /* FontHelper.swift */; };
		340F92D629B7B4C200B3127E /* FontHandler.swift in Sources */ = {isa = PBXBuildFile; fileRef = 340F92D529B7B4C200B3127E /* FontHandler.swift */; };
		340F92D929B7B89E00B3127E /* AuthRooter.swift in Sources */ = {isa = PBXBuildFile; fileRef = 340F92D829B7B89E00B3127E /* AuthRooter.swift */; };
		340F92DB29B7B8A600B3127E /* AuthViewModel.swift in Sources */ = {isa = PBXBuildFile; fileRef = 340F92DA29B7B8A600B3127E /* AuthViewModel.swift */; };
		340F92DD29B7B8B400B3127E /* AuthLoginView.swift in Sources */ = {isa = PBXBuildFile; fileRef = 340F92DC29B7B8B400B3127E /* AuthLoginView.swift */; };
		340F92DF29B7B8BB00B3127E /* AuthRegisterView.swift in Sources */ = {isa = PBXBuildFile; fileRef = 340F92DE29B7B8BB00B3127E /* AuthRegisterView.swift */; };
		340F92E129B7B8C900B3127E /* AuthResetPasswordView.swift in Sources */ = {isa = PBXBuildFile; fileRef = 340F92E029B7B8C900B3127E /* AuthResetPasswordView.swift */; };
		340F92E329B7B95300B3127E /* AuthCodeView.swift in Sources */ = {isa = PBXBuildFile; fileRef = 340F92E229B7B95300B3127E /* AuthCodeView.swift */; };
		340F92E529B7B96B00B3127E /* AuthChangePasswordView.swift in Sources */ = {isa = PBXBuildFile; fileRef = 340F92E429B7B96B00B3127E /* AuthChangePasswordView.swift */; };
		340F92E829B7B9FE00B3127E /* DeviceFinderRouter.swift in Sources */ = {isa = PBXBuildFile; fileRef = 340F92E729B7B9FE00B3127E /* DeviceFinderRouter.swift */; };
		340F92EA29B7BA0D00B3127E /* DeviceFinderViewModel.swift in Sources */ = {isa = PBXBuildFile; fileRef = 340F92E929B7BA0D00B3127E /* DeviceFinderViewModel.swift */; };
		340F92EC29B7BA1F00B3127E /* DeviceFinderAddView.swift in Sources */ = {isa = PBXBuildFile; fileRef = 340F92EB29B7BA1F00B3127E /* DeviceFinderAddView.swift */; };
		340F92EE29B7BA4400B3127E /* DeviceFinderConnectView.swift in Sources */ = {isa = PBXBuildFile; fileRef = 340F92ED29B7BA4400B3127E /* DeviceFinderConnectView.swift */; };
		340F92F029B7BA7500B3127E /* DeviceFinderNotFoundView.swift in Sources */ = {isa = PBXBuildFile; fileRef = 340F92EF29B7BA7500B3127E /* DeviceFinderNotFoundView.swift */; };
		340F92F429B7BB3F00B3127E /* EntryTextField.swift in Sources */ = {isa = PBXBuildFile; fileRef = 340F92F329B7BB3F00B3127E /* EntryTextField.swift */; };
		340F92F629B7BB8F00B3127E /* EntryHeader.swift in Sources */ = {isa = PBXBuildFile; fileRef = 340F92F529B7BB8F00B3127E /* EntryHeader.swift */; };
		3412413A29D113E7001B9D3B /* FirebaseAnalytics in Frameworks */ = {isa = PBXBuildFile; productRef = 3412413929D113E7001B9D3B /* FirebaseAnalytics */; };
		3412413C29D113E7001B9D3B /* FirebaseAuth in Frameworks */ = {isa = PBXBuildFile; productRef = 3412413B29D113E7001B9D3B /* FirebaseAuth */; };
		3412413E29D113E7001B9D3B /* FirebaseFirestore in Frameworks */ = {isa = PBXBuildFile; productRef = 3412413D29D113E7001B9D3B /* FirebaseFirestore */; };
		3412414029D113E7001B9D3B /* FirebaseFirestoreSwift in Frameworks */ = {isa = PBXBuildFile; productRef = 3412413F29D113E7001B9D3B /* FirebaseFirestoreSwift */; };
		3426EFA629A4403200CA1F0F /* TOOF_AudioApp.swift in Sources */ = {isa = PBXBuildFile; fileRef = 3426EFA529A4403200CA1F0F /* TOOF_AudioApp.swift */; };
		3426EFAA29A4403500CA1F0F /* Assets.xcassets in Resources */ = {isa = PBXBuildFile; fileRef = 3426EFA929A4403500CA1F0F /* Assets.xcassets */; };
		3426EFAD29A4403500CA1F0F /* Preview Assets.xcassets in Resources */ = {isa = PBXBuildFile; fileRef = 3426EFAC29A4403500CA1F0F /* Preview Assets.xcassets */; };
		3426EFBD29A4403500CA1F0F /* ImageHelper.swift in Sources */ = {isa = PBXBuildFile; fileRef = 3426EFBC29A4403500CA1F0F /* ImageHelper.swift */; };
		3426EFBF29A4403500CA1F0F /* ImageHandler.swift in Sources */ = {isa = PBXBuildFile; fileRef = 3426EFBE29A4403500CA1F0F /* ImageHandler.swift */; };
		3426EFC229A4403500CA1F0F /* SplashView.swift in Sources */ = {isa = PBXBuildFile; fileRef = 3426EFC129A4403500CA1F0F /* SplashView.swift */; };
		3426EFC729A4403500CA1F0F /* SplashViewModel.swift in Sources */ = {isa = PBXBuildFile; fileRef = 3426EFC629A4403500CA1F0F /* SplashViewModel.swift */; };
		3426EFC929A4403500CA1F0F /* SplashRouter.swift in Sources */ = {isa = PBXBuildFile; fileRef = 3426EFC829A4403500CA1F0F /* SplashRouter.swift */; };
		3426EFCB29A4403500CA1F0F /* ColorHelper.swift in Sources */ = {isa = PBXBuildFile; fileRef = 3426EFCA29A4403500CA1F0F /* ColorHelper.swift */; };
		3426EFCD29A4403500CA1F0F /* ColorHandler.swift in Sources */ = {isa = PBXBuildFile; fileRef = 3426EFCC29A4403500CA1F0F /* ColorHandler.swift */; };
		3426EFD029A4403500CA1F0F /* OnboardingView.swift in Sources */ = {isa = PBXBuildFile; fileRef = 3426EFCF29A4403500CA1F0F /* OnboardingView.swift */; };
		34ECC13229A80DB2006ACA3B /* OnboardingViewModel.swift in Sources */ = {isa = PBXBuildFile; fileRef = 34ECC13129A80DB2006ACA3B /* OnboardingViewModel.swift */; };
		34ECC13429A80DBF006ACA3B /* OnboardingRouter.swift in Sources */ = {isa = PBXBuildFile; fileRef = 34ECC13329A80DBF006ACA3B /* OnboardingRouter.swift */; };
		34ECC13B29A80E76006ACA3B /* SplashUISubView.swift in Sources */ = {isa = PBXBuildFile; fileRef = 34ECC13A29A80E76006ACA3B /* SplashUISubView.swift */; };
		34ECC13E29A80ED1006ACA3B /* OnboardingUISubView.swift in Sources */ = {isa = PBXBuildFile; fileRef = 34ECC13D29A80ED1006ACA3B /* OnboardingUISubView.swift */; };
		34ECC14029A820AF006ACA3B /* PrimaryButton.swift in Sources */ = {isa = PBXBuildFile; fileRef = 34ECC13F29A820AF006ACA3B /* PrimaryButton.swift */; };
/* End PBXBuildFile section */

/* Begin PBXFileReference section */
		340F92D329B7B4BC00B3127E /* FontHelper.swift */ = {isa = PBXFileReference; lastKnownFileType = sourcecode.swift; path = FontHelper.swift; sourceTree = "<group>"; };
		340F92D529B7B4C200B3127E /* FontHandler.swift */ = {isa = PBXFileReference; lastKnownFileType = sourcecode.swift; path = FontHandler.swift; sourceTree = "<group>"; };
		340F92D829B7B89E00B3127E /* AuthRooter.swift */ = {isa = PBXFileReference; lastKnownFileType = sourcecode.swift; path = AuthRooter.swift; sourceTree = "<group>"; };
		340F92DA29B7B8A600B3127E /* AuthViewModel.swift */ = {isa = PBXFileReference; lastKnownFileType = sourcecode.swift; path = AuthViewModel.swift; sourceTree = "<group>"; };
		340F92DC29B7B8B400B3127E /* AuthLoginView.swift */ = {isa = PBXFileReference; lastKnownFileType = sourcecode.swift; path = AuthLoginView.swift; sourceTree = "<group>"; };
		340F92DE29B7B8BB00B3127E /* AuthRegisterView.swift */ = {isa = PBXFileReference; lastKnownFileType = sourcecode.swift; path = AuthRegisterView.swift; sourceTree = "<group>"; };
		340F92E029B7B8C900B3127E /* AuthResetPasswordView.swift */ = {isa = PBXFileReference; lastKnownFileType = sourcecode.swift; path = AuthResetPasswordView.swift; sourceTree = "<group>"; };
		340F92E229B7B95300B3127E /* AuthCodeView.swift */ = {isa = PBXFileReference; lastKnownFileType = sourcecode.swift; path = AuthCodeView.swift; sourceTree = "<group>"; };
		340F92E429B7B96B00B3127E /* AuthChangePasswordView.swift */ = {isa = PBXFileReference; lastKnownFileType = sourcecode.swift; path = AuthChangePasswordView.swift; sourceTree = "<group>"; };
		340F92E729B7B9FE00B3127E /* DeviceFinderRouter.swift */ = {isa = PBXFileReference; lastKnownFileType = sourcecode.swift; path = DeviceFinderRouter.swift; sourceTree = "<group>"; };
		340F92E929B7BA0D00B3127E /* DeviceFinderViewModel.swift */ = {isa = PBXFileReference; lastKnownFileType = sourcecode.swift; path = DeviceFinderViewModel.swift; sourceTree = "<group>"; };
		340F92EB29B7BA1F00B3127E /* DeviceFinderAddView.swift */ = {isa = PBXFileReference; lastKnownFileType = sourcecode.swift; path = DeviceFinderAddView.swift; sourceTree = "<group>"; };
		340F92ED29B7BA4400B3127E /* DeviceFinderConnectView.swift */ = {isa = PBXFileReference; lastKnownFileType = sourcecode.swift; path = DeviceFinderConnectView.swift; sourceTree = "<group>"; };
		340F92EF29B7BA7500B3127E /* DeviceFinderNotFoundView.swift */ = {isa = PBXFileReference; lastKnownFileType = sourcecode.swift; path = DeviceFinderNotFoundView.swift; sourceTree = "<group>"; };
		340F92F329B7BB3F00B3127E /* EntryTextField.swift */ = {isa = PBXFileReference; lastKnownFileType = sourcecode.swift; path = EntryTextField.swift; sourceTree = "<group>"; };
		340F92F529B7BB8F00B3127E /* EntryHeader.swift */ = {isa = PBXFileReference; lastKnownFileType = sourcecode.swift; path = EntryHeader.swift; sourceTree = "<group>"; };
		3426EFA229A4403200CA1F0F /* TOOF Audio.app */ = {isa = PBXFileReference; explicitFileType = wrapper.application; includeInIndex = 0; path = "TOOF Audio.app"; sourceTree = BUILT_PRODUCTS_DIR; };
		3426EFA529A4403200CA1F0F /* TOOF_AudioApp.swift */ = {isa = PBXFileReference; lastKnownFileType = sourcecode.swift; path = TOOF_AudioApp.swift; sourceTree = "<group>"; };
		3426EFA929A4403500CA1F0F /* Assets.xcassets */ = {isa = PBXFileReference; lastKnownFileType = folder.assetcatalog; path = Assets.xcassets; sourceTree = "<group>"; };
		3426EFAC29A4403500CA1F0F /* Preview Assets.xcassets */ = {isa = PBXFileReference; lastKnownFileType = folder.assetcatalog; path = "Preview Assets.xcassets"; sourceTree = "<group>"; };
		3426EFBC29A4403500CA1F0F /* ImageHelper.swift */ = {isa = PBXFileReference; lastKnownFileType = sourcecode.swift; path = ImageHelper.swift; sourceTree = "<group>"; };
		3426EFBE29A4403500CA1F0F /* ImageHandler.swift */ = {isa = PBXFileReference; lastKnownFileType = sourcecode.swift; path = ImageHandler.swift; sourceTree = "<group>"; };
		3426EFC129A4403500CA1F0F /* SplashView.swift */ = {isa = PBXFileReference; lastKnownFileType = sourcecode.swift; path = SplashView.swift; sourceTree = "<group>"; };
		3426EFC629A4403500CA1F0F /* SplashViewModel.swift */ = {isa = PBXFileReference; lastKnownFileType = sourcecode.swift; path = SplashViewModel.swift; sourceTree = "<group>"; };
		3426EFC829A4403500CA1F0F /* SplashRouter.swift */ = {isa = PBXFileReference; lastKnownFileType = sourcecode.swift; path = SplashRouter.swift; sourceTree = "<group>"; };
		3426EFCA29A4403500CA1F0F /* ColorHelper.swift */ = {isa = PBXFileReference; lastKnownFileType = sourcecode.swift; path = ColorHelper.swift; sourceTree = "<group>"; };
		3426EFCC29A4403500CA1F0F /* ColorHandler.swift */ = {isa = PBXFileReference; lastKnownFileType = sourcecode.swift; path = ColorHandler.swift; sourceTree = "<group>"; };
		3426EFCF29A4403500CA1F0F /* OnboardingView.swift */ = {isa = PBXFileReference; lastKnownFileType = sourcecode.swift; path = OnboardingView.swift; sourceTree = "<group>"; };
		34ECC13129A80DB2006ACA3B /* OnboardingViewModel.swift */ = {isa = PBXFileReference; lastKnownFileType = sourcecode.swift; path = OnboardingViewModel.swift; sourceTree = "<group>"; };
		34ECC13329A80DBF006ACA3B /* OnboardingRouter.swift */ = {isa = PBXFileReference; lastKnownFileType = sourcecode.swift; path = OnboardingRouter.swift; sourceTree = "<group>"; };
		34ECC13A29A80E76006ACA3B /* SplashUISubView.swift */ = {isa = PBXFileReference; lastKnownFileType = sourcecode.swift; path = SplashUISubView.swift; sourceTree = "<group>"; };
		34ECC13D29A80ED1006ACA3B /* OnboardingUISubView.swift */ = {isa = PBXFileReference; lastKnownFileType = sourcecode.swift; path = OnboardingUISubView.swift; sourceTree = "<group>"; };
		34ECC13F29A820AF006ACA3B /* PrimaryButton.swift */ = {isa = PBXFileReference; lastKnownFileType = sourcecode.swift; path = PrimaryButton.swift; sourceTree = "<group>"; };
/* End PBXFileReference section */

/* Begin PBXFrameworksBuildPhase section */
		3426EF9F29A4403200CA1F0F /* Frameworks */ = {
			isa = PBXFrameworksBuildPhase;
			buildActionMask = 2147483647;
			files = (
				3412413A29D113E7001B9D3B /* FirebaseAnalytics in Frameworks */,
				3412413C29D113E7001B9D3B /* FirebaseAuth in Frameworks */,
				3412413E29D113E7001B9D3B /* FirebaseFirestore in Frameworks */,
				3412414029D113E7001B9D3B /* FirebaseFirestoreSwift in Frameworks */,
			);
			runOnlyForDeploymentPostprocessing = 0;
		};
/* End PBXFrameworksBuildPhase section */

/* Begin PBXGroup section */
		340F92D129B7B4A900B3127E /* Font */ = {
			isa = PBXGroup;
			children = (
				340F92D329B7B4BC00B3127E /* FontHelper.swift */,
				340F92D529B7B4C200B3127E /* FontHandler.swift */,
			);
			path = Font;
			sourceTree = "<group>";
		};
		340F92D729B7B86100B3127E /* Auth */ = {
			isa = PBXGroup;
			children = (
				340F92D829B7B89E00B3127E /* AuthRooter.swift */,
				340F92DA29B7B8A600B3127E /* AuthViewModel.swift */,
				340F92DC29B7B8B400B3127E /* AuthLoginView.swift */,
				340F92DE29B7B8BB00B3127E /* AuthRegisterView.swift */,
				340F92E029B7B8C900B3127E /* AuthResetPasswordView.swift */,
				340F92E229B7B95300B3127E /* AuthCodeView.swift */,
				340F92E429B7B96B00B3127E /* AuthChangePasswordView.swift */,
			);
			path = Auth;
			sourceTree = "<group>";
		};
		340F92E629B7B9C000B3127E /* DeviceFinder */ = {
			isa = PBXGroup;
			children = (
				340F92E729B7B9FE00B3127E /* DeviceFinderRouter.swift */,
				340F92E929B7BA0D00B3127E /* DeviceFinderViewModel.swift */,
				340F92EB29B7BA1F00B3127E /* DeviceFinderAddView.swift */,
				340F92ED29B7BA4400B3127E /* DeviceFinderConnectView.swift */,
				340F92EF29B7BA7500B3127E /* DeviceFinderNotFoundView.swift */,
			);
			path = DeviceFinder;
			sourceTree = "<group>";
		};
		340F92F129B7BAA600B3127E /* Auth */ = {
			isa = PBXGroup;
			children = (
				340F92F529B7BB8F00B3127E /* EntryHeader.swift */,
			);
			path = Auth;
			sourceTree = "<group>";
		};
		340F92F229B7BAB200B3127E /* TextField */ = {
			isa = PBXGroup;
			children = (
				340F92F329B7BB3F00B3127E /* EntryTextField.swift */,
			);
			path = TextField;
			sourceTree = "<group>";
		};
		3426EF9929A4403200CA1F0F = {
			isa = PBXGroup;
			children = (
				3426EFA429A4403200CA1F0F /* TOOF Audio */,
				3426EFA329A4403200CA1F0F /* Products */,
			);
			sourceTree = "<group>";
		};
		3426EFA329A4403200CA1F0F /* Products */ = {
			isa = PBXGroup;
			children = (
				3426EFA229A4403200CA1F0F /* TOOF Audio.app */,
			);
			name = Products;
			sourceTree = "<group>";
		};
		3426EFA429A4403200CA1F0F /* TOOF Audio */ = {
			isa = PBXGroup;
			children = (
				3426EFA529A4403200CA1F0F /* TOOF_AudioApp.swift */,
				3426EFB329A4403500CA1F0F /* Core */,
				3426EFB429A4403500CA1F0F /* Service */,
				3426EFB529A4403500CA1F0F /* Utils */,
				3426EFAB29A4403500CA1F0F /* Preview Content */,
			);
			path = "TOOF Audio";
			sourceTree = "<group>";
		};
		3426EFAB29A4403500CA1F0F /* Preview Content */ = {
			isa = PBXGroup;
			children = (
				3426EFAC29A4403500CA1F0F /* Preview Assets.xcassets */,
			);
			path = "Preview Content";
			sourceTree = "<group>";
		};
		3426EFB329A4403500CA1F0F /* Core */ = {
			isa = PBXGroup;
			children = (
				3426EFB829A4403500CA1F0F /* View */,
				3426EFB729A4403500CA1F0F /* Component */,
				3426EFB629A4403500CA1F0F /* Helper */,
			);
			path = Core;
			sourceTree = "<group>";
		};
		3426EFB429A4403500CA1F0F /* Service */ = {
			isa = PBXGroup;
			children = (
			);
			path = Service;
			sourceTree = "<group>";
		};
		3426EFB529A4403500CA1F0F /* Utils */ = {
			isa = PBXGroup;
			children = (
				3426EFA929A4403500CA1F0F /* Assets.xcassets */,
			);
			path = Utils;
			sourceTree = "<group>";
		};
		3426EFB629A4403500CA1F0F /* Helper */ = {
			isa = PBXGroup;
			children = (
				3426EFB929A4403500CA1F0F /* Instrument */,
			);
			path = Helper;
			sourceTree = "<group>";
		};
		3426EFB729A4403500CA1F0F /* Component */ = {
			isa = PBXGroup;
			children = (
				34ECC13729A80E27006ACA3B /* UISub */,
				34ECC13829A80E31006ACA3B /* Button */,
				340F92F229B7BAB200B3127E /* TextField */,
			);
			path = Component;
			sourceTree = "<group>";
		};
		3426EFB829A4403500CA1F0F /* View */ = {
			isa = PBXGroup;
			children = (
				3426EFC029A4403500CA1F0F /* Splash */,
				3426EFCE29A4403500CA1F0F /* Onboarding */,
				340F92D729B7B86100B3127E /* Auth */,
				340F92E629B7B9C000B3127E /* DeviceFinder */,
			);
			path = View;
			sourceTree = "<group>";
		};
		3426EFB929A4403500CA1F0F /* Instrument */ = {
			isa = PBXGroup;
			children = (
				340F92D129B7B4A900B3127E /* Font */,
				3426EFBB29A4403500CA1F0F /* Image */,
				3426EFBA29A4403500CA1F0F /* Color */,
			);
			path = Instrument;
			sourceTree = "<group>";
		};
		3426EFBA29A4403500CA1F0F /* Color */ = {
			isa = PBXGroup;
			children = (
				3426EFCA29A4403500CA1F0F /* ColorHelper.swift */,
				3426EFCC29A4403500CA1F0F /* ColorHandler.swift */,
			);
			path = Color;
			sourceTree = "<group>";
		};
		3426EFBB29A4403500CA1F0F /* Image */ = {
			isa = PBXGroup;
			children = (
				3426EFBC29A4403500CA1F0F /* ImageHelper.swift */,
				3426EFBE29A4403500CA1F0F /* ImageHandler.swift */,
			);
			path = Image;
			sourceTree = "<group>";
		};
		3426EFC029A4403500CA1F0F /* Splash */ = {
			isa = PBXGroup;
			children = (
				3426EFC829A4403500CA1F0F /* SplashRouter.swift */,
				3426EFC629A4403500CA1F0F /* SplashViewModel.swift */,
				3426EFC129A4403500CA1F0F /* SplashView.swift */,
			);
			path = Splash;
			sourceTree = "<group>";
		};
		3426EFCE29A4403500CA1F0F /* Onboarding */ = {
			isa = PBXGroup;
			children = (
				34ECC13329A80DBF006ACA3B /* OnboardingRouter.swift */,
				34ECC13129A80DB2006ACA3B /* OnboardingViewModel.swift */,
				3426EFCF29A4403500CA1F0F /* OnboardingView.swift */,
			);
			path = Onboarding;
			sourceTree = "<group>";
		};
		34ECC13729A80E27006ACA3B /* UISub */ = {
			isa = PBXGroup;
			children = (
				34ECC13929A80E43006ACA3B /* Splash */,
				34ECC13C29A80EA9006ACA3B /* Onboarding */,
				340F92F129B7BAA600B3127E /* Auth */,
			);
			path = UISub;
			sourceTree = "<group>";
		};
		34ECC13829A80E31006ACA3B /* Button */ = {
			isa = PBXGroup;
			children = (
				34ECC14329A820DF006ACA3B /* ButtonActive */,
			);
			path = Button;
			sourceTree = "<group>";
		};
		34ECC13929A80E43006ACA3B /* Splash */ = {
			isa = PBXGroup;
			children = (
				34ECC13A29A80E76006ACA3B /* SplashUISubView.swift */,
			);
			path = Splash;
			sourceTree = "<group>";
		};
		34ECC13C29A80EA9006ACA3B /* Onboarding */ = {
			isa = PBXGroup;
			children = (
				34ECC13D29A80ED1006ACA3B /* OnboardingUISubView.swift */,
			);
			path = Onboarding;
			sourceTree = "<group>";
		};
		34ECC14329A820DF006ACA3B /* ButtonActive */ = {
			isa = PBXGroup;
			children = (
				34ECC13F29A820AF006ACA3B /* PrimaryButton.swift */,
			);
			path = ButtonActive;
			sourceTree = "<group>";
		};
/* End PBXGroup section */

/* Begin PBXNativeTarget section */
		3426EFA129A4403200CA1F0F /* TOOF Audio */ = {
			isa = PBXNativeTarget;
			buildConfigurationList = 3426EFB029A4403500CA1F0F /* Build configuration list for PBXNativeTarget "TOOF Audio" */;
			buildPhases = (
				3426EF9E29A4403200CA1F0F /* Sources */,
				3426EF9F29A4403200CA1F0F /* Frameworks */,
				3426EFA029A4403200CA1F0F /* Resources */,
			);
			buildRules = (
			);
			dependencies = (
			);
			name = "TOOF Audio";
			packageProductDependencies = (
				3412413929D113E7001B9D3B /* FirebaseAnalytics */,
				3412413B29D113E7001B9D3B /* FirebaseAuth */,
				3412413D29D113E7001B9D3B /* FirebaseFirestore */,
				3412413F29D113E7001B9D3B /* FirebaseFirestoreSwift */,
			);
			productName = "TOOF Audio";
			productReference = 3426EFA229A4403200CA1F0F /* TOOF Audio.app */;
			productType = "com.apple.product-type.application";
		};
/* End PBXNativeTarget section */

/* Begin PBXProject section */
		3426EF9A29A4403200CA1F0F /* Project object */ = {
			isa = PBXProject;
			attributes = {
				BuildIndependentTargetsInParallel = 1;
				LastSwiftUpdateCheck = 1420;
				LastUpgradeCheck = 1420;
				TargetAttributes = {
					3426EFA129A4403200CA1F0F = {
						CreatedOnToolsVersion = 14.2;
					};
				};
			};
			buildConfigurationList = 3426EF9D29A4403200CA1F0F /* Build configuration list for PBXProject "TOOF Audio" */;
			compatibilityVersion = "Xcode 14.0";
			developmentRegion = en;
			hasScannedForEncodings = 0;
			knownRegions = (
				en,
				tr,
			);
			mainGroup = 3426EF9929A4403200CA1F0F;
			packageReferences = (
				3412413829D113E7001B9D3B /* XCRemoteSwiftPackageReference "firebase-ios-sdk" */,
			);
			productRefGroup = 3426EFA329A4403200CA1F0F /* Products */;
			projectDirPath = "";
			projectRoot = "";
			targets = (
				3426EFA129A4403200CA1F0F /* TOOF Audio */,
			);
		};
/* End PBXProject section */

/* Begin PBXResourcesBuildPhase section */
		3426EFA029A4403200CA1F0F /* Resources */ = {
			isa = PBXResourcesBuildPhase;
			buildActionMask = 2147483647;
			files = (
				3426EFAD29A4403500CA1F0F /* Preview Assets.xcassets in Resources */,
				3426EFAA29A4403500CA1F0F /* Assets.xcassets in Resources */,
			);
			runOnlyForDeploymentPostprocessing = 0;
		};
/* End PBXResourcesBuildPhase section */

/* Begin PBXSourcesBuildPhase section */
		3426EF9E29A4403200CA1F0F /* Sources */ = {
			isa = PBXSourcesBuildPhase;
			buildActionMask = 2147483647;
			files = (
				3426EFA629A4403200CA1F0F /* TOOF_AudioApp.swift in Sources */,
				340F92D629B7B4C200B3127E /* FontHandler.swift in Sources */,
				340F92D929B7B89E00B3127E /* AuthRooter.swift in Sources */,
				340F92F429B7BB3F00B3127E /* EntryTextField.swift in Sources */,
				340F92DF29B7B8BB00B3127E /* AuthRegisterView.swift in Sources */,
				340F92E129B7B8C900B3127E /* AuthResetPasswordView.swift in Sources */,
				340F92DD29B7B8B400B3127E /* AuthLoginView.swift in Sources */,
				3426EFC929A4403500CA1F0F /* SplashRouter.swift in Sources */,
				340F92E529B7B96B00B3127E /* AuthChangePasswordView.swift in Sources */,
				34ECC13B29A80E76006ACA3B /* SplashUISubView.swift in Sources */,
				340F92EE29B7BA4400B3127E /* DeviceFinderConnectView.swift in Sources */,
				3426EFCD29A4403500CA1F0F /* ColorHandler.swift in Sources */,
				340F92EA29B7BA0D00B3127E /* DeviceFinderViewModel.swift in Sources */,
				34ECC14029A820AF006ACA3B /* PrimaryButton.swift in Sources */,
				3426EFD029A4403500CA1F0F /* OnboardingView.swift in Sources */,
				340F92F029B7BA7500B3127E /* DeviceFinderNotFoundView.swift in Sources */,
				340F92E829B7B9FE00B3127E /* DeviceFinderRouter.swift in Sources */,
				340F92DB29B7B8A600B3127E /* AuthViewModel.swift in Sources */,
				340F92D429B7B4BC00B3127E /* FontHelper.swift in Sources */,
				340F92E329B7B95300B3127E /* AuthCodeView.swift in Sources */,
				3426EFC229A4403500CA1F0F /* SplashView.swift in Sources */,
				34ECC13229A80DB2006ACA3B /* OnboardingViewModel.swift in Sources */,
				3426EFC729A4403500CA1F0F /* SplashViewModel.swift in Sources */,
				34ECC13429A80DBF006ACA3B /* OnboardingRouter.swift in Sources */,
				340F92EC29B7BA1F00B3127E /* DeviceFinderAddView.swift in Sources */,
				3426EFBF29A4403500CA1F0F /* ImageHandler.swift in Sources */,
				3426EFCB29A4403500CA1F0F /* ColorHelper.swift in Sources */,
				34ECC13E29A80ED1006ACA3B /* OnboardingUISubView.swift in Sources */,
				3426EFBD29A4403500CA1F0F /* ImageHelper.swift in Sources */,
				340F92F629B7BB8F00B3127E /* EntryHeader.swift in Sources */,
			);
			runOnlyForDeploymentPostprocessing = 0;
		};
/* End PBXSourcesBuildPhase section */

/* Begin XCBuildConfiguration section */
		3426EFAE29A4403500CA1F0F /* Debug */ = {
			isa = XCBuildConfiguration;
			buildSettings = {
				ALWAYS_SEARCH_USER_PATHS = NO;
				CLANG_ANALYZER_NONNULL = YES;
				CLANG_ANALYZER_NUMBER_OBJECT_CONVERSION = YES_AGGRESSIVE;
				CLANG_CXX_LANGUAGE_STANDARD = "gnu++20";
				CLANG_ENABLE_MODULES = YES;
				CLANG_ENABLE_OBJC_ARC = YES;
				CLANG_ENABLE_OBJC_WEAK = YES;
				CLANG_WARN_BLOCK_CAPTURE_AUTORELEASING = YES;
				CLANG_WARN_BOOL_CONVERSION = YES;
				CLANG_WARN_COMMA = YES;
				CLANG_WARN_CONSTANT_CONVERSION = YES;
				CLANG_WARN_DEPRECATED_OBJC_IMPLEMENTATIONS = YES;
				CLANG_WARN_DIRECT_OBJC_ISA_USAGE = YES_ERROR;
				CLANG_WARN_DOCUMENTATION_COMMENTS = YES;
				CLANG_WARN_EMPTY_BODY = YES;
				CLANG_WARN_ENUM_CONVERSION = YES;
				CLANG_WARN_INFINITE_RECURSION = YES;
				CLANG_WARN_INT_CONVERSION = YES;
				CLANG_WARN_NON_LITERAL_NULL_CONVERSION = YES;
				CLANG_WARN_OBJC_IMPLICIT_RETAIN_SELF = YES;
				CLANG_WARN_OBJC_LITERAL_CONVERSION = YES;
				CLANG_WARN_OBJC_ROOT_CLASS = YES_ERROR;
				CLANG_WARN_QUOTED_INCLUDE_IN_FRAMEWORK_HEADER = YES;
				CLANG_WARN_RANGE_LOOP_ANALYSIS = YES;
				CLANG_WARN_STRICT_PROTOTYPES = YES;
				CLANG_WARN_SUSPICIOUS_MOVE = YES;
				CLANG_WARN_UNGUARDED_AVAILABILITY = YES_AGGRESSIVE;
				CLANG_WARN_UNREACHABLE_CODE = YES;
				CLANG_WARN__DUPLICATE_METHOD_MATCH = YES;
				COPY_PHASE_STRIP = NO;
				DEBUG_INFORMATION_FORMAT = dwarf;
				ENABLE_STRICT_OBJC_MSGSEND = YES;
				ENABLE_TESTABILITY = YES;
				GCC_C_LANGUAGE_STANDARD = gnu11;
				GCC_DYNAMIC_NO_PIC = NO;
				GCC_NO_COMMON_BLOCKS = YES;
				GCC_OPTIMIZATION_LEVEL = 0;
				GCC_PREPROCESSOR_DEFINITIONS = (
					"DEBUG=1",
					"$(inherited)",
				);
				GCC_WARN_64_TO_32_BIT_CONVERSION = YES;
				GCC_WARN_ABOUT_RETURN_TYPE = YES_ERROR;
				GCC_WARN_UNDECLARED_SELECTOR = YES;
				GCC_WARN_UNINITIALIZED_AUTOS = YES_AGGRESSIVE;
				GCC_WARN_UNUSED_FUNCTION = YES;
				GCC_WARN_UNUSED_VARIABLE = YES;
				IPHONEOS_DEPLOYMENT_TARGET = 16.2;
				MTL_ENABLE_DEBUG_INFO = INCLUDE_SOURCE;
				MTL_FAST_MATH = YES;
				ONLY_ACTIVE_ARCH = YES;
				SDKROOT = iphoneos;
				SWIFT_ACTIVE_COMPILATION_CONDITIONS = DEBUG;
				SWIFT_OPTIMIZATION_LEVEL = "-Onone";
			};
			name = Debug;
		};
		3426EFAF29A4403500CA1F0F /* Release */ = {
			isa = XCBuildConfiguration;
			buildSettings = {
				ALWAYS_SEARCH_USER_PATHS = NO;
				CLANG_ANALYZER_NONNULL = YES;
				CLANG_ANALYZER_NUMBER_OBJECT_CONVERSION = YES_AGGRESSIVE;
				CLANG_CXX_LANGUAGE_STANDARD = "gnu++20";
				CLANG_ENABLE_MODULES = YES;
				CLANG_ENABLE_OBJC_ARC = YES;
				CLANG_ENABLE_OBJC_WEAK = YES;
				CLANG_WARN_BLOCK_CAPTURE_AUTORELEASING = YES;
				CLANG_WARN_BOOL_CONVERSION = YES;
				CLANG_WARN_COMMA = YES;
				CLANG_WARN_CONSTANT_CONVERSION = YES;
				CLANG_WARN_DEPRECATED_OBJC_IMPLEMENTATIONS = YES;
				CLANG_WARN_DIRECT_OBJC_ISA_USAGE = YES_ERROR;
				CLANG_WARN_DOCUMENTATION_COMMENTS = YES;
				CLANG_WARN_EMPTY_BODY = YES;
				CLANG_WARN_ENUM_CONVERSION = YES;
				CLANG_WARN_INFINITE_RECURSION = YES;
				CLANG_WARN_INT_CONVERSION = YES;
				CLANG_WARN_NON_LITERAL_NULL_CONVERSION = YES;
				CLANG_WARN_OBJC_IMPLICIT_RETAIN_SELF = YES;
				CLANG_WARN_OBJC_LITERAL_CONVERSION = YES;
				CLANG_WARN_OBJC_ROOT_CLASS = YES_ERROR;
				CLANG_WARN_QUOTED_INCLUDE_IN_FRAMEWORK_HEADER = YES;
				CLANG_WARN_RANGE_LOOP_ANALYSIS = YES;
				CLANG_WARN_STRICT_PROTOTYPES = YES;
				CLANG_WARN_SUSPICIOUS_MOVE = YES;
				CLANG_WARN_UNGUARDED_AVAILABILITY = YES_AGGRESSIVE;
				CLANG_WARN_UNREACHABLE_CODE = YES;
				CLANG_WARN__DUPLICATE_METHOD_MATCH = YES;
				COPY_PHASE_STRIP = NO;
				DEBUG_INFORMATION_FORMAT = "dwarf-with-dsym";
				ENABLE_NS_ASSERTIONS = NO;
				ENABLE_STRICT_OBJC_MSGSEND = YES;
				GCC_C_LANGUAGE_STANDARD = gnu11;
				GCC_NO_COMMON_BLOCKS = YES;
				GCC_WARN_64_TO_32_BIT_CONVERSION = YES;
				GCC_WARN_ABOUT_RETURN_TYPE = YES_ERROR;
				GCC_WARN_UNDECLARED_SELECTOR = YES;
				GCC_WARN_UNINITIALIZED_AUTOS = YES_AGGRESSIVE;
				GCC_WARN_UNUSED_FUNCTION = YES;
				GCC_WARN_UNUSED_VARIABLE = YES;
				IPHONEOS_DEPLOYMENT_TARGET = 16.2;
				MTL_ENABLE_DEBUG_INFO = NO;
				MTL_FAST_MATH = YES;
				SDKROOT = iphoneos;
				SWIFT_COMPILATION_MODE = wholemodule;
				SWIFT_OPTIMIZATION_LEVEL = "-O";
				VALIDATE_PRODUCT = YES;
			};
			name = Release;
		};
		3426EFB129A4403500CA1F0F /* Debug */ = {
			isa = XCBuildConfiguration;
			buildSettings = {
				ASSETCATALOG_COMPILER_APPICON_NAME = AppIcon;
				ASSETCATALOG_COMPILER_GLOBAL_ACCENT_COLOR_NAME = AccentColor;
				CODE_SIGN_STYLE = Automatic;
				CURRENT_PROJECT_VERSION = 1;
				DEVELOPMENT_ASSET_PATHS = "\"TOOF Audio/Preview Content\"";
				DEVELOPMENT_TEAM = MW2482B7WH;
				ENABLE_PREVIEWS = YES;
				GENERATE_INFOPLIST_FILE = YES;
				INFOPLIST_KEY_UIApplicationSceneManifest_Generation = YES;
				INFOPLIST_KEY_UIApplicationSupportsIndirectInputEvents = YES;
				INFOPLIST_KEY_UILaunchScreen_Generation = YES;
				INFOPLIST_KEY_UISupportedInterfaceOrientations = UIInterfaceOrientationPortrait;
				LD_RUNPATH_SEARCH_PATHS = (
					"$(inherited)",
					"@executable_path/Frameworks",
				);
				MARKETING_VERSION = 1.0;
				PRODUCT_BUNDLE_IDENTIFIER = "NomoSiOS.TOOF-Audio";
				PRODUCT_NAME = "$(TARGET_NAME)";
				SUPPORTED_PLATFORMS = "iphoneos iphonesimulator";
				SUPPORTS_MACCATALYST = NO;
				SUPPORTS_MAC_DESIGNED_FOR_IPHONE_IPAD = NO;
				SWIFT_EMIT_LOC_STRINGS = YES;
				SWIFT_VERSION = 5.0;
				TARGETED_DEVICE_FAMILY = "1,2";
			};
			name = Debug;
		};
		3426EFB229A4403500CA1F0F /* Release */ = {
			isa = XCBuildConfiguration;
			buildSettings = {
				ASSETCATALOG_COMPILER_APPICON_NAME = AppIcon;
				ASSETCATALOG_COMPILER_GLOBAL_ACCENT_COLOR_NAME = AccentColor;
				CODE_SIGN_STYLE = Automatic;
				CURRENT_PROJECT_VERSION = 1;
				DEVELOPMENT_ASSET_PATHS = "\"TOOF Audio/Preview Content\"";
				DEVELOPMENT_TEAM = MW2482B7WH;
				ENABLE_PREVIEWS = YES;
				GENERATE_INFOPLIST_FILE = YES;
				INFOPLIST_KEY_UIApplicationSceneManifest_Generation = YES;
				INFOPLIST_KEY_UIApplicationSupportsIndirectInputEvents = YES;
				INFOPLIST_KEY_UILaunchScreen_Generation = YES;
				INFOPLIST_KEY_UISupportedInterfaceOrientations = UIInterfaceOrientationPortrait;
				LD_RUNPATH_SEARCH_PATHS = (
					"$(inherited)",
					"@executable_path/Frameworks",
				);
				MARKETING_VERSION = 1.0;
				PRODUCT_BUNDLE_IDENTIFIER = "NomoSiOS.TOOF-Audio";
				PRODUCT_NAME = "$(TARGET_NAME)";
				SUPPORTED_PLATFORMS = "iphoneos iphonesimulator";
				SUPPORTS_MACCATALYST = NO;
				SUPPORTS_MAC_DESIGNED_FOR_IPHONE_IPAD = NO;
				SWIFT_EMIT_LOC_STRINGS = YES;
				SWIFT_VERSION = 5.0;
				TARGETED_DEVICE_FAMILY = "1,2";
			};
			name = Release;
		};
/* End XCBuildConfiguration section */

/* Begin XCConfigurationList section */
		3426EF9D29A4403200CA1F0F /* Build configuration list for PBXProject "TOOF Audio" */ = {
			isa = XCConfigurationList;
			buildConfigurations = (
				3426EFAE29A4403500CA1F0F /* Debug */,
				3426EFAF29A4403500CA1F0F /* Release */,
			);
			defaultConfigurationIsVisible = 0;
			defaultConfigurationName = Release;
		};
		3426EFB029A4403500CA1F0F /* Build configuration list for PBXNativeTarget "TOOF Audio" */ = {
			isa = XCConfigurationList;
			buildConfigurations = (
				3426EFB129A4403500CA1F0F /* Debug */,
				3426EFB229A4403500CA1F0F /* Release */,
			);
			defaultConfigurationIsVisible = 0;
			defaultConfigurationName = Release;
		};
/* End XCConfigurationList section */

/* Begin XCRemoteSwiftPackageReference section */
		3412413829D113E7001B9D3B /* XCRemoteSwiftPackageReference "firebase-ios-sdk" */ = {
			isa = XCRemoteSwiftPackageReference;
			repositoryURL = "https://github.com/firebase/firebase-ios-sdk";
			requirement = {
				branch = master;
				kind = branch;
			};
		};
/* End XCRemoteSwiftPackageReference section */

/* Begin XCSwiftPackageProductDependency section */
		3412413929D113E7001B9D3B /* FirebaseAnalytics */ = {
			isa = XCSwiftPackageProductDependency;
			package = 3412413829D113E7001B9D3B /* XCRemoteSwiftPackageReference "firebase-ios-sdk" */;
			productName = FirebaseAnalytics;
		};
		3412413B29D113E7001B9D3B /* FirebaseAuth */ = {
			isa = XCSwiftPackageProductDependency;
			package = 3412413829D113E7001B9D3B /* XCRemoteSwiftPackageReference "firebase-ios-sdk" */;
			productName = FirebaseAuth;
		};
		3412413D29D113E7001B9D3B /* FirebaseFirestore */ = {
			isa = XCSwiftPackageProductDependency;
			package = 3412413829D113E7001B9D3B /* XCRemoteSwiftPackageReference "firebase-ios-sdk" */;
			productName = FirebaseFirestore;
		};
		3412413F29D113E7001B9D3B /* FirebaseFirestoreSwift */ = {
			isa = XCSwiftPackageProductDependency;
			package = 3412413829D113E7001B9D3B /* XCRemoteSwiftPackageReference "firebase-ios-sdk" */;
			productName = FirebaseFirestoreSwift;
		};
/* End XCSwiftPackageProductDependency section */
	};
	rootObject = 3426EF9A29A4403200CA1F0F /* Project object */;
}
