// !$*UTF8*$!
{
	archiveVersion = 1;
	classes = {
	};
	objectVersion = 56;
	objects = {

/* Begin PBXBuildFile section */
		3426EFA629A4403200CA1F0F /* TOOF_AudioApp.swift in Sources */ = {isa = PBXBuildFile; fileRef = 3426EFA529A4403200CA1F0F /* TOOF_AudioApp.swift */; };
		3426EFAA29A4403500CA1F0F /* Assets.xcassets in Resources */ = {isa = PBXBuildFile; fileRef = 3426EFA929A4403500CA1F0F /* Assets.xcassets */; };
		3426EFAD29A4403500CA1F0F /* Preview Assets.xcassets in Resources */ = {isa = PBXBuildFile; fileRef = 3426EFAC29A4403500CA1F0F /* Preview Assets.xcassets */; };
		3426EFBD29A4403500CA1F0F /* ImageHelper.swift in Sources */ = {isa = PBXBuildFile; fileRef = 3426EFBC29A4403500CA1F0F /* ImageHelper.swift */; };
		3426EFBF29A4403500CA1F0F /* ImageHandler.swift in Sources */ = {isa = PBXBuildFile; fileRef = 3426EFBE29A4403500CA1F0F /* ImageHandler.swift */; };
		3426EFC229A4403500CA1F0F /* SplashView.swift in Sources */ = {isa = PBXBuildFile; fileRef = 3426EFC129A4403500CA1F0F /* SplashView.swift */; };
		3426EFC729A4403500CA1F0F /* SplashViewModel.swift in Sources */ = {isa = PBXBuildFile; fileRef = 3426EFC629A4403500CA1F0F /* SplashViewModel.swift */; };
		3426EFC929A4403500CA1F0F /* SplashRouter.swift in Sources */ = {isa = PBXBuildFile; fileRef = 3426EFC829A4403500CA1F0F /* SplashRouter.swift */; };
		3426EFCB29A4403500CA1F0F /* ColorHelper.swift in Sources */ = {isa = PBXBuildFile; fileRef = 3426EFCA29A4403500CA1F0F /* ColorHelper.swift */; };
		3426EFCD29A4403500CA1F0F /* ColorHandler.swift in Sources */ = {isa = PBXBuildFile; fileRef = 3426EFCC29A4403500CA1F0F /* ColorHandler.swift */; };
		3426EFD029A4403500CA1F0F /* OnboardingView.swift in Sources */ = {isa = PBXBuildFile; fileRef = 3426EFCF29A4403500CA1F0F /* OnboardingView.swift */; };
		34ECC13229A80DB2006ACA3B /* OnboardingViewModel.swift in Sources */ = {isa = PBXBuildFile; fileRef = 34ECC13129A80DB2006ACA3B /* OnboardingViewModel.swift */; };
		34ECC13429A80DBF006ACA3B /* OnboardingRouter.swift in Sources */ = {isa = PBXBuildFile; fileRef = 34ECC13329A80DBF006ACA3B /* OnboardingRouter.swift */; };
		34ECC13B29A80E76006ACA3B /* SplashUISubView.swift in Sources */ = {isa = PBXBuildFile; fileRef = 34ECC13A29A80E76006ACA3B /* SplashUISubView.swift */; };
		34ECC13E29A80ED1006ACA3B /* OnboardingUISubView.swift in Sources */ = {isa = PBXBuildFile; fileRef = 34ECC13D29A80ED1006ACA3B /* OnboardingUISubView.swift */; };
		34ECC14029A820AF006ACA3B /* PrimaryButton.swift in Sources */ = {isa = PBXBuildFile; fileRef = 34ECC13F29A820AF006ACA3B /* PrimaryButton.swift */; };
		34ECC14229A820D0006ACA3B /* PrimaryButtonStyle.swift in Sources */ = {isa = PBXBuildFile; fileRef = 34ECC14129A820D0006ACA3B /* PrimaryButtonStyle.swift */; };
/* End PBXBuildFile section */

/* Begin PBXFileReference section */
		3426EFA229A4403200CA1F0F /* TOOF Audio.app */ = {isa = PBXFileReference; explicitFileType = wrapper.application; includeInIndex = 0; path = "TOOF Audio.app"; sourceTree = BUILT_PRODUCTS_DIR; };
		3426EFA529A4403200CA1F0F /* TOOF_AudioApp.swift */ = {isa = PBXFileReference; lastKnownFileType = sourcecode.swift; path = TOOF_AudioApp.swift; sourceTree = "<group>"; };
		3426EFA929A4403500CA1F0F /* Assets.xcassets */ = {isa = PBXFileReference; lastKnownFileType = folder.assetcatalog; path = Assets.xcassets; sourceTree = "<group>"; };
		3426EFAC29A4403500CA1F0F /* Preview Assets.xcassets */ = {isa = PBXFileReference; lastKnownFileType = folder.assetcatalog; path = "Preview Assets.xcassets"; sourceTree = "<group>"; };
		3426EFBC29A4403500CA1F0F /* ImageHelper.swift */ = {isa = PBXFileReference; lastKnownFileType = sourcecode.swift; path = ImageHelper.swift; sourceTree = "<group>"; };
		3426EFBE29A4403500CA1F0F /* ImageHandler.swift */ = {isa = PBXFileReference; lastKnownFileType = sourcecode.swift; path = ImageHandler.swift; sourceTree = "<group>"; };
		3426EFC129A4403500CA1F0F /* SplashView.swift */ = {isa = PBXFileReference; lastKnownFileType = sourcecode.swift; path = SplashView.swift; sourceTree = "<group>"; };
		3426EFC629A4403500CA1F0F /* SplashViewModel.swift */ = {isa = PBXFileReference; lastKnownFileType = sourcecode.swift; path = SplashViewModel.swift; sourceTree = "<group>"; };
		3426EFC829A4403500CA1F0F /* SplashRouter.swift */ = {isa = PBXFileReference; lastKnownFileType = sourcecode.swift; path = SplashRouter.swift; sourceTree = "<group>"; };
		3426EFCA29A4403500CA1F0F /* ColorHelper.swift */ = {isa = PBXFileReference; lastKnownFileType = sourcecode.swift; path = ColorHelper.swift; sourceTree = "<group>"; };
		3426EFCC29A4403500CA1F0F /* ColorHandler.swift */ = {isa = PBXFileReference; lastKnownFileType = sourcecode.swift; path = ColorHandler.swift; sourceTree = "<group>"; };
		3426EFCF29A4403500CA1F0F /* OnboardingView.swift */ = {isa = PBXFileReference; lastKnownFileType = sourcecode.swift; path = OnboardingView.swift; sourceTree = "<group>"; };
		34ECC13129A80DB2006ACA3B /* OnboardingViewModel.swift */ = {isa = PBXFileReference; lastKnownFileType = sourcecode.swift; path = OnboardingViewModel.swift; sourceTree = "<group>"; };
		34ECC13329A80DBF006ACA3B /* OnboardingRouter.swift */ = {isa = PBXFileReference; lastKnownFileType = sourcecode.swift; path = OnboardingRouter.swift; sourceTree = "<group>"; };
		34ECC13A29A80E76006ACA3B /* SplashUISubView.swift */ = {isa = PBXFileReference; lastKnownFileType = sourcecode.swift; path = SplashUISubView.swift; sourceTree = "<group>"; };
		34ECC13D29A80ED1006ACA3B /* OnboardingUISubView.swift */ = {isa = PBXFileReference; lastKnownFileType = sourcecode.swift; path = OnboardingUISubView.swift; sourceTree = "<group>"; };
		34ECC13F29A820AF006ACA3B /* PrimaryButton.swift */ = {isa = PBXFileReference; lastKnownFileType = sourcecode.swift; path = PrimaryButton.swift; sourceTree = "<group>"; };
		34ECC14129A820D0006ACA3B /* PrimaryButtonStyle.swift */ = {isa = PBXFileReference; lastKnownFileType = sourcecode.swift; path = PrimaryButtonStyle.swift; sourceTree = "<group>"; };
/* End PBXFileReference section */

/* Begin PBXFrameworksBuildPhase section */
		3426EF9F29A4403200CA1F0F /* Frameworks */ = {
			isa = PBXFrameworksBuildPhase;
			buildActionMask = 2147483647;
			files = (
			);
			runOnlyForDeploymentPostprocessing = 0;
		};
/* End PBXFrameworksBuildPhase section */

/* Begin PBXGroup section */
		3426EF9929A4403200CA1F0F = {
			isa = PBXGroup;
			children = (
				3426EFA429A4403200CA1F0F /* TOOF Audio */,
				3426EFA329A4403200CA1F0F /* Products */,
			);
			sourceTree = "<group>";
		};
		3426EFA329A4403200CA1F0F /* Products */ = {
			isa = PBXGroup;
			children = (
				3426EFA229A4403200CA1F0F /* TOOF Audio.app */,
			);
			name = Products;
			sourceTree = "<group>";
		};
		3426EFA429A4403200CA1F0F /* TOOF Audio */ = {
			isa = PBXGroup;
			children = (
				3426EFA529A4403200CA1F0F /* TOOF_AudioApp.swift */,
				3426EFB329A4403500CA1F0F /* Core */,
				3426EFB429A4403500CA1F0F /* Service */,
				3426EFB529A4403500CA1F0F /* Utils */,
				3426EFAB29A4403500CA1F0F /* Preview Content */,
			);
			path = "TOOF Audio";
			sourceTree = "<group>";
		};
		3426EFAB29A4403500CA1F0F /* Preview Content */ = {
			isa = PBXGroup;
			children = (
				3426EFAC29A4403500CA1F0F /* Preview Assets.xcassets */,
			);
			path = "Preview Content";
			sourceTree = "<group>";
		};
		3426EFB329A4403500CA1F0F /* Core */ = {
			isa = PBXGroup;
			children = (
				3426EFB829A4403500CA1F0F /* View */,
				3426EFB729A4403500CA1F0F /* Component */,
				3426EFB629A4403500CA1F0F /* Helper */,
			);
			path = Core;
			sourceTree = "<group>";
		};
		3426EFB429A4403500CA1F0F /* Service */ = {
			isa = PBXGroup;
			children = (
			);
			path = Service;
			sourceTree = "<group>";
		};
		3426EFB529A4403500CA1F0F /* Utils */ = {
			isa = PBXGroup;
			children = (
				3426EFA929A4403500CA1F0F /* Assets.xcassets */,
			);
			path = Utils;
			sourceTree = "<group>";
		};
		3426EFB629A4403500CA1F0F /* Helper */ = {
			isa = PBXGroup;
			children = (
				3426EFB929A4403500CA1F0F /* Instrument */,
			);
			path = Helper;
			sourceTree = "<group>";
		};
		3426EFB729A4403500CA1F0F /* Component */ = {
			isa = PBXGroup;
			children = (
				34ECC13729A80E27006ACA3B /* UISub */,
				34ECC13829A80E31006ACA3B /* Button */,
			);
			path = Component;
			sourceTree = "<group>";
		};
		3426EFB829A4403500CA1F0F /* View */ = {
			isa = PBXGroup;
			children = (
				3426EFC029A4403500CA1F0F /* SplashView */,
				3426EFCE29A4403500CA1F0F /* Onboarding */,
			);
			path = View;
			sourceTree = "<group>";
		};
		3426EFB929A4403500CA1F0F /* Instrument */ = {
			isa = PBXGroup;
			children = (
				3426EFBB29A4403500CA1F0F /* Image */,
				3426EFBA29A4403500CA1F0F /* Color */,
			);
			path = Instrument;
			sourceTree = "<group>";
		};
		3426EFBA29A4403500CA1F0F /* Color */ = {
			isa = PBXGroup;
			children = (
				3426EFCA29A4403500CA1F0F /* ColorHelper.swift */,
				3426EFCC29A4403500CA1F0F /* ColorHandler.swift */,
			);
			path = Color;
			sourceTree = "<group>";
		};
		3426EFBB29A4403500CA1F0F /* Image */ = {
			isa = PBXGroup;
			children = (
				3426EFBC29A4403500CA1F0F /* ImageHelper.swift */,
				3426EFBE29A4403500CA1F0F /* ImageHandler.swift */,
			);
			path = Image;
			sourceTree = "<group>";
		};
		3426EFC029A4403500CA1F0F /* SplashView */ = {
			isa = PBXGroup;
			children = (
				3426EFC129A4403500CA1F0F /* SplashView.swift */,
				3426EFC629A4403500CA1F0F /* SplashViewModel.swift */,
				3426EFC829A4403500CA1F0F /* SplashRouter.swift */,
			);
			path = SplashView;
			sourceTree = "<group>";
		};
		3426EFCE29A4403500CA1F0F /* Onboarding */ = {
			isa = PBXGroup;
			children = (
				3426EFCF29A4403500CA1F0F /* OnboardingView.swift */,
				34ECC13129A80DB2006ACA3B /* OnboardingViewModel.swift */,
				34ECC13329A80DBF006ACA3B /* OnboardingRouter.swift */,
			);
			path = Onboarding;
			sourceTree = "<group>";
		};
		34ECC13729A80E27006ACA3B /* UISub */ = {
			isa = PBXGroup;
			children = (
				34ECC13929A80E43006ACA3B /* Splash */,
				34ECC13C29A80EA9006ACA3B /* Onboarding */,
			);
			path = UISub;
			sourceTree = "<group>";
		};
		34ECC13829A80E31006ACA3B /* Button */ = {
			isa = PBXGroup;
			children = (
				34ECC14329A820DF006ACA3B /* ButtonActive */,
				34ECC14429A820EB006ACA3B /* ButtonStyle */,
			);
			path = Button;
			sourceTree = "<group>";
		};
		34ECC13929A80E43006ACA3B /* Splash */ = {
			isa = PBXGroup;
			children = (
				34ECC13A29A80E76006ACA3B /* SplashUISubView.swift */,
			);
			path = Splash;
			sourceTree = "<group>";
		};
		34ECC13C29A80EA9006ACA3B /* Onboarding */ = {
			isa = PBXGroup;
			children = (
				34ECC13D29A80ED1006ACA3B /* OnboardingUISubView.swift */,
			);
			path = Onboarding;
			sourceTree = "<group>";
		};
		34ECC14329A820DF006ACA3B /* ButtonActive */ = {
			isa = PBXGroup;
			children = (
				34ECC13F29A820AF006ACA3B /* PrimaryButton.swift */,
			);
			path = ButtonActive;
			sourceTree = "<group>";
		};
		34ECC14429A820EB006ACA3B /* ButtonStyle */ = {
			isa = PBXGroup;
			children = (
				34ECC14129A820D0006ACA3B /* PrimaryButtonStyle.swift */,
			);
			path = ButtonStyle;
			sourceTree = "<group>";
		};
/* End PBXGroup section */

/* Begin PBXNativeTarget section */
		3426EFA129A4403200CA1F0F /* TOOF Audio */ = {
			isa = PBXNativeTarget;
			buildConfigurationList = 3426EFB029A4403500CA1F0F /* Build configuration list for PBXNativeTarget "TOOF Audio" */;
			buildPhases = (
				3426EF9E29A4403200CA1F0F /* Sources */,
				3426EF9F29A4403200CA1F0F /* Frameworks */,
				3426EFA029A4403200CA1F0F /* Resources */,
			);
			buildRules = (
			);
			dependencies = (
			);
			name = "TOOF Audio";
			productName = "TOOF Audio";
			productReference = 3426EFA229A4403200CA1F0F /* TOOF Audio.app */;
			productType = "com.apple.product-type.application";
		};
/* End PBXNativeTarget section */

/* Begin PBXProject section */
		3426EF9A29A4403200CA1F0F /* Project object */ = {
			isa = PBXProject;
			attributes = {
				BuildIndependentTargetsInParallel = 1;
				LastSwiftUpdateCheck = 1420;
				LastUpgradeCheck = 1420;
				TargetAttributes = {
					3426EFA129A4403200CA1F0F = {
						CreatedOnToolsVersion = 14.2;
					};
				};
			};
			buildConfigurationList = 3426EF9D29A4403200CA1F0F /* Build configuration list for PBXProject "TOOF Audio" */;
			compatibilityVersion = "Xcode 14.0";
			developmentRegion = en;
			hasScannedForEncodings = 0;
			knownRegions = (
				en,
				Base,
			);
			mainGroup = 3426EF9929A4403200CA1F0F;
			productRefGroup = 3426EFA329A4403200CA1F0F /* Products */;
			projectDirPath = "";
			projectRoot = "";
			targets = (
				3426EFA129A4403200CA1F0F /* TOOF Audio */,
			);
		};
/* End PBXProject section */

/* Begin PBXResourcesBuildPhase section */
		3426EFA029A4403200CA1F0F /* Resources */ = {
			isa = PBXResourcesBuildPhase;
			buildActionMask = 2147483647;
			files = (
				3426EFAD29A4403500CA1F0F /* Preview Assets.xcassets in Resources */,
				3426EFAA29A4403500CA1F0F /* Assets.xcassets in Resources */,
			);
			runOnlyForDeploymentPostprocessing = 0;
		};
/* End PBXResourcesBuildPhase section */

/* Begin PBXSourcesBuildPhase section */
		3426EF9E29A4403200CA1F0F /* Sources */ = {
			isa = PBXSourcesBuildPhase;
			buildActionMask = 2147483647;
			files = (
				3426EFA629A4403200CA1F0F /* TOOF_AudioApp.swift in Sources */,
				3426EFC929A4403500CA1F0F /* SplashRouter.swift in Sources */,
				34ECC13B29A80E76006ACA3B /* SplashUISubView.swift in Sources */,
				3426EFCD29A4403500CA1F0F /* ColorHandler.swift in Sources */,
				34ECC14029A820AF006ACA3B /* PrimaryButton.swift in Sources */,
				3426EFD029A4403500CA1F0F /* OnboardingView.swift in Sources */,
				34ECC14229A820D0006ACA3B /* PrimaryButtonStyle.swift in Sources */,
				3426EFC229A4403500CA1F0F /* SplashView.swift in Sources */,
				34ECC13229A80DB2006ACA3B /* OnboardingViewModel.swift in Sources */,
				3426EFC729A4403500CA1F0F /* SplashViewModel.swift in Sources */,
				34ECC13429A80DBF006ACA3B /* OnboardingRouter.swift in Sources */,
				3426EFBF29A4403500CA1F0F /* ImageHandler.swift in Sources */,
				3426EFCB29A4403500CA1F0F /* ColorHelper.swift in Sources */,
				34ECC13E29A80ED1006ACA3B /* OnboardingUISubView.swift in Sources */,
				3426EFBD29A4403500CA1F0F /* ImageHelper.swift in Sources */,
			);
			runOnlyForDeploymentPostprocessing = 0;
		};
/* End PBXSourcesBuildPhase section */

/* Begin XCBuildConfiguration section */
		3426EFAE29A4403500CA1F0F /* Debug */ = {
			isa = XCBuildConfiguration;
			buildSettings = {
				ALWAYS_SEARCH_USER_PATHS = NO;
				CLANG_ANALYZER_NONNULL = YES;
				CLANG_ANALYZER_NUMBER_OBJECT_CONVERSION = YES_AGGRESSIVE;
				CLANG_CXX_LANGUAGE_STANDARD = "gnu++20";
				CLANG_ENABLE_MODULES = YES;
				CLANG_ENABLE_OBJC_ARC = YES;
				CLANG_ENABLE_OBJC_WEAK = YES;
				CLANG_WARN_BLOCK_CAPTURE_AUTORELEASING = YES;
				CLANG_WARN_BOOL_CONVERSION = YES;
				CLANG_WARN_COMMA = YES;
				CLANG_WARN_CONSTANT_CONVERSION = YES;
				CLANG_WARN_DEPRECATED_OBJC_IMPLEMENTATIONS = YES;
				CLANG_WARN_DIRECT_OBJC_ISA_USAGE = YES_ERROR;
				CLANG_WARN_DOCUMENTATION_COMMENTS = YES;
				CLANG_WARN_EMPTY_BODY = YES;
				CLANG_WARN_ENUM_CONVERSION = YES;
				CLANG_WARN_INFINITE_RECURSION = YES;
				CLANG_WARN_INT_CONVERSION = YES;
				CLANG_WARN_NON_LITERAL_NULL_CONVERSION = YES;
				CLANG_WARN_OBJC_IMPLICIT_RETAIN_SELF = YES;
				CLANG_WARN_OBJC_LITERAL_CONVERSION = YES;
				CLANG_WARN_OBJC_ROOT_CLASS = YES_ERROR;
				CLANG_WARN_QUOTED_INCLUDE_IN_FRAMEWORK_HEADER = YES;
				CLANG_WARN_RANGE_LOOP_ANALYSIS = YES;
				CLANG_WARN_STRICT_PROTOTYPES = YES;
				CLANG_WARN_SUSPICIOUS_MOVE = YES;
				CLANG_WARN_UNGUARDED_AVAILABILITY = YES_AGGRESSIVE;
				CLANG_WARN_UNREACHABLE_CODE = YES;
				CLANG_WARN__DUPLICATE_METHOD_MATCH = YES;
				COPY_PHASE_STRIP = NO;
				DEBUG_INFORMATION_FORMAT = dwarf;
				ENABLE_STRICT_OBJC_MSGSEND = YES;
				ENABLE_TESTABILITY = YES;
				GCC_C_LANGUAGE_STANDARD = gnu11;
				GCC_DYNAMIC_NO_PIC = NO;
				GCC_NO_COMMON_BLOCKS = YES;
				GCC_OPTIMIZATION_LEVEL = 0;
				GCC_PREPROCESSOR_DEFINITIONS = (
					"DEBUG=1",
					"$(inherited)",
				);
				GCC_WARN_64_TO_32_BIT_CONVERSION = YES;
				GCC_WARN_ABOUT_RETURN_TYPE = YES_ERROR;
				GCC_WARN_UNDECLARED_SELECTOR = YES;
				GCC_WARN_UNINITIALIZED_AUTOS = YES_AGGRESSIVE;
				GCC_WARN_UNUSED_FUNCTION = YES;
				GCC_WARN_UNUSED_VARIABLE = YES;
				IPHONEOS_DEPLOYMENT_TARGET = 16.2;
				MTL_ENABLE_DEBUG_INFO = INCLUDE_SOURCE;
				MTL_FAST_MATH = YES;
				ONLY_ACTIVE_ARCH = YES;
				SDKROOT = iphoneos;
				SWIFT_ACTIVE_COMPILATION_CONDITIONS = DEBUG;
				SWIFT_OPTIMIZATION_LEVEL = "-Onone";
			};
			name = Debug;
		};
		3426EFAF29A4403500CA1F0F /* Release */ = {
			isa = XCBuildConfiguration;
			buildSettings = {
				ALWAYS_SEARCH_USER_PATHS = NO;
				CLANG_ANALYZER_NONNULL = YES;
				CLANG_ANALYZER_NUMBER_OBJECT_CONVERSION = YES_AGGRESSIVE;
				CLANG_CXX_LANGUAGE_STANDARD = "gnu++20";
				CLANG_ENABLE_MODULES = YES;
				CLANG_ENABLE_OBJC_ARC = YES;
				CLANG_ENABLE_OBJC_WEAK = YES;
				CLANG_WARN_BLOCK_CAPTURE_AUTORELEASING = YES;
				CLANG_WARN_BOOL_CONVERSION = YES;
				CLANG_WARN_COMMA = YES;
				CLANG_WARN_CONSTANT_CONVERSION = YES;
				CLANG_WARN_DEPRECATED_OBJC_IMPLEMENTATIONS = YES;
				CLANG_WARN_DIRECT_OBJC_ISA_USAGE = YES_ERROR;
				CLANG_WARN_DOCUMENTATION_COMMENTS = YES;
				CLANG_WARN_EMPTY_BODY = YES;
				CLANG_WARN_ENUM_CONVERSION = YES;
				CLANG_WARN_INFINITE_RECURSION = YES;
				CLANG_WARN_INT_CONVERSION = YES;
				CLANG_WARN_NON_LITERAL_NULL_CONVERSION = YES;
				CLANG_WARN_OBJC_IMPLICIT_RETAIN_SELF = YES;
				CLANG_WARN_OBJC_LITERAL_CONVERSION = YES;
				CLANG_WARN_OBJC_ROOT_CLASS = YES_ERROR;
				CLANG_WARN_QUOTED_INCLUDE_IN_FRAMEWORK_HEADER = YES;
				CLANG_WARN_RANGE_LOOP_ANALYSIS = YES;
				CLANG_WARN_STRICT_PROTOTYPES = YES;
				CLANG_WARN_SUSPICIOUS_MOVE = YES;
				CLANG_WARN_UNGUARDED_AVAILABILITY = YES_AGGRESSIVE;
				CLANG_WARN_UNREACHABLE_CODE = YES;
				CLANG_WARN__DUPLICATE_METHOD_MATCH = YES;
				COPY_PHASE_STRIP = NO;
				DEBUG_INFORMATION_FORMAT = "dwarf-with-dsym";
				ENABLE_NS_ASSERTIONS = NO;
				ENABLE_STRICT_OBJC_MSGSEND = YES;
				GCC_C_LANGUAGE_STANDARD = gnu11;
				GCC_NO_COMMON_BLOCKS = YES;
				GCC_WARN_64_TO_32_BIT_CONVERSION = YES;
				GCC_WARN_ABOUT_RETURN_TYPE = YES_ERROR;
				GCC_WARN_UNDECLARED_SELECTOR = YES;
				GCC_WARN_UNINITIALIZED_AUTOS = YES_AGGRESSIVE;
				GCC_WARN_UNUSED_FUNCTION = YES;
				GCC_WARN_UNUSED_VARIABLE = YES;
				IPHONEOS_DEPLOYMENT_TARGET = 16.2;
				MTL_ENABLE_DEBUG_INFO = NO;
				MTL_FAST_MATH = YES;
				SDKROOT = iphoneos;
				SWIFT_COMPILATION_MODE = wholemodule;
				SWIFT_OPTIMIZATION_LEVEL = "-O";
				VALIDATE_PRODUCT = YES;
			};
			name = Release;
		};
		3426EFB129A4403500CA1F0F /* Debug */ = {
			isa = XCBuildConfiguration;
			buildSettings = {
				ASSETCATALOG_COMPILER_APPICON_NAME = AppIcon;
				ASSETCATALOG_COMPILER_GLOBAL_ACCENT_COLOR_NAME = AccentColor;
				CODE_SIGN_STYLE = Automatic;
				CURRENT_PROJECT_VERSION = 1;
				DEVELOPMENT_ASSET_PATHS = "\"TOOF Audio/Preview Content\"";
				DEVELOPMENT_TEAM = MW2482B7WH;
				ENABLE_PREVIEWS = YES;
				GENERATE_INFOPLIST_FILE = YES;
				INFOPLIST_KEY_UIApplicationSceneManifest_Generation = YES;
				INFOPLIST_KEY_UIApplicationSupportsIndirectInputEvents = YES;
				INFOPLIST_KEY_UILaunchScreen_Generation = YES;
				INFOPLIST_KEY_UISupportedInterfaceOrientations_iPad = "UIInterfaceOrientationPortrait UIInterfaceOrientationPortraitUpsideDown UIInterfaceOrientationLandscapeLeft UIInterfaceOrientationLandscapeRight";
				INFOPLIST_KEY_UISupportedInterfaceOrientations_iPhone = "UIInterfaceOrientationPortrait UIInterfaceOrientationLandscapeLeft UIInterfaceOrientationLandscapeRight";
				LD_RUNPATH_SEARCH_PATHS = (
					"$(inherited)",
					"@executable_path/Frameworks",
				);
				MARKETING_VERSION = 1.0;
				PRODUCT_BUNDLE_IDENTIFIER = "NomoSiOS.TOOF-Audio";
				PRODUCT_NAME = "$(TARGET_NAME)";
				SWIFT_EMIT_LOC_STRINGS = YES;
				SWIFT_VERSION = 5.0;
				TARGETED_DEVICE_FAMILY = "1,2";
			};
			name = Debug;
		};
		3426EFB229A4403500CA1F0F /* Release */ = {
			isa = XCBuildConfiguration;
			buildSettings = {
				ASSETCATALOG_COMPILER_APPICON_NAME = AppIcon;
				ASSETCATALOG_COMPILER_GLOBAL_ACCENT_COLOR_NAME = AccentColor;
				CODE_SIGN_STYLE = Automatic;
				CURRENT_PROJECT_VERSION = 1;
				DEVELOPMENT_ASSET_PATHS = "\"TOOF Audio/Preview Content\"";
				DEVELOPMENT_TEAM = MW2482B7WH;
				ENABLE_PREVIEWS = YES;
				GENERATE_INFOPLIST_FILE = YES;
				INFOPLIST_KEY_UIApplicationSceneManifest_Generation = YES;
				INFOPLIST_KEY_UIApplicationSupportsIndirectInputEvents = YES;
				INFOPLIST_KEY_UILaunchScreen_Generation = YES;
				INFOPLIST_KEY_UISupportedInterfaceOrientations_iPad = "UIInterfaceOrientationPortrait UIInterfaceOrientationPortraitUpsideDown UIInterfaceOrientationLandscapeLeft UIInterfaceOrientationLandscapeRight";
				INFOPLIST_KEY_UISupportedInterfaceOrientations_iPhone = "UIInterfaceOrientationPortrait UIInterfaceOrientationLandscapeLeft UIInterfaceOrientationLandscapeRight";
				LD_RUNPATH_SEARCH_PATHS = (
					"$(inherited)",
					"@executable_path/Frameworks",
				);
				MARKETING_VERSION = 1.0;
				PRODUCT_BUNDLE_IDENTIFIER = "NomoSiOS.TOOF-Audio";
				PRODUCT_NAME = "$(TARGET_NAME)";
				SWIFT_EMIT_LOC_STRINGS = YES;
				SWIFT_VERSION = 5.0;
				TARGETED_DEVICE_FAMILY = "1,2";
			};
			name = Release;
		};
/* End XCBuildConfiguration section */

/* Begin XCConfigurationList section */
		3426EF9D29A4403200CA1F0F /* Build configuration list for PBXProject "TOOF Audio" */ = {
			isa = XCConfigurationList;
			buildConfigurations = (
				3426EFAE29A4403500CA1F0F /* Debug */,
				3426EFAF29A4403500CA1F0F /* Release */,
			);
			defaultConfigurationIsVisible = 0;
			defaultConfigurationName = Release;
		};
		3426EFB029A4403500CA1F0F /* Build configuration list for PBXNativeTarget "TOOF Audio" */ = {
			isa = XCConfigurationList;
			buildConfigurations = (
				3426EFB129A4403500CA1F0F /* Debug */,
				3426EFB229A4403500CA1F0F /* Release */,
			);
			defaultConfigurationIsVisible = 0;
			defaultConfigurationName = Release;
		};
/* End XCConfigurationList section */
	};
	rootObject = 3426EF9A29A4403200CA1F0F /* Project object */;
}
